{
  "version": 4,
  "terraform_version": "1.14.3",
  "serial": 690,
  "lineage": "d8d00514-2629-08ce-4b27-4a52eb3260da",
  "outputs": {
    "airport_combo_total_cost": {
      "value": 6,
      "type": "number"
    },
    "airport_drink_price": {
      "value": 1,
      "type": "number"
    },
    "airport_sandwich_price": {
      "value": 5,
      "type": "number"
    },
    "bag_sandwich_count": {
      "value": 3,
      "type": "number"
    },
    "bag_sandwich_ids": {
      "value": [
        "sandwich-bread-rye-3-meat-turkey-6",
        "sandwich-bread-rye-3-meat-ham-3",
        "sandwich-bread-rye-3-meat-roast beef-10"
      ],
      "type": [
        "tuple",
        [
          "string",
          "string",
          "string"
        ]
      ]
    },
    "balanced_configuration": {
      "value": {
        "components": {
          "chairs": 700,
          "cooks": 280,
          "fridge": 500,
          "oven": 1200,
          "tables": 500
        },
        "cost_per_customer": null,
        "customers_per_hour": 20,
        "total_cost": 3180,
        "within_budget": false
      },
      "type": [
        "object",
        {
          "components": [
            "object",
            {
              "chairs": "number",
              "cooks": "number",
              "fridge": "number",
              "oven": "number",
              "tables": "number"
            }
          ],
          "cost_per_customer": "number",
          "customers_per_hour": "number",
          "total_cost": "number",
          "within_budget": "bool"
        }
      ]
    },
    "best_configuration": {
      "value": {
        "cost_per_customer": 106.666666666666666664,
        "customers_per_hr": 12,
        "name": "Budget Store",
        "total_cost": 1280,
        "within_budget": true
      },
      "type": [
        "object",
        {
          "cost_per_customer": "number",
          "customers_per_hr": "number",
          "name": "string",
          "total_cost": "number",
          "within_budget": "bool"
        }
      ]
    },
    "budget_can_afford_more": {
      "value": false,
      "type": "bool"
    },
    "budget_configuration": {
      "value": {
        "components": {
          "chairs": 160,
          "cooks": 120,
          "fridge": 300,
          "oven": 500,
          "tables": 200
        },
        "cost_per_customer": 106.666666666666666664,
        "customers_per_hour": 12,
        "total_cost": 1280,
        "within_budget": true
      },
      "type": [
        "object",
        {
          "components": [
            "object",
            {
              "chairs": "number",
              "cooks": "number",
              "fridge": "number",
              "oven": "number",
              "tables": "number"
            }
          ],
          "cost_per_customer": "number",
          "customers_per_hour": "number",
          "total_cost": "number",
          "within_budget": "bool"
        }
      ]
    },
    "budget_constraint": {
      "value": 3000,
      "type": "number"
    },
    "budget_max_sandwiches": {
      "value": 20,
      "type": "number"
    },
    "budget_menu_prices": {
      "value": {
        "brownie": 2,
        "cookie": 1.5,
        "cracker": 0.5,
        "dogtreat_large": 2,
        "dogtreat_small": 1,
        "drink": 1,
        "napkin": 0.25,
        "salad": 4,
        "sandwich": 5,
        "silverware": 1,
        "soup": 2.5,
        "stroopwafel": 1.75
      },
      "type": [
        "object",
        {
          "brownie": "number",
          "cookie": "number",
          "cracker": "number",
          "dogtreat_large": "number",
          "dogtreat_small": "number",
          "drink": "number",
          "napkin": "number",
          "salad": "number",
          "sandwich": "number",
          "silverware": "number",
          "soup": "number",
          "stroopwafel": "number"
        }
      ]
    },
    "budget_remaining": {
      "value": 0,
      "type": "number"
    },
    "budget_sandwich_ids": {
      "value": [
        "sandwich-bread-rye-3-meat-turkey-6",
        "sandwich-bread-rye-3-meat-turkey-6",
        "sandwich-bread-rye-3-meat-turkey-6",
        "sandwich-bread-rye-3-meat-turkey-6",
        "sandwich-bread-rye-3-meat-turkey-6",
        "sandwich-bread-rye-3-meat-turkey-6",
        "sandwich-bread-rye-3-meat-turkey-6",
        "sandwich-bread-rye-3-meat-turkey-6",
        "sandwich-bread-rye-3-meat-turkey-6",
        "sandwich-bread-rye-3-meat-turkey-6",
        "sandwich-bread-rye-3-meat-turkey-6",
        "sandwich-bread-rye-3-meat-turkey-6",
        "sandwich-bread-rye-3-meat-turkey-6",
        "sandwich-bread-rye-3-meat-turkey-6",
        "sandwich-bread-rye-3-meat-turkey-6",
        "sandwich-bread-rye-3-meat-turkey-6",
        "sandwich-bread-rye-3-meat-turkey-6",
        "sandwich-bread-rye-3-meat-turkey-6",
        "sandwich-bread-rye-3-meat-turkey-6",
        "sandwich-bread-rye-3-meat-turkey-6"
      ],
      "type": [
        "tuple",
        [
          "string",
          "string",
          "string",
          "string",
          "string",
          "string",
          "string",
          "string",
          "string",
          "string",
          "string",
          "string",
          "string",
          "string",
          "string",
          "string",
          "string",
          "string",
          "string",
          "string"
        ]
      ]
    },
    "budget_sandwich_price": {
      "value": 5,
      "type": "number"
    },
    "budget_total": {
      "value": 100,
      "type": "number"
    },
    "budget_total_cost": {
      "value": 100,
      "type": "number"
    },
    "business_secrets": {
      "value": {
        "pricing": "Cost + 200% markup, seasonal adjustments apply",
        "recipe_formula": "Mayo 50%, Mustard 30%, Secret Spice 20%"
      },
      "type": [
        "object",
        {
          "pricing": "string",
          "recipe_formula": "string"
        }
      ],
      "sensitive": true
    },
    "capacity_configuration": {
      "value": {
        "components": {
          "chairs": 1800,
          "cooks": 360,
          "fridge": 800,
          "oven": 2000,
          "tables": 900
        },
        "cost_per_customer": null,
        "customers_per_hour": 20,
        "total_cost": 5860,
        "within_budget": false
      },
      "type": [
        "object",
        {
          "components": [
            "object",
            {
              "chairs": "number",
              "cooks": "number",
              "fridge": "number",
              "oven": "number",
              "tables": "number"
            }
          ],
          "cost_per_customer": "number",
          "customers_per_hour": "number",
          "total_cost": "number",
          "within_budget": "bool"
        }
      ]
    },
    "conditional_drink_created": {
      "value": true,
      "type": "bool"
    },
    "conditional_drink_id": {
      "value": "drink-cola-4",
      "type": "string"
    },
    "conditional_sensitive_output": {
      "value": {
        "message": "Sensitive data not included"
      },
      "type": [
        "map",
        "string"
      ],
      "sensitive": true
    },
    "count_access_examples": {
      "value": {
        "all_instances": [
          "bread-rye-3",
          "bread-wheat-5",
          "bread-sourdough-9"
        ],
        "first_instance": "bread-rye-3"
      },
      "type": [
        "object",
        {
          "all_instances": [
            "tuple",
            [
              "string",
              "string",
              "string"
            ]
          ],
          "first_instance": "string"
        }
      ]
    },
    "customer_info": {
      "value": {
        "address": "123 Main St, City, State 12345",
        "email": "customer@example.com",
        "phone": "+1-555-123-4567"
      },
      "type": [
        "object",
        {
          "address": "string",
          "email": "string",
          "phone": "string"
        }
      ],
      "sensitive": true
    },
    "customer_order_summary": {
      "value": {
        "item_count": 3,
        "order_date": "2024-01-01",
        "order_id": "ORD-12345",
        "total_price": 25.5
      },
      "type": [
        "object",
        {
          "item_count": "number",
          "order_date": "string",
          "order_id": "string",
          "total_price": "number"
        }
      ]
    },
    "data_source_access_examples": {
      "value": {
        "all_meats": [
          "turkey",
          "ham",
          "roast beef",
          "chicken",
          "pastrami",
          "corned beef",
          "salami",
          "bologna",
          "mortadella",
          "prosciutto",
          "pepperoni",
          "capicola",
          "tuna salad",
          "chicken salad",
          "egg salad",
          "turkey breast",
          "roast pork",
          "liverwurst",
          "braunschweiger",
          "pâté",
          "smoked salmon"
        ],
        "first_meat": "turkey",
        "last_meat": "smoked salmon"
      },
      "type": [
        "object",
        {
          "all_meats": [
            "list",
            "string"
          ],
          "first_meat": "string",
          "last_meat": "string"
        }
      ]
    },
    "dog_treats_count": {
      "value": 100,
      "type": "number"
    },
    "files_basic_examples": {
      "value": {
        "safe_read_custom": "default-config-value",
        "safe_read_default": ""
      },
      "type": [
        "object",
        {
          "safe_read_custom": "string",
          "safe_read_default": "string"
        }
      ],
      "sensitive": true
    },
    "files_json_examples": {
      "value": {
        "parsed_json": {},
        "safe_json": {
          "capacity": 50,
          "location": "Unknown",
          "store_name": "Default Store"
        },
        "store_capacity": 50,
        "store_name": "Default Store"
      },
      "type": [
        "object",
        {
          "parsed_json": [
            "object",
            {}
          ],
          "safe_json": [
            "object",
            {
              "capacity": "number",
              "location": "string",
              "store_name": "string"
            }
          ],
          "store_capacity": "number",
          "store_name": "string"
        }
      ]
    },
    "files_path_examples": {
      "value": {
        "cwd_path": "/home/spiff/dev/bevel/hashiwich/examples/provider-install-verification",
        "module_path": ".",
        "root_path": "."
      },
      "type": [
        "object",
        {
          "cwd_path": "string",
          "module_path": "string",
          "root_path": "string"
        }
      ]
    },
    "files_pattern_examples": {
      "value": {
        "combined_content": "# Header\n# Body content\n# Footer",
        "env_config": "fallback-value",
        "version": "1.0.0"
      },
      "type": [
        "object",
        {
          "combined_content": "string",
          "env_config": "string",
          "version": "string"
        }
      ],
      "sensitive": true
    },
    "files_validation_examples": {
      "value": {
        "has_required_fields": false,
        "is_valid": false
      },
      "type": [
        "object",
        {
          "has_required_fields": "bool",
          "is_valid": "bool"
        }
      ]
    },
    "flatten_all_prices": {
      "value": [
        5,
        5,
        5
      ],
      "type": [
        "tuple",
        [
          "number",
          "number",
          "number"
        ]
      ]
    },
    "flatten_bag_sandwich_ids": {
      "value": [
        "sandwich-bread-rye-3-meat-turkey-6",
        "sandwich-bread-rye-3-meat-ham-3",
        "sandwich-bread-wheat-5-meat-roast beef-10",
        "sandwich-bread-rye-3-meat-turkey-6",
        "sandwich-bread-rye-3-meat-ham-3",
        "sandwich-bread-wheat-5-meat-roast beef-10"
      ],
      "type": [
        "tuple",
        [
          "string",
          "string",
          "string",
          "string",
          "string",
          "string"
        ]
      ]
    },
    "flatten_basic_example": {
      "value": {
        "flat": [
          "sandwich_1",
          "sandwich_2",
          "sandwich_3",
          "sandwich_4",
          "sandwich_5"
        ],
        "nested": [
          [
            "sandwich_1",
            "sandwich_2"
          ],
          [
            "sandwich_3",
            "sandwich_4"
          ],
          [
            "sandwich_5"
          ]
        ]
      },
      "type": [
        "object",
        {
          "flat": [
            "tuple",
            [
              "string",
              "string",
              "string",
              "string",
              "string"
            ]
          ],
          "nested": [
            "tuple",
            [
              [
                "tuple",
                [
                  "string",
                  "string"
                ]
              ],
              [
                "tuple",
                [
                  "string",
                  "string"
                ]
              ],
              [
                "tuple",
                [
                  "string"
                ]
              ]
            ]
          ]
        }
      ]
    },
    "flatten_combined_example": {
      "value": {
        "all_prices": [
          5,
          5,
          5,
          2.5,
          2.5,
          1,
          1,
          1
        ],
        "average": 2.875,
        "expensive_items": [
          5,
          5,
          5
        ],
        "total": 23
      },
      "type": [
        "object",
        {
          "all_prices": [
            "tuple",
            [
              "number",
              "number",
              "number",
              "number",
              "number",
              "number",
              "number",
              "number"
            ]
          ],
          "average": "number",
          "expensive_items": [
            "tuple",
            [
              "number",
              "number",
              "number"
            ]
          ],
          "total": "number"
        }
      ]
    },
    "flatten_count_ids": {
      "value": [
        "sandwich-bread-rye-3-meat-turkey-6",
        "sandwich-bread-wheat-5-meat-ham-3",
        "sandwich-bread-sourdough-9-meat-roast beef-10"
      ],
      "type": [
        "tuple",
        [
          "string",
          "string",
          "string"
        ]
      ]
    },
    "flatten_dynamic_items": {
      "value": [
        "sandwich_1",
        "drink_1",
        "sandwich_2",
        "sandwich_3",
        "drink_2",
        "drink_3"
      ],
      "type": [
        "tuple",
        [
          "string",
          "string",
          "string",
          "string",
          "string",
          "string"
        ]
      ]
    },
    "flatten_menu_drinks": {
      "value": [
        "coffee",
        "juice",
        "cola",
        "water",
        "wine",
        "beer",
        "water"
      ],
      "type": [
        "tuple",
        [
          "string",
          "string",
          "string",
          "string",
          "string",
          "string",
          "string"
        ]
      ]
    },
    "flatten_menu_sandwiches": {
      "value": [
        "egg",
        "bacon",
        "turkey",
        "ham",
        "roast beef",
        "steak",
        "chicken"
      ],
      "type": [
        "tuple",
        [
          "string",
          "string",
          "string",
          "string",
          "string",
          "string",
          "string"
        ]
      ]
    },
    "flatten_mixed_result": {
      "value": [
        "item_1",
        "item_2",
        "item_3",
        "item_4",
        "item_5",
        "item_6"
      ],
      "type": [
        "tuple",
        [
          "string",
          "string",
          "string",
          "string",
          "string",
          "string"
        ]
      ]
    },
    "flatten_total_price": {
      "value": 15,
      "type": "number"
    },
    "flatten_unique_sandwich_ids": {
      "value": [
        "sandwich-bread-rye-3-meat-turkey-6",
        "sandwich-bread-rye-3-meat-ham-3",
        "sandwich-bread-wheat-5-meat-roast beef-10"
      ],
      "type": [
        "list",
        "string"
      ]
    },
    "for_each_access_examples": {
      "value": {
        "all_as_list": [
          "meat-chicken-7",
          "meat-ham-3",
          "meat-roast beef-10",
          "meat-turkey-6"
        ],
        "all_as_map": {
          "chicken": "meat-chicken-7",
          "ham": "meat-ham-3",
          "roast beef": "meat-roast beef-10",
          "turkey": "meat-turkey-6"
        },
        "specific_key": "meat-turkey-6"
      },
      "type": [
        "object",
        {
          "all_as_list": [
            "tuple",
            [
              "string",
              "string",
              "string",
              "string"
            ]
          ],
          "all_as_map": [
            "object",
            {
              "chicken": "string",
              "ham": "string",
              "roast beef": "string",
              "turkey": "string"
            }
          ],
          "specific_key": "string"
        }
      ]
    },
    "fully_sensitive_example": {
      "value": {
        "api_key": "sk_live_1234567890abcdef",
        "password": "SuperSecretPassword123!",
        "secret": "hidden_secret"
      },
      "type": [
        "object",
        {
          "api_key": "string",
          "password": "string",
          "secret": "string"
        }
      ],
      "sensitive": true
    },
    "ignore_changes_example": {
      "value": {
        "all_ignore": {
          "bread_id": "bread-ciabatta-8",
          "description": "Created by Terraform, but managed manually after creation",
          "note": "All changes are ignored after creation"
        },
        "combined": {
          "description": "Sandwich with combined lifecycle rules",
          "note": "Combined with prevent_destroy and create_before_destroy",
          "sandwich_id": "sandwich-bread-multigrain-10-meat-chicken-7"
        },
        "single_ignore": {
          "bread_id": "bread-rye-3",
          "description": "This description can be changed manually without Terraform reverting it",
          "note": "Description changes are ignored"
        }
      },
      "type": [
        "object",
        {
          "all_ignore": [
            "object",
            {
              "bread_id": "string",
              "description": "string",
              "note": "string"
            }
          ],
          "combined": [
            "object",
            {
              "description": "string",
              "note": "string",
              "sandwich_id": "string"
            }
          ],
          "single_ignore": [
            "object",
            {
              "bread_id": "string",
              "description": "string",
              "note": "string"
            }
          ]
        }
      ]
    },
    "imported_resources_summary": {
      "value": {
        "imported_count": 1,
        "note": "Resources imported and now managed by Terraform",
        "resource_type": "hw_sandwich"
      },
      "type": [
        "object",
        {
          "imported_count": "number",
          "note": "string",
          "resource_type": "string"
        }
      ]
    },
    "imported_sandwich_id": {
      "value": "sandwich-bread-rye-3-meat-turkey-6",
      "type": "string"
    },
    "json_basic_examples": {
      "value": {
        "from_file": {},
        "inline_example": {
          "capacity": 50,
          "items": [
            {
              "name": "bread",
              "price": 3.5,
              "type": "rye"
            },
            {
              "name": "meat",
              "price": 4,
              "type": "turkey"
            }
          ],
          "location": "Main Street",
          "store_name": "Downtown Store"
        },
        "simple_config": {
          "enabled": true,
          "environment": "production",
          "region": "us-east-1"
        }
      },
      "type": [
        "object",
        {
          "from_file": [
            "object",
            {}
          ],
          "inline_example": [
            "object",
            {
              "capacity": "number",
              "items": [
                "tuple",
                [
                  [
                    "object",
                    {
                      "name": "string",
                      "price": "number",
                      "type": "string"
                    }
                  ],
                  [
                    "object",
                    {
                      "name": "string",
                      "price": "number",
                      "type": "string"
                    }
                  ]
                ]
              ],
              "location": "string",
              "store_name": "string"
            }
          ],
          "simple_config": [
            "object",
            {
              "enabled": "bool",
              "environment": "string",
              "region": "string"
            }
          ]
        }
      ]
    },
    "json_complex_examples": {
      "value": {
        "cook_count": 2,
        "fridge_size": "large",
        "oven_type": "commercial",
        "staff_names": [
          "Alice",
          "Bob",
          "Charlie"
        ]
      },
      "type": [
        "object",
        {
          "cook_count": "number",
          "fridge_size": "string",
          "oven_type": "string",
          "staff_names": [
            "tuple",
            [
              "string",
              "string",
              "string"
            ]
          ]
        }
      ]
    },
    "json_encoding_examples": {
      "value": {
        "encoded_config": "{\"items\":[{\"name\":\"bread\",\"price\":3.5},{\"name\":\"meat\",\"price\":4}],\"settings\":{\"enabled\":true,\"timeout\":30},\"store_name\":\"Encoded Store\"}",
        "encoded_resources": "{\"bread_ids\":[\"bread-rye-3\",\"bread-sourdough-9\",\"bread-wheat-5\"],\"meat_ids\":[\"meat-turkey-6\",\"meat-ham-3\",\"meat-roast beef-10\"],\"store_id\":\"store-JSON Configured Store-21\"}"
      },
      "type": [
        "object",
        {
          "encoded_config": "string",
          "encoded_resources": "string"
        }
      ]
    },
    "json_resource_examples": {
      "value": {
        "bread_count": 3,
        "bread_ids": [
          "bread-rye-3",
          "bread-sourdough-9",
          "bread-wheat-5"
        ],
        "meat_count": 3,
        "meat_ids": [
          "meat-turkey-6",
          "meat-ham-3",
          "meat-roast beef-10"
        ]
      },
      "type": [
        "object",
        {
          "bread_count": "number",
          "bread_ids": [
            "tuple",
            [
              "string",
              "string",
              "string"
            ]
          ],
          "meat_count": "number",
          "meat_ids": [
            "tuple",
            [
              "string",
              "string",
              "string"
            ]
          ]
        }
      ]
    },
    "json_transformation_examples": {
      "value": {
        "bread_items": [
          {
            "name": "rye",
            "price": 3.5,
            "type": "bread"
          },
          {
            "name": "sourdough",
            "price": 4,
            "type": "bread"
          }
        ],
        "total_price": 12,
        "unique_types": [
          "bread",
          "meat"
        ]
      },
      "type": [
        "object",
        {
          "bread_items": [
            "tuple",
            [
              [
                "object",
                {
                  "name": "string",
                  "price": "number",
                  "type": "string"
                }
              ],
              [
                "object",
                {
                  "name": "string",
                  "price": "number",
                  "type": "string"
                }
              ]
            ]
          ],
          "total_price": "number",
          "unique_types": [
            "set",
            "string"
          ]
        }
      ]
    },
    "lifecycle_combined_sandwich": {
      "value": "sandwich-bread-multigrain-10-meat-chicken-7",
      "type": "string"
    },
    "lifecycle_replace_sandwich": {
      "value": "sandwich-bread-rye-3-meat-turkey-6",
      "type": "string"
    },
    "lifecycle_signature_sandwich": {
      "value": "sandwich-bread-ciabatta-8-meat-turkey-6",
      "type": "string"
    },
    "list_access_examples": {
      "value": {
        "first_item": "bread-rye-3",
        "last_item": "bread-ciabatta-8",
        "safe_access": "not-found",
        "second_item": "bread-sourdough-9"
      },
      "type": [
        "object",
        {
          "first_item": "string",
          "last_item": "string",
          "safe_access": "string",
          "second_item": "string"
        }
      ]
    },
    "list_comp_expensive_sandwiches": {
      "value": [],
      "type": [
        "tuple",
        []
      ]
    },
    "list_comp_meat_to_price": {
      "value": {
        "bologna": 5,
        "braunschweiger": 5,
        "capicola": 5,
        "chicken": 5,
        "chicken salad": 5,
        "corned beef": 5,
        "egg salad": 5,
        "ham": 5,
        "liverwurst": 5,
        "mortadella": 5,
        "pastrami": 5,
        "pepperoni": 5,
        "prosciutto": 5,
        "pâté": 5,
        "roast beef": 5,
        "roast pork": 5,
        "salami": 5,
        "smoked salmon": 5,
        "tuna salad": 5,
        "turkey": 5,
        "turkey breast": 5
      },
      "type": [
        "object",
        {
          "bologna": "number",
          "braunschweiger": "number",
          "capicola": "number",
          "chicken": "number",
          "chicken salad": "number",
          "corned beef": "number",
          "egg salad": "number",
          "ham": "number",
          "liverwurst": "number",
          "mortadella": "number",
          "pastrami": "number",
          "pepperoni": "number",
          "prosciutto": "number",
          "pâté": "number",
          "roast beef": "number",
          "roast pork": "number",
          "salami": "number",
          "smoked salmon": "number",
          "tuna salad": "number",
          "turkey": "number",
          "turkey breast": "number"
        }
      ]
    },
    "list_comp_numbered_sandwiches": {
      "value": [
        {
          "name": "bologna on rye",
          "number": 1,
          "price": 5
        },
        {
          "name": "braunschweiger on rye",
          "number": 2,
          "price": 5
        },
        {
          "name": "capicola on rye",
          "number": 3,
          "price": 5
        },
        {
          "name": "chicken on rye",
          "number": 4,
          "price": 5
        },
        {
          "name": "chicken salad on rye",
          "number": 5,
          "price": 5
        },
        {
          "name": "corned beef on rye",
          "number": 6,
          "price": 5
        },
        {
          "name": "egg salad on rye",
          "number": 7,
          "price": 5
        },
        {
          "name": "ham on rye",
          "number": 8,
          "price": 5
        },
        {
          "name": "liverwurst on rye",
          "number": 9,
          "price": 5
        },
        {
          "name": "mortadella on rye",
          "number": 10,
          "price": 5
        },
        {
          "name": "pastrami on rye",
          "number": 11,
          "price": 5
        },
        {
          "name": "pepperoni on rye",
          "number": 12,
          "price": 5
        },
        {
          "name": "prosciutto on rye",
          "number": 13,
          "price": 5
        },
        {
          "name": "pâté on rye",
          "number": 14,
          "price": 5
        },
        {
          "name": "roast beef on rye",
          "number": 15,
          "price": 5
        },
        {
          "name": "roast pork on rye",
          "number": 16,
          "price": 5
        },
        {
          "name": "salami on rye",
          "number": 17,
          "price": 5
        },
        {
          "name": "smoked salmon on rye",
          "number": 18,
          "price": 5
        },
        {
          "name": "tuna salad on rye",
          "number": 19,
          "price": 5
        },
        {
          "name": "turkey on rye",
          "number": 20,
          "price": 5
        },
        {
          "name": "turkey breast on rye",
          "number": 21,
          "price": 5
        }
      ],
      "type": [
        "tuple",
        [
          [
            "object",
            {
              "name": "string",
              "number": "number",
              "price": "number"
            }
          ],
          [
            "object",
            {
              "name": "string",
              "number": "number",
              "price": "number"
            }
          ],
          [
            "object",
            {
              "name": "string",
              "number": "number",
              "price": "number"
            }
          ],
          [
            "object",
            {
              "name": "string",
              "number": "number",
              "price": "number"
            }
          ],
          [
            "object",
            {
              "name": "string",
              "number": "number",
              "price": "number"
            }
          ],
          [
            "object",
            {
              "name": "string",
              "number": "number",
              "price": "number"
            }
          ],
          [
            "object",
            {
              "name": "string",
              "number": "number",
              "price": "number"
            }
          ],
          [
            "object",
            {
              "name": "string",
              "number": "number",
              "price": "number"
            }
          ],
          [
            "object",
            {
              "name": "string",
              "number": "number",
              "price": "number"
            }
          ],
          [
            "object",
            {
              "name": "string",
              "number": "number",
              "price": "number"
            }
          ],
          [
            "object",
            {
              "name": "string",
              "number": "number",
              "price": "number"
            }
          ],
          [
            "object",
            {
              "name": "string",
              "number": "number",
              "price": "number"
            }
          ],
          [
            "object",
            {
              "name": "string",
              "number": "number",
              "price": "number"
            }
          ],
          [
            "object",
            {
              "name": "string",
              "number": "number",
              "price": "number"
            }
          ],
          [
            "object",
            {
              "name": "string",
              "number": "number",
              "price": "number"
            }
          ],
          [
            "object",
            {
              "name": "string",
              "number": "number",
              "price": "number"
            }
          ],
          [
            "object",
            {
              "name": "string",
              "number": "number",
              "price": "number"
            }
          ],
          [
            "object",
            {
              "name": "string",
              "number": "number",
              "price": "number"
            }
          ],
          [
            "object",
            {
              "name": "string",
              "number": "number",
              "price": "number"
            }
          ],
          [
            "object",
            {
              "name": "string",
              "number": "number",
              "price": "number"
            }
          ],
          [
            "object",
            {
              "name": "string",
              "number": "number",
              "price": "number"
            }
          ]
        ]
      ]
    },
    "list_comp_salad_meats": {
      "value": [
        "tuna salad",
        "chicken salad",
        "egg salad"
      ],
      "type": [
        "tuple",
        [
          "string",
          "string",
          "string"
        ]
      ]
    },
    "list_comp_sandwich_count": {
      "value": 21,
      "type": "number"
    },
    "list_comp_sandwich_details": {
      "value": {
        "sandwich-bread-rye-3-meat-bologna-7": {
          "description": "List comprehension sandwich: bologna on rye",
          "is_expensive": false,
          "name": "bologna on rye",
          "price": 5
        },
        "sandwich-bread-rye-3-meat-braunschweiger-14": {
          "description": "List comprehension sandwich: braunschweiger on rye",
          "is_expensive": false,
          "name": "braunschweiger on rye",
          "price": 5
        },
        "sandwich-bread-rye-3-meat-capicola-8": {
          "description": "List comprehension sandwich: capicola on rye",
          "is_expensive": false,
          "name": "capicola on rye",
          "price": 5
        },
        "sandwich-bread-rye-3-meat-chicken salad-13": {
          "description": "List comprehension sandwich: chicken salad on rye",
          "is_expensive": false,
          "name": "chicken salad on rye",
          "price": 5
        },
        "sandwich-bread-rye-3-meat-chicken-7": {
          "description": "List comprehension sandwich: chicken on rye",
          "is_expensive": false,
          "name": "chicken on rye",
          "price": 5
        },
        "sandwich-bread-rye-3-meat-corned beef-11": {
          "description": "List comprehension sandwich: corned beef on rye",
          "is_expensive": false,
          "name": "corned beef on rye",
          "price": 5
        },
        "sandwich-bread-rye-3-meat-egg salad-9": {
          "description": "List comprehension sandwich: egg salad on rye",
          "is_expensive": false,
          "name": "egg salad on rye",
          "price": 5
        },
        "sandwich-bread-rye-3-meat-ham-3": {
          "description": "List comprehension sandwich: ham on rye",
          "is_expensive": false,
          "name": "ham on rye",
          "price": 5
        },
        "sandwich-bread-rye-3-meat-liverwurst-10": {
          "description": "List comprehension sandwich: liverwurst on rye",
          "is_expensive": false,
          "name": "liverwurst on rye",
          "price": 5
        },
        "sandwich-bread-rye-3-meat-mortadella-10": {
          "description": "List comprehension sandwich: mortadella on rye",
          "is_expensive": false,
          "name": "mortadella on rye",
          "price": 5
        },
        "sandwich-bread-rye-3-meat-pastrami-8": {
          "description": "List comprehension sandwich: pastrami on rye",
          "is_expensive": false,
          "name": "pastrami on rye",
          "price": 5
        },
        "sandwich-bread-rye-3-meat-pepperoni-9": {
          "description": "List comprehension sandwich: pepperoni on rye",
          "is_expensive": false,
          "name": "pepperoni on rye",
          "price": 5
        },
        "sandwich-bread-rye-3-meat-prosciutto-10": {
          "description": "List comprehension sandwich: prosciutto on rye",
          "is_expensive": false,
          "name": "prosciutto on rye",
          "price": 5
        },
        "sandwich-bread-rye-3-meat-pâté-6": {
          "description": "List comprehension sandwich: pâté on rye",
          "is_expensive": false,
          "name": "pâté on rye",
          "price": 5
        },
        "sandwich-bread-rye-3-meat-roast beef-10": {
          "description": "List comprehension sandwich: roast beef on rye",
          "is_expensive": false,
          "name": "roast beef on rye",
          "price": 5
        },
        "sandwich-bread-rye-3-meat-roast pork-10": {
          "description": "List comprehension sandwich: roast pork on rye",
          "is_expensive": false,
          "name": "roast pork on rye",
          "price": 5
        },
        "sandwich-bread-rye-3-meat-salami-6": {
          "description": "List comprehension sandwich: salami on rye",
          "is_expensive": false,
          "name": "salami on rye",
          "price": 5
        },
        "sandwich-bread-rye-3-meat-smoked salmon-13": {
          "description": "List comprehension sandwich: smoked salmon on rye",
          "is_expensive": false,
          "name": "smoked salmon on rye",
          "price": 5
        },
        "sandwich-bread-rye-3-meat-tuna salad-10": {
          "description": "List comprehension sandwich: tuna salad on rye",
          "is_expensive": false,
          "name": "tuna salad on rye",
          "price": 5
        },
        "sandwich-bread-rye-3-meat-turkey breast-13": {
          "description": "List comprehension sandwich: turkey breast on rye",
          "is_expensive": false,
          "name": "turkey breast on rye",
          "price": 5
        },
        "sandwich-bread-rye-3-meat-turkey-6": {
          "description": "List comprehension sandwich: turkey on rye",
          "is_expensive": false,
          "name": "turkey on rye",
          "price": 5
        }
      },
      "type": [
        "object",
        {
          "sandwich-bread-rye-3-meat-bologna-7": [
            "object",
            {
              "description": "string",
              "is_expensive": "bool",
              "name": "string",
              "price": "number"
            }
          ],
          "sandwich-bread-rye-3-meat-braunschweiger-14": [
            "object",
            {
              "description": "string",
              "is_expensive": "bool",
              "name": "string",
              "price": "number"
            }
          ],
          "sandwich-bread-rye-3-meat-capicola-8": [
            "object",
            {
              "description": "string",
              "is_expensive": "bool",
              "name": "string",
              "price": "number"
            }
          ],
          "sandwich-bread-rye-3-meat-chicken salad-13": [
            "object",
            {
              "description": "string",
              "is_expensive": "bool",
              "name": "string",
              "price": "number"
            }
          ],
          "sandwich-bread-rye-3-meat-chicken-7": [
            "object",
            {
              "description": "string",
              "is_expensive": "bool",
              "name": "string",
              "price": "number"
            }
          ],
          "sandwich-bread-rye-3-meat-corned beef-11": [
            "object",
            {
              "description": "string",
              "is_expensive": "bool",
              "name": "string",
              "price": "number"
            }
          ],
          "sandwich-bread-rye-3-meat-egg salad-9": [
            "object",
            {
              "description": "string",
              "is_expensive": "bool",
              "name": "string",
              "price": "number"
            }
          ],
          "sandwich-bread-rye-3-meat-ham-3": [
            "object",
            {
              "description": "string",
              "is_expensive": "bool",
              "name": "string",
              "price": "number"
            }
          ],
          "sandwich-bread-rye-3-meat-liverwurst-10": [
            "object",
            {
              "description": "string",
              "is_expensive": "bool",
              "name": "string",
              "price": "number"
            }
          ],
          "sandwich-bread-rye-3-meat-mortadella-10": [
            "object",
            {
              "description": "string",
              "is_expensive": "bool",
              "name": "string",
              "price": "number"
            }
          ],
          "sandwich-bread-rye-3-meat-pastrami-8": [
            "object",
            {
              "description": "string",
              "is_expensive": "bool",
              "name": "string",
              "price": "number"
            }
          ],
          "sandwich-bread-rye-3-meat-pepperoni-9": [
            "object",
            {
              "description": "string",
              "is_expensive": "bool",
              "name": "string",
              "price": "number"
            }
          ],
          "sandwich-bread-rye-3-meat-prosciutto-10": [
            "object",
            {
              "description": "string",
              "is_expensive": "bool",
              "name": "string",
              "price": "number"
            }
          ],
          "sandwich-bread-rye-3-meat-pâté-6": [
            "object",
            {
              "description": "string",
              "is_expensive": "bool",
              "name": "string",
              "price": "number"
            }
          ],
          "sandwich-bread-rye-3-meat-roast beef-10": [
            "object",
            {
              "description": "string",
              "is_expensive": "bool",
              "name": "string",
              "price": "number"
            }
          ],
          "sandwich-bread-rye-3-meat-roast pork-10": [
            "object",
            {
              "description": "string",
              "is_expensive": "bool",
              "name": "string",
              "price": "number"
            }
          ],
          "sandwich-bread-rye-3-meat-salami-6": [
            "object",
            {
              "description": "string",
              "is_expensive": "bool",
              "name": "string",
              "price": "number"
            }
          ],
          "sandwich-bread-rye-3-meat-smoked salmon-13": [
            "object",
            {
              "description": "string",
              "is_expensive": "bool",
              "name": "string",
              "price": "number"
            }
          ],
          "sandwich-bread-rye-3-meat-tuna salad-10": [
            "object",
            {
              "description": "string",
              "is_expensive": "bool",
              "name": "string",
              "price": "number"
            }
          ],
          "sandwich-bread-rye-3-meat-turkey breast-13": [
            "object",
            {
              "description": "string",
              "is_expensive": "bool",
              "name": "string",
              "price": "number"
            }
          ],
          "sandwich-bread-rye-3-meat-turkey-6": [
            "object",
            {
              "description": "string",
              "is_expensive": "bool",
              "name": "string",
              "price": "number"
            }
          ]
        }
      ]
    },
    "list_comp_sandwich_names": {
      "value": [
        "bologna on rye",
        "braunschweiger on rye",
        "capicola on rye",
        "chicken on rye",
        "chicken salad on rye",
        "corned beef on rye",
        "egg salad on rye",
        "ham on rye",
        "liverwurst on rye",
        "mortadella on rye",
        "pastrami on rye",
        "pepperoni on rye",
        "prosciutto on rye",
        "pâté on rye",
        "roast beef on rye",
        "roast pork on rye",
        "salami on rye",
        "smoked salmon on rye",
        "tuna salad on rye",
        "turkey on rye",
        "turkey breast on rye"
      ],
      "type": [
        "tuple",
        [
          "string",
          "string",
          "string",
          "string",
          "string",
          "string",
          "string",
          "string",
          "string",
          "string",
          "string",
          "string",
          "string",
          "string",
          "string",
          "string",
          "string",
          "string",
          "string",
          "string",
          "string"
        ]
      ]
    },
    "list_comp_sandwiches_by_price": {
      "value": {
        "cheap": [
          "bologna on rye",
          "braunschweiger on rye",
          "capicola on rye",
          "chicken on rye",
          "chicken salad on rye",
          "corned beef on rye",
          "egg salad on rye",
          "ham on rye",
          "liverwurst on rye",
          "mortadella on rye",
          "pastrami on rye",
          "pepperoni on rye",
          "prosciutto on rye",
          "pâté on rye",
          "roast beef on rye",
          "roast pork on rye",
          "salami on rye",
          "smoked salmon on rye",
          "tuna salad on rye",
          "turkey on rye",
          "turkey breast on rye"
        ],
        "expensive": []
      },
      "type": [
        "object",
        {
          "cheap": [
            "tuple",
            [
              "string",
              "string",
              "string",
              "string",
              "string",
              "string",
              "string",
              "string",
              "string",
              "string",
              "string",
              "string",
              "string",
              "string",
              "string",
              "string",
              "string",
              "string",
              "string",
              "string",
              "string"
            ]
          ],
          "expensive": [
            "tuple",
            []
          ]
        }
      ]
    },
    "list_comp_total_cost": {
      "value": 105,
      "type": "number"
    },
    "list_comp_uppercase_meats": {
      "value": [
        "TURKEY",
        "HAM",
        "ROAST BEEF",
        "CHICKEN",
        "PASTRAMI",
        "CORNED BEEF",
        "SALAMI",
        "BOLOGNA",
        "MORTADELLA",
        "PROSCIUTTO",
        "PEPPERONI",
        "CAPICOLA",
        "TUNA SALAD",
        "CHICKEN SALAD",
        "EGG SALAD",
        "TURKEY BREAST",
        "ROAST PORK",
        "LIVERWURST",
        "BRAUNSCHWEIGER",
        "PÂTÉ",
        "SMOKED SALMON"
      ],
      "type": [
        "tuple",
        [
          "string",
          "string",
          "string",
          "string",
          "string",
          "string",
          "string",
          "string",
          "string",
          "string",
          "string",
          "string",
          "string",
          "string",
          "string",
          "string",
          "string",
          "string",
          "string",
          "string",
          "string"
        ]
      ]
    },
    "map_access_examples": {
      "value": {
        "bracket_notation": "bread-rye-3",
        "dot_notation": "bread-sourdough-9",
        "lookup_function": "bread-rye-3",
        "safe_access": "not-found"
      },
      "type": [
        "object",
        {
          "bracket_notation": "string",
          "dot_notation": "string",
          "lookup_function": "string",
          "safe_access": "string"
        }
      ]
    },
    "mixed_sensitive_example": {
      "value": {
        "more_public": "Also public",
        "private_data": "sk_live_1234567890abcdef",
        "public_data": "This is public"
      },
      "type": [
        "object",
        {
          "more_public": "string",
          "private_data": "string",
          "public_data": "string"
        }
      ],
      "sensitive": true
    },
    "moved_demo_renamed_id": {
      "value": "sandwich-bread-sourdough-9-meat-ham-3",
      "type": "string"
    },
    "moved_for_each_sandwich_ids": {
      "value": {
        "old_key_1": "sandwich-bread-ciabatta-8-meat-turkey-6",
        "old_key_2": "sandwich-bread-baguette-8-meat-roast beef-10"
      },
      "type": [
        "object",
        {
          "old_key_1": "string",
          "old_key_2": "string"
        }
      ]
    },
    "nested_access_examples": {
      "value": {
        "all_nested_values": [
          "bread-rye-3",
          "bread-sourdough-9"
        ],
        "chained_access": "bread-rye-3",
        "nested_map_access": "bread-rye-3"
      },
      "type": [
        "object",
        {
          "all_nested_values": [
            "tuple",
            [
              "string",
              "string"
            ]
          ],
          "chained_access": "string",
          "nested_map_access": "string"
        }
      ]
    },
    "non_sensitive_example": {
      "value": {
        "available": true,
        "menu_item": "Turkey Sandwich",
        "price": 5
      },
      "type": [
        "object",
        {
          "available": "bool",
          "menu_item": "string",
          "price": "number"
        }
      ]
    },
    "non_sensitive_output_when_disabled": {
      "value": {
        "message": "Sensitive data not included"
      },
      "type": [
        "object",
        {
          "message": "string"
        }
      ]
    },
    "optimization_summary": {
      "value": {
        "budget_constraint": 3000,
        "optimal_config": "budget",
        "recommendation": "Budget configuration is the only option within budget",
        "valid_configs": {
          "balanced": null,
          "budget": {
            "cost": 1280,
            "customers_per_hr": 12,
            "efficiency": 106.666666666666666664
          },
          "capacity": null
        }
      },
      "type": [
        "object",
        {
          "budget_constraint": "number",
          "optimal_config": "string",
          "recommendation": "string",
          "valid_configs": [
            "object",
            {
              "balanced": [
                "object",
                {
                  "cost": "number",
                  "customers_per_hr": "number",
                  "efficiency": "number"
                }
              ],
              "budget": [
                "object",
                {
                  "cost": "number",
                  "customers_per_hr": "number",
                  "efficiency": "number"
                }
              ],
              "capacity": [
                "object",
                {
                  "cost": "number",
                  "customers_per_hr": "number",
                  "efficiency": "number"
                }
              ]
            }
          ]
        }
      ]
    },
    "party_pack_breakdown": {
      "value": {
        "drinks": 10,
        "napkins": 6.25,
        "sandwiches": 50,
        "sides": 10,
        "total": 76.25
      },
      "type": [
        "object",
        {
          "drinks": "number",
          "napkins": "number",
          "sandwiches": "number",
          "sides": "number",
          "total": "number"
        }
      ]
    },
    "party_pack_contents": {
      "value": {
        "drink_count": 10,
        "includes_napkins": true,
        "sandwich_count": 10,
        "sides": [
          "soup",
          "salad",
          "cookie",
          "brownie"
        ]
      },
      "type": [
        "object",
        {
          "drink_count": "number",
          "includes_napkins": "bool",
          "sandwich_count": "number",
          "sides": [
            "list",
            "string"
          ]
        }
      ]
    },
    "party_pack_total_cost": {
      "value": 76.25,
      "type": "number"
    },
    "pet_treat_mapping": {
      "value": {
        "allowing-weevil": "dogtreat-large-5",
        "apparent-bee": "dogtreat-large-5",
        "becoming-toad": "dogtreat-large-5",
        "brief-bullfrog": "dogtreat-large-5",
        "careful-muskox": "dogtreat-large-5",
        "caring-penguin": "dogtreat-large-5",
        "civil-dinosaur": "dogtreat-large-5",
        "comic-buzzard": "dogtreat-large-5",
        "communal-badger": "dogtreat-large-5",
        "complete-orca": "dogtreat-large-5",
        "concrete-grouper": "dogtreat-large-5",
        "concrete-possum": "dogtreat-large-5",
        "crisp-aardvark": "dogtreat-large-5",
        "delicate-tetra": "dogtreat-large-5",
        "devoted-urchin": "dogtreat-large-5",
        "dominant-pangolin": "dogtreat-large-5",
        "engaged-tiger": "dogtreat-large-5",
        "enjoyed-gazelle": "dogtreat-large-5",
        "enough-kangaroo": "dogtreat-large-5",
        "epic-redbird": "dogtreat-large-5",
        "equal-bug": "dogtreat-large-5",
        "equipped-weevil": "dogtreat-large-5",
        "eternal-locust": "dogtreat-large-5",
        "faithful-tortoise": "dogtreat-large-5",
        "fancy-tarpon": "dogtreat-large-5",
        "feasible-cod": "dogtreat-large-5",
        "firm-sturgeon": "dogtreat-large-5",
        "fitting-escargot": "dogtreat-large-5",
        "fluent-weasel": "dogtreat-large-5",
        "funny-kid": "dogtreat-large-5",
        "glorious-flounder": "dogtreat-large-5",
        "glorious-tapir": "dogtreat-large-5",
        "glowing-doe": "dogtreat-large-5",
        "glowing-sculpin": "dogtreat-large-5",
        "golden-meerkat": "dogtreat-large-5",
        "grateful-goldfish": "dogtreat-large-5",
        "growing-bobcat": "dogtreat-large-5",
        "growing-polecat": "dogtreat-large-5",
        "hardy-sheepdog": "dogtreat-large-5",
        "hopeful-chipmunk": "dogtreat-large-5",
        "hot-ghoul": "dogtreat-large-5",
        "humble-roughy": "dogtreat-large-5",
        "humorous-crawdad": "dogtreat-large-5",
        "intense-guinea": "dogtreat-large-5",
        "knowing-gobbler": "dogtreat-large-5",
        "knowing-muskrat": "dogtreat-large-5",
        "legible-thrush": "dogtreat-large-5",
        "liberal-bison": "dogtreat-large-5",
        "living-gnu": "dogtreat-large-5",
        "loyal-raccoon": "dogtreat-large-5",
        "magical-ram": "dogtreat-large-5",
        "magnetic-wildcat": "dogtreat-large-5",
        "many-monster": "dogtreat-large-5",
        "master-penguin": "dogtreat-large-5",
        "model-ant": "dogtreat-large-5",
        "modern-seagull": "dogtreat-large-5",
        "national-amoeba": "dogtreat-large-5",
        "natural-platypus": "dogtreat-large-5",
        "neat-imp": "dogtreat-large-5",
        "neat-mule": "dogtreat-large-5",
        "needed-cardinal": "dogtreat-large-5",
        "neutral-yeti": "dogtreat-large-5",
        "pleased-dove": "dogtreat-large-5",
        "pleased-joey": "dogtreat-large-5",
        "precise-ape": "dogtreat-large-5",
        "prompt-beagle": "dogtreat-large-5",
        "prompt-ringtail": "dogtreat-large-5",
        "proper-adder": "dogtreat-large-5",
        "proven-llama": "dogtreat-large-5",
        "quality-lioness": "dogtreat-large-5",
        "rational-dane": "dogtreat-large-5",
        "refined-iguana": "dogtreat-large-5",
        "relaxing-stallion": "dogtreat-large-5",
        "relieved-snapper": "dogtreat-large-5",
        "resolved-rhino": "dogtreat-large-5",
        "rich-racer": "dogtreat-large-5",
        "safe-sculpin": "dogtreat-large-5",
        "selected-pipefish": "dogtreat-large-5",
        "settling-kangaroo": "dogtreat-large-5",
        "shining-gecko": "dogtreat-large-5",
        "sincere-ewe": "dogtreat-large-5",
        "skilled-rat": "dogtreat-large-5",
        "star-silkworm": "dogtreat-large-5",
        "stirred-squirrel": "dogtreat-large-5",
        "stirring-bobcat": "dogtreat-large-5",
        "sunny-lab": "dogtreat-large-5",
        "sunny-pelican": "dogtreat-large-5",
        "superb-zebra": "dogtreat-large-5",
        "sure-rat": "dogtreat-large-5",
        "sweeping-quail": "dogtreat-large-5",
        "tidy-flounder": "dogtreat-large-5",
        "top-heron": "dogtreat-large-5",
        "topical-minnow": "dogtreat-large-5",
        "topical-raccoon": "dogtreat-large-5",
        "trusted-possum": "dogtreat-large-5",
        "unique-gelding": "dogtreat-large-5",
        "warm-tick": "dogtreat-large-5",
        "whole-mammal": "dogtreat-large-5",
        "wise-lionfish": "dogtreat-large-5",
        "witty-vulture": "dogtreat-large-5"
      },
      "type": [
        "object",
        {
          "allowing-weevil": "string",
          "apparent-bee": "string",
          "becoming-toad": "string",
          "brief-bullfrog": "string",
          "careful-muskox": "string",
          "caring-penguin": "string",
          "civil-dinosaur": "string",
          "comic-buzzard": "string",
          "communal-badger": "string",
          "complete-orca": "string",
          "concrete-grouper": "string",
          "concrete-possum": "string",
          "crisp-aardvark": "string",
          "delicate-tetra": "string",
          "devoted-urchin": "string",
          "dominant-pangolin": "string",
          "engaged-tiger": "string",
          "enjoyed-gazelle": "string",
          "enough-kangaroo": "string",
          "epic-redbird": "string",
          "equal-bug": "string",
          "equipped-weevil": "string",
          "eternal-locust": "string",
          "faithful-tortoise": "string",
          "fancy-tarpon": "string",
          "feasible-cod": "string",
          "firm-sturgeon": "string",
          "fitting-escargot": "string",
          "fluent-weasel": "string",
          "funny-kid": "string",
          "glorious-flounder": "string",
          "glorious-tapir": "string",
          "glowing-doe": "string",
          "glowing-sculpin": "string",
          "golden-meerkat": "string",
          "grateful-goldfish": "string",
          "growing-bobcat": "string",
          "growing-polecat": "string",
          "hardy-sheepdog": "string",
          "hopeful-chipmunk": "string",
          "hot-ghoul": "string",
          "humble-roughy": "string",
          "humorous-crawdad": "string",
          "intense-guinea": "string",
          "knowing-gobbler": "string",
          "knowing-muskrat": "string",
          "legible-thrush": "string",
          "liberal-bison": "string",
          "living-gnu": "string",
          "loyal-raccoon": "string",
          "magical-ram": "string",
          "magnetic-wildcat": "string",
          "many-monster": "string",
          "master-penguin": "string",
          "model-ant": "string",
          "modern-seagull": "string",
          "national-amoeba": "string",
          "natural-platypus": "string",
          "neat-imp": "string",
          "neat-mule": "string",
          "needed-cardinal": "string",
          "neutral-yeti": "string",
          "pleased-dove": "string",
          "pleased-joey": "string",
          "precise-ape": "string",
          "prompt-beagle": "string",
          "prompt-ringtail": "string",
          "proper-adder": "string",
          "proven-llama": "string",
          "quality-lioness": "string",
          "rational-dane": "string",
          "refined-iguana": "string",
          "relaxing-stallion": "string",
          "relieved-snapper": "string",
          "resolved-rhino": "string",
          "rich-racer": "string",
          "safe-sculpin": "string",
          "selected-pipefish": "string",
          "settling-kangaroo": "string",
          "shining-gecko": "string",
          "sincere-ewe": "string",
          "skilled-rat": "string",
          "star-silkworm": "string",
          "stirred-squirrel": "string",
          "stirring-bobcat": "string",
          "sunny-lab": "string",
          "sunny-pelican": "string",
          "superb-zebra": "string",
          "sure-rat": "string",
          "sweeping-quail": "string",
          "tidy-flounder": "string",
          "top-heron": "string",
          "topical-minnow": "string",
          "topical-raccoon": "string",
          "trusted-possum": "string",
          "unique-gelding": "string",
          "warm-tick": "string",
          "whole-mammal": "string",
          "wise-lionfish": "string",
          "witty-vulture": "string"
        }
      ]
    },
    "pets_grouped_by_prefix": {
      "value": {
        "allowing": [
          {
            "name": "allowing-weevil",
            "treat_id": "dogtreat-large-5"
          }
        ],
        "apparent": [
          {
            "name": "apparent-bee",
            "treat_id": "dogtreat-large-5"
          }
        ],
        "becoming": [
          {
            "name": "becoming-toad",
            "treat_id": "dogtreat-large-5"
          }
        ],
        "brief": [
          {
            "name": "brief-bullfrog",
            "treat_id": "dogtreat-large-5"
          }
        ],
        "careful": [
          {
            "name": "careful-muskox",
            "treat_id": "dogtreat-large-5"
          }
        ],
        "caring": [
          {
            "name": "caring-penguin",
            "treat_id": "dogtreat-large-5"
          }
        ],
        "civil": [
          {
            "name": "civil-dinosaur",
            "treat_id": "dogtreat-large-5"
          }
        ],
        "comic": [
          {
            "name": "comic-buzzard",
            "treat_id": "dogtreat-large-5"
          }
        ],
        "communal": [
          {
            "name": "communal-badger",
            "treat_id": "dogtreat-large-5"
          }
        ],
        "complete": [
          {
            "name": "complete-orca",
            "treat_id": "dogtreat-large-5"
          }
        ],
        "concrete": [
          {
            "name": "concrete-grouper",
            "treat_id": "dogtreat-large-5"
          },
          {
            "name": "concrete-possum",
            "treat_id": "dogtreat-large-5"
          }
        ],
        "crisp": [
          {
            "name": "crisp-aardvark",
            "treat_id": "dogtreat-large-5"
          }
        ],
        "delicate": [
          {
            "name": "delicate-tetra",
            "treat_id": "dogtreat-large-5"
          }
        ],
        "devoted": [
          {
            "name": "devoted-urchin",
            "treat_id": "dogtreat-large-5"
          }
        ],
        "dominant": [
          {
            "name": "dominant-pangolin",
            "treat_id": "dogtreat-large-5"
          }
        ],
        "engaged": [
          {
            "name": "engaged-tiger",
            "treat_id": "dogtreat-large-5"
          }
        ],
        "enjoyed": [
          {
            "name": "enjoyed-gazelle",
            "treat_id": "dogtreat-large-5"
          }
        ],
        "enough": [
          {
            "name": "enough-kangaroo",
            "treat_id": "dogtreat-large-5"
          }
        ],
        "epic": [
          {
            "name": "epic-redbird",
            "treat_id": "dogtreat-large-5"
          }
        ],
        "equal": [
          {
            "name": "equal-bug",
            "treat_id": "dogtreat-large-5"
          }
        ],
        "equipped": [
          {
            "name": "equipped-weevil",
            "treat_id": "dogtreat-large-5"
          }
        ],
        "eternal": [
          {
            "name": "eternal-locust",
            "treat_id": "dogtreat-large-5"
          }
        ],
        "faithful": [
          {
            "name": "faithful-tortoise",
            "treat_id": "dogtreat-large-5"
          }
        ],
        "fancy": [
          {
            "name": "fancy-tarpon",
            "treat_id": "dogtreat-large-5"
          }
        ],
        "feasible": [
          {
            "name": "feasible-cod",
            "treat_id": "dogtreat-large-5"
          }
        ],
        "firm": [
          {
            "name": "firm-sturgeon",
            "treat_id": "dogtreat-large-5"
          }
        ],
        "fitting": [
          {
            "name": "fitting-escargot",
            "treat_id": "dogtreat-large-5"
          }
        ],
        "fluent": [
          {
            "name": "fluent-weasel",
            "treat_id": "dogtreat-large-5"
          }
        ],
        "funny": [
          {
            "name": "funny-kid",
            "treat_id": "dogtreat-large-5"
          }
        ],
        "glorious": [
          {
            "name": "glorious-flounder",
            "treat_id": "dogtreat-large-5"
          },
          {
            "name": "glorious-tapir",
            "treat_id": "dogtreat-large-5"
          }
        ],
        "glowing": [
          {
            "name": "glowing-sculpin",
            "treat_id": "dogtreat-large-5"
          },
          {
            "name": "glowing-doe",
            "treat_id": "dogtreat-large-5"
          }
        ],
        "golden": [
          {
            "name": "golden-meerkat",
            "treat_id": "dogtreat-large-5"
          }
        ],
        "grateful": [
          {
            "name": "grateful-goldfish",
            "treat_id": "dogtreat-large-5"
          }
        ],
        "growing": [
          {
            "name": "growing-polecat",
            "treat_id": "dogtreat-large-5"
          },
          {
            "name": "growing-bobcat",
            "treat_id": "dogtreat-large-5"
          }
        ],
        "hardy": [
          {
            "name": "hardy-sheepdog",
            "treat_id": "dogtreat-large-5"
          }
        ],
        "hopeful": [
          {
            "name": "hopeful-chipmunk",
            "treat_id": "dogtreat-large-5"
          }
        ],
        "hot": [
          {
            "name": "hot-ghoul",
            "treat_id": "dogtreat-large-5"
          }
        ],
        "humble": [
          {
            "name": "humble-roughy",
            "treat_id": "dogtreat-large-5"
          }
        ],
        "humorous": [
          {
            "name": "humorous-crawdad",
            "treat_id": "dogtreat-large-5"
          }
        ],
        "intense": [
          {
            "name": "intense-guinea",
            "treat_id": "dogtreat-large-5"
          }
        ],
        "knowing": [
          {
            "name": "knowing-gobbler",
            "treat_id": "dogtreat-large-5"
          },
          {
            "name": "knowing-muskrat",
            "treat_id": "dogtreat-large-5"
          }
        ],
        "legible": [
          {
            "name": "legible-thrush",
            "treat_id": "dogtreat-large-5"
          }
        ],
        "liberal": [
          {
            "name": "liberal-bison",
            "treat_id": "dogtreat-large-5"
          }
        ],
        "living": [
          {
            "name": "living-gnu",
            "treat_id": "dogtreat-large-5"
          }
        ],
        "loyal": [
          {
            "name": "loyal-raccoon",
            "treat_id": "dogtreat-large-5"
          }
        ],
        "magical": [
          {
            "name": "magical-ram",
            "treat_id": "dogtreat-large-5"
          }
        ],
        "magnetic": [
          {
            "name": "magnetic-wildcat",
            "treat_id": "dogtreat-large-5"
          }
        ],
        "many": [
          {
            "name": "many-monster",
            "treat_id": "dogtreat-large-5"
          }
        ],
        "master": [
          {
            "name": "master-penguin",
            "treat_id": "dogtreat-large-5"
          }
        ],
        "model": [
          {
            "name": "model-ant",
            "treat_id": "dogtreat-large-5"
          }
        ],
        "modern": [
          {
            "name": "modern-seagull",
            "treat_id": "dogtreat-large-5"
          }
        ],
        "national": [
          {
            "name": "national-amoeba",
            "treat_id": "dogtreat-large-5"
          }
        ],
        "natural": [
          {
            "name": "natural-platypus",
            "treat_id": "dogtreat-large-5"
          }
        ],
        "neat": [
          {
            "name": "neat-imp",
            "treat_id": "dogtreat-large-5"
          },
          {
            "name": "neat-mule",
            "treat_id": "dogtreat-large-5"
          }
        ],
        "needed": [
          {
            "name": "needed-cardinal",
            "treat_id": "dogtreat-large-5"
          }
        ],
        "neutral": [
          {
            "name": "neutral-yeti",
            "treat_id": "dogtreat-large-5"
          }
        ],
        "pleased": [
          {
            "name": "pleased-dove",
            "treat_id": "dogtreat-large-5"
          },
          {
            "name": "pleased-joey",
            "treat_id": "dogtreat-large-5"
          }
        ],
        "precise": [
          {
            "name": "precise-ape",
            "treat_id": "dogtreat-large-5"
          }
        ],
        "prompt": [
          {
            "name": "prompt-ringtail",
            "treat_id": "dogtreat-large-5"
          },
          {
            "name": "prompt-beagle",
            "treat_id": "dogtreat-large-5"
          }
        ],
        "proper": [
          {
            "name": "proper-adder",
            "treat_id": "dogtreat-large-5"
          }
        ],
        "proven": [
          {
            "name": "proven-llama",
            "treat_id": "dogtreat-large-5"
          }
        ],
        "quality": [
          {
            "name": "quality-lioness",
            "treat_id": "dogtreat-large-5"
          }
        ],
        "rational": [
          {
            "name": "rational-dane",
            "treat_id": "dogtreat-large-5"
          }
        ],
        "refined": [
          {
            "name": "refined-iguana",
            "treat_id": "dogtreat-large-5"
          }
        ],
        "relaxing": [
          {
            "name": "relaxing-stallion",
            "treat_id": "dogtreat-large-5"
          }
        ],
        "relieved": [
          {
            "name": "relieved-snapper",
            "treat_id": "dogtreat-large-5"
          }
        ],
        "resolved": [
          {
            "name": "resolved-rhino",
            "treat_id": "dogtreat-large-5"
          }
        ],
        "rich": [
          {
            "name": "rich-racer",
            "treat_id": "dogtreat-large-5"
          }
        ],
        "safe": [
          {
            "name": "safe-sculpin",
            "treat_id": "dogtreat-large-5"
          }
        ],
        "selected": [
          {
            "name": "selected-pipefish",
            "treat_id": "dogtreat-large-5"
          }
        ],
        "settling": [
          {
            "name": "settling-kangaroo",
            "treat_id": "dogtreat-large-5"
          }
        ],
        "shining": [
          {
            "name": "shining-gecko",
            "treat_id": "dogtreat-large-5"
          }
        ],
        "sincere": [
          {
            "name": "sincere-ewe",
            "treat_id": "dogtreat-large-5"
          }
        ],
        "skilled": [
          {
            "name": "skilled-rat",
            "treat_id": "dogtreat-large-5"
          }
        ],
        "star": [
          {
            "name": "star-silkworm",
            "treat_id": "dogtreat-large-5"
          }
        ],
        "stirred": [
          {
            "name": "stirred-squirrel",
            "treat_id": "dogtreat-large-5"
          }
        ],
        "stirring": [
          {
            "name": "stirring-bobcat",
            "treat_id": "dogtreat-large-5"
          }
        ],
        "sunny": [
          {
            "name": "sunny-pelican",
            "treat_id": "dogtreat-large-5"
          },
          {
            "name": "sunny-lab",
            "treat_id": "dogtreat-large-5"
          }
        ],
        "superb": [
          {
            "name": "superb-zebra",
            "treat_id": "dogtreat-large-5"
          }
        ],
        "sure": [
          {
            "name": "sure-rat",
            "treat_id": "dogtreat-large-5"
          }
        ],
        "sweeping": [
          {
            "name": "sweeping-quail",
            "treat_id": "dogtreat-large-5"
          }
        ],
        "tidy": [
          {
            "name": "tidy-flounder",
            "treat_id": "dogtreat-large-5"
          }
        ],
        "top": [
          {
            "name": "top-heron",
            "treat_id": "dogtreat-large-5"
          }
        ],
        "topical": [
          {
            "name": "topical-raccoon",
            "treat_id": "dogtreat-large-5"
          },
          {
            "name": "topical-minnow",
            "treat_id": "dogtreat-large-5"
          }
        ],
        "trusted": [
          {
            "name": "trusted-possum",
            "treat_id": "dogtreat-large-5"
          }
        ],
        "unique": [
          {
            "name": "unique-gelding",
            "treat_id": "dogtreat-large-5"
          }
        ],
        "warm": [
          {
            "name": "warm-tick",
            "treat_id": "dogtreat-large-5"
          }
        ],
        "whole": [
          {
            "name": "whole-mammal",
            "treat_id": "dogtreat-large-5"
          }
        ],
        "wise": [
          {
            "name": "wise-lionfish",
            "treat_id": "dogtreat-large-5"
          }
        ],
        "witty": [
          {
            "name": "witty-vulture",
            "treat_id": "dogtreat-large-5"
          }
        ]
      },
      "type": [
        "object",
        {
          "allowing": [
            "tuple",
            [
              [
                "object",
                {
                  "name": "string",
                  "treat_id": "string"
                }
              ]
            ]
          ],
          "apparent": [
            "tuple",
            [
              [
                "object",
                {
                  "name": "string",
                  "treat_id": "string"
                }
              ]
            ]
          ],
          "becoming": [
            "tuple",
            [
              [
                "object",
                {
                  "name": "string",
                  "treat_id": "string"
                }
              ]
            ]
          ],
          "brief": [
            "tuple",
            [
              [
                "object",
                {
                  "name": "string",
                  "treat_id": "string"
                }
              ]
            ]
          ],
          "careful": [
            "tuple",
            [
              [
                "object",
                {
                  "name": "string",
                  "treat_id": "string"
                }
              ]
            ]
          ],
          "caring": [
            "tuple",
            [
              [
                "object",
                {
                  "name": "string",
                  "treat_id": "string"
                }
              ]
            ]
          ],
          "civil": [
            "tuple",
            [
              [
                "object",
                {
                  "name": "string",
                  "treat_id": "string"
                }
              ]
            ]
          ],
          "comic": [
            "tuple",
            [
              [
                "object",
                {
                  "name": "string",
                  "treat_id": "string"
                }
              ]
            ]
          ],
          "communal": [
            "tuple",
            [
              [
                "object",
                {
                  "name": "string",
                  "treat_id": "string"
                }
              ]
            ]
          ],
          "complete": [
            "tuple",
            [
              [
                "object",
                {
                  "name": "string",
                  "treat_id": "string"
                }
              ]
            ]
          ],
          "concrete": [
            "tuple",
            [
              [
                "object",
                {
                  "name": "string",
                  "treat_id": "string"
                }
              ],
              [
                "object",
                {
                  "name": "string",
                  "treat_id": "string"
                }
              ]
            ]
          ],
          "crisp": [
            "tuple",
            [
              [
                "object",
                {
                  "name": "string",
                  "treat_id": "string"
                }
              ]
            ]
          ],
          "delicate": [
            "tuple",
            [
              [
                "object",
                {
                  "name": "string",
                  "treat_id": "string"
                }
              ]
            ]
          ],
          "devoted": [
            "tuple",
            [
              [
                "object",
                {
                  "name": "string",
                  "treat_id": "string"
                }
              ]
            ]
          ],
          "dominant": [
            "tuple",
            [
              [
                "object",
                {
                  "name": "string",
                  "treat_id": "string"
                }
              ]
            ]
          ],
          "engaged": [
            "tuple",
            [
              [
                "object",
                {
                  "name": "string",
                  "treat_id": "string"
                }
              ]
            ]
          ],
          "enjoyed": [
            "tuple",
            [
              [
                "object",
                {
                  "name": "string",
                  "treat_id": "string"
                }
              ]
            ]
          ],
          "enough": [
            "tuple",
            [
              [
                "object",
                {
                  "name": "string",
                  "treat_id": "string"
                }
              ]
            ]
          ],
          "epic": [
            "tuple",
            [
              [
                "object",
                {
                  "name": "string",
                  "treat_id": "string"
                }
              ]
            ]
          ],
          "equal": [
            "tuple",
            [
              [
                "object",
                {
                  "name": "string",
                  "treat_id": "string"
                }
              ]
            ]
          ],
          "equipped": [
            "tuple",
            [
              [
                "object",
                {
                  "name": "string",
                  "treat_id": "string"
                }
              ]
            ]
          ],
          "eternal": [
            "tuple",
            [
              [
                "object",
                {
                  "name": "string",
                  "treat_id": "string"
                }
              ]
            ]
          ],
          "faithful": [
            "tuple",
            [
              [
                "object",
                {
                  "name": "string",
                  "treat_id": "string"
                }
              ]
            ]
          ],
          "fancy": [
            "tuple",
            [
              [
                "object",
                {
                  "name": "string",
                  "treat_id": "string"
                }
              ]
            ]
          ],
          "feasible": [
            "tuple",
            [
              [
                "object",
                {
                  "name": "string",
                  "treat_id": "string"
                }
              ]
            ]
          ],
          "firm": [
            "tuple",
            [
              [
                "object",
                {
                  "name": "string",
                  "treat_id": "string"
                }
              ]
            ]
          ],
          "fitting": [
            "tuple",
            [
              [
                "object",
                {
                  "name": "string",
                  "treat_id": "string"
                }
              ]
            ]
          ],
          "fluent": [
            "tuple",
            [
              [
                "object",
                {
                  "name": "string",
                  "treat_id": "string"
                }
              ]
            ]
          ],
          "funny": [
            "tuple",
            [
              [
                "object",
                {
                  "name": "string",
                  "treat_id": "string"
                }
              ]
            ]
          ],
          "glorious": [
            "tuple",
            [
              [
                "object",
                {
                  "name": "string",
                  "treat_id": "string"
                }
              ],
              [
                "object",
                {
                  "name": "string",
                  "treat_id": "string"
                }
              ]
            ]
          ],
          "glowing": [
            "tuple",
            [
              [
                "object",
                {
                  "name": "string",
                  "treat_id": "string"
                }
              ],
              [
                "object",
                {
                  "name": "string",
                  "treat_id": "string"
                }
              ]
            ]
          ],
          "golden": [
            "tuple",
            [
              [
                "object",
                {
                  "name": "string",
                  "treat_id": "string"
                }
              ]
            ]
          ],
          "grateful": [
            "tuple",
            [
              [
                "object",
                {
                  "name": "string",
                  "treat_id": "string"
                }
              ]
            ]
          ],
          "growing": [
            "tuple",
            [
              [
                "object",
                {
                  "name": "string",
                  "treat_id": "string"
                }
              ],
              [
                "object",
                {
                  "name": "string",
                  "treat_id": "string"
                }
              ]
            ]
          ],
          "hardy": [
            "tuple",
            [
              [
                "object",
                {
                  "name": "string",
                  "treat_id": "string"
                }
              ]
            ]
          ],
          "hopeful": [
            "tuple",
            [
              [
                "object",
                {
                  "name": "string",
                  "treat_id": "string"
                }
              ]
            ]
          ],
          "hot": [
            "tuple",
            [
              [
                "object",
                {
                  "name": "string",
                  "treat_id": "string"
                }
              ]
            ]
          ],
          "humble": [
            "tuple",
            [
              [
                "object",
                {
                  "name": "string",
                  "treat_id": "string"
                }
              ]
            ]
          ],
          "humorous": [
            "tuple",
            [
              [
                "object",
                {
                  "name": "string",
                  "treat_id": "string"
                }
              ]
            ]
          ],
          "intense": [
            "tuple",
            [
              [
                "object",
                {
                  "name": "string",
                  "treat_id": "string"
                }
              ]
            ]
          ],
          "knowing": [
            "tuple",
            [
              [
                "object",
                {
                  "name": "string",
                  "treat_id": "string"
                }
              ],
              [
                "object",
                {
                  "name": "string",
                  "treat_id": "string"
                }
              ]
            ]
          ],
          "legible": [
            "tuple",
            [
              [
                "object",
                {
                  "name": "string",
                  "treat_id": "string"
                }
              ]
            ]
          ],
          "liberal": [
            "tuple",
            [
              [
                "object",
                {
                  "name": "string",
                  "treat_id": "string"
                }
              ]
            ]
          ],
          "living": [
            "tuple",
            [
              [
                "object",
                {
                  "name": "string",
                  "treat_id": "string"
                }
              ]
            ]
          ],
          "loyal": [
            "tuple",
            [
              [
                "object",
                {
                  "name": "string",
                  "treat_id": "string"
                }
              ]
            ]
          ],
          "magical": [
            "tuple",
            [
              [
                "object",
                {
                  "name": "string",
                  "treat_id": "string"
                }
              ]
            ]
          ],
          "magnetic": [
            "tuple",
            [
              [
                "object",
                {
                  "name": "string",
                  "treat_id": "string"
                }
              ]
            ]
          ],
          "many": [
            "tuple",
            [
              [
                "object",
                {
                  "name": "string",
                  "treat_id": "string"
                }
              ]
            ]
          ],
          "master": [
            "tuple",
            [
              [
                "object",
                {
                  "name": "string",
                  "treat_id": "string"
                }
              ]
            ]
          ],
          "model": [
            "tuple",
            [
              [
                "object",
                {
                  "name": "string",
                  "treat_id": "string"
                }
              ]
            ]
          ],
          "modern": [
            "tuple",
            [
              [
                "object",
                {
                  "name": "string",
                  "treat_id": "string"
                }
              ]
            ]
          ],
          "national": [
            "tuple",
            [
              [
                "object",
                {
                  "name": "string",
                  "treat_id": "string"
                }
              ]
            ]
          ],
          "natural": [
            "tuple",
            [
              [
                "object",
                {
                  "name": "string",
                  "treat_id": "string"
                }
              ]
            ]
          ],
          "neat": [
            "tuple",
            [
              [
                "object",
                {
                  "name": "string",
                  "treat_id": "string"
                }
              ],
              [
                "object",
                {
                  "name": "string",
                  "treat_id": "string"
                }
              ]
            ]
          ],
          "needed": [
            "tuple",
            [
              [
                "object",
                {
                  "name": "string",
                  "treat_id": "string"
                }
              ]
            ]
          ],
          "neutral": [
            "tuple",
            [
              [
                "object",
                {
                  "name": "string",
                  "treat_id": "string"
                }
              ]
            ]
          ],
          "pleased": [
            "tuple",
            [
              [
                "object",
                {
                  "name": "string",
                  "treat_id": "string"
                }
              ],
              [
                "object",
                {
                  "name": "string",
                  "treat_id": "string"
                }
              ]
            ]
          ],
          "precise": [
            "tuple",
            [
              [
                "object",
                {
                  "name": "string",
                  "treat_id": "string"
                }
              ]
            ]
          ],
          "prompt": [
            "tuple",
            [
              [
                "object",
                {
                  "name": "string",
                  "treat_id": "string"
                }
              ],
              [
                "object",
                {
                  "name": "string",
                  "treat_id": "string"
                }
              ]
            ]
          ],
          "proper": [
            "tuple",
            [
              [
                "object",
                {
                  "name": "string",
                  "treat_id": "string"
                }
              ]
            ]
          ],
          "proven": [
            "tuple",
            [
              [
                "object",
                {
                  "name": "string",
                  "treat_id": "string"
                }
              ]
            ]
          ],
          "quality": [
            "tuple",
            [
              [
                "object",
                {
                  "name": "string",
                  "treat_id": "string"
                }
              ]
            ]
          ],
          "rational": [
            "tuple",
            [
              [
                "object",
                {
                  "name": "string",
                  "treat_id": "string"
                }
              ]
            ]
          ],
          "refined": [
            "tuple",
            [
              [
                "object",
                {
                  "name": "string",
                  "treat_id": "string"
                }
              ]
            ]
          ],
          "relaxing": [
            "tuple",
            [
              [
                "object",
                {
                  "name": "string",
                  "treat_id": "string"
                }
              ]
            ]
          ],
          "relieved": [
            "tuple",
            [
              [
                "object",
                {
                  "name": "string",
                  "treat_id": "string"
                }
              ]
            ]
          ],
          "resolved": [
            "tuple",
            [
              [
                "object",
                {
                  "name": "string",
                  "treat_id": "string"
                }
              ]
            ]
          ],
          "rich": [
            "tuple",
            [
              [
                "object",
                {
                  "name": "string",
                  "treat_id": "string"
                }
              ]
            ]
          ],
          "safe": [
            "tuple",
            [
              [
                "object",
                {
                  "name": "string",
                  "treat_id": "string"
                }
              ]
            ]
          ],
          "selected": [
            "tuple",
            [
              [
                "object",
                {
                  "name": "string",
                  "treat_id": "string"
                }
              ]
            ]
          ],
          "settling": [
            "tuple",
            [
              [
                "object",
                {
                  "name": "string",
                  "treat_id": "string"
                }
              ]
            ]
          ],
          "shining": [
            "tuple",
            [
              [
                "object",
                {
                  "name": "string",
                  "treat_id": "string"
                }
              ]
            ]
          ],
          "sincere": [
            "tuple",
            [
              [
                "object",
                {
                  "name": "string",
                  "treat_id": "string"
                }
              ]
            ]
          ],
          "skilled": [
            "tuple",
            [
              [
                "object",
                {
                  "name": "string",
                  "treat_id": "string"
                }
              ]
            ]
          ],
          "star": [
            "tuple",
            [
              [
                "object",
                {
                  "name": "string",
                  "treat_id": "string"
                }
              ]
            ]
          ],
          "stirred": [
            "tuple",
            [
              [
                "object",
                {
                  "name": "string",
                  "treat_id": "string"
                }
              ]
            ]
          ],
          "stirring": [
            "tuple",
            [
              [
                "object",
                {
                  "name": "string",
                  "treat_id": "string"
                }
              ]
            ]
          ],
          "sunny": [
            "tuple",
            [
              [
                "object",
                {
                  "name": "string",
                  "treat_id": "string"
                }
              ],
              [
                "object",
                {
                  "name": "string",
                  "treat_id": "string"
                }
              ]
            ]
          ],
          "superb": [
            "tuple",
            [
              [
                "object",
                {
                  "name": "string",
                  "treat_id": "string"
                }
              ]
            ]
          ],
          "sure": [
            "tuple",
            [
              [
                "object",
                {
                  "name": "string",
                  "treat_id": "string"
                }
              ]
            ]
          ],
          "sweeping": [
            "tuple",
            [
              [
                "object",
                {
                  "name": "string",
                  "treat_id": "string"
                }
              ]
            ]
          ],
          "tidy": [
            "tuple",
            [
              [
                "object",
                {
                  "name": "string",
                  "treat_id": "string"
                }
              ]
            ]
          ],
          "top": [
            "tuple",
            [
              [
                "object",
                {
                  "name": "string",
                  "treat_id": "string"
                }
              ]
            ]
          ],
          "topical": [
            "tuple",
            [
              [
                "object",
                {
                  "name": "string",
                  "treat_id": "string"
                }
              ],
              [
                "object",
                {
                  "name": "string",
                  "treat_id": "string"
                }
              ]
            ]
          ],
          "trusted": [
            "tuple",
            [
              [
                "object",
                {
                  "name": "string",
                  "treat_id": "string"
                }
              ]
            ]
          ],
          "unique": [
            "tuple",
            [
              [
                "object",
                {
                  "name": "string",
                  "treat_id": "string"
                }
              ]
            ]
          ],
          "warm": [
            "tuple",
            [
              [
                "object",
                {
                  "name": "string",
                  "treat_id": "string"
                }
              ]
            ]
          ],
          "whole": [
            "tuple",
            [
              [
                "object",
                {
                  "name": "string",
                  "treat_id": "string"
                }
              ]
            ]
          ],
          "wise": [
            "tuple",
            [
              [
                "object",
                {
                  "name": "string",
                  "treat_id": "string"
                }
              ]
            ]
          ],
          "witty": [
            "tuple",
            [
              [
                "object",
                {
                  "name": "string",
                  "treat_id": "string"
                }
              ]
            ]
          ]
        }
      ]
    },
    "public_menu_output": {
      "value": "Turkey Sandwich",
      "type": "string"
    },
    "public_menu_pricing": {
      "value": {
        "drink": "$1.00",
        "sandwich": "$5.00",
        "soup": "$2.50"
      },
      "type": [
        "object",
        {
          "drink": "string",
          "sandwich": "string",
          "soup": "string"
        }
      ]
    },
    "random_pets_count": {
      "value": 100,
      "type": "number"
    },
    "random_pets_names": {
      "value": [
        "concrete-grouper",
        "enough-kangaroo",
        "humble-roughy",
        "modern-seagull",
        "comic-buzzard",
        "safe-sculpin",
        "eternal-locust",
        "wise-lionfish",
        "equipped-weevil",
        "enjoyed-gazelle",
        "allowing-weevil",
        "apparent-bee",
        "civil-dinosaur",
        "fancy-tarpon",
        "liberal-bison",
        "fitting-escargot",
        "national-amoeba",
        "proper-adder",
        "equal-bug",
        "trusted-possum",
        "firm-sturgeon",
        "living-gnu",
        "glowing-sculpin",
        "dominant-pangolin",
        "humorous-crawdad",
        "devoted-urchin",
        "superb-zebra",
        "neat-imp",
        "brief-bullfrog",
        "funny-kid",
        "settling-kangaroo",
        "faithful-tortoise",
        "sweeping-quail",
        "whole-mammal",
        "sunny-pelican",
        "topical-raccoon",
        "hardy-sheepdog",
        "sure-rat",
        "pleased-dove",
        "epic-redbird",
        "pleased-joey",
        "skilled-rat",
        "crisp-aardvark",
        "loyal-raccoon",
        "tidy-flounder",
        "magical-ram",
        "hopeful-chipmunk",
        "hot-ghoul",
        "stirred-squirrel",
        "neat-mule",
        "unique-gelding",
        "relaxing-stallion",
        "warm-tick",
        "needed-cardinal",
        "sincere-ewe",
        "sunny-lab",
        "resolved-rhino",
        "glorious-flounder",
        "complete-orca",
        "relieved-snapper",
        "quality-lioness",
        "top-heron",
        "neutral-yeti",
        "precise-ape",
        "selected-pipefish",
        "proven-llama",
        "natural-platypus",
        "knowing-gobbler",
        "prompt-ringtail",
        "concrete-possum",
        "communal-badger",
        "golden-meerkat",
        "many-monster",
        "witty-vulture",
        "growing-polecat",
        "magnetic-wildcat",
        "legible-thrush",
        "rich-racer",
        "topical-minnow",
        "growing-bobcat",
        "careful-muskox",
        "fluent-weasel",
        "master-penguin",
        "engaged-tiger",
        "rational-dane",
        "becoming-toad",
        "prompt-beagle",
        "refined-iguana",
        "shining-gecko",
        "grateful-goldfish",
        "knowing-muskrat",
        "feasible-cod",
        "model-ant",
        "caring-penguin",
        "delicate-tetra",
        "glorious-tapir",
        "intense-guinea",
        "stirring-bobcat",
        "glowing-doe",
        "star-silkworm"
      ],
      "type": [
        "tuple",
        [
          "string",
          "string",
          "string",
          "string",
          "string",
          "string",
          "string",
          "string",
          "string",
          "string",
          "string",
          "string",
          "string",
          "string",
          "string",
          "string",
          "string",
          "string",
          "string",
          "string",
          "string",
          "string",
          "string",
          "string",
          "string",
          "string",
          "string",
          "string",
          "string",
          "string",
          "string",
          "string",
          "string",
          "string",
          "string",
          "string",
          "string",
          "string",
          "string",
          "string",
          "string",
          "string",
          "string",
          "string",
          "string",
          "string",
          "string",
          "string",
          "string",
          "string",
          "string",
          "string",
          "string",
          "string",
          "string",
          "string",
          "string",
          "string",
          "string",
          "string",
          "string",
          "string",
          "string",
          "string",
          "string",
          "string",
          "string",
          "string",
          "string",
          "string",
          "string",
          "string",
          "string",
          "string",
          "string",
          "string",
          "string",
          "string",
          "string",
          "string",
          "string",
          "string",
          "string",
          "string",
          "string",
          "string",
          "string",
          "string",
          "string",
          "string",
          "string",
          "string",
          "string",
          "string",
          "string",
          "string",
          "string",
          "string",
          "string",
          "string"
        ]
      ]
    },
    "sample_pet_treats": {
      "value": {
        "comic-buzzard": {
          "treat_id": "dogtreat-large-5",
          "treat_price": 2,
          "treat_size": "large"
        },
        "concrete-grouper": {
          "treat_id": "dogtreat-large-5",
          "treat_price": 2,
          "treat_size": "large"
        },
        "enough-kangaroo": {
          "treat_id": "dogtreat-large-5",
          "treat_price": 2,
          "treat_size": "large"
        },
        "humble-roughy": {
          "treat_id": "dogtreat-large-5",
          "treat_price": 2,
          "treat_size": "large"
        },
        "modern-seagull": {
          "treat_id": "dogtreat-large-5",
          "treat_price": 2,
          "treat_size": "large"
        }
      },
      "type": [
        "object",
        {
          "comic-buzzard": [
            "object",
            {
              "treat_id": "string",
              "treat_price": "number",
              "treat_size": "string"
            }
          ],
          "concrete-grouper": [
            "object",
            {
              "treat_id": "string",
              "treat_price": "number",
              "treat_size": "string"
            }
          ],
          "enough-kangaroo": [
            "object",
            {
              "treat_id": "string",
              "treat_price": "number",
              "treat_size": "string"
            }
          ],
          "humble-roughy": [
            "object",
            {
              "treat_id": "string",
              "treat_price": "number",
              "treat_size": "string"
            }
          ],
          "modern-seagull": [
            "object",
            {
              "treat_id": "string",
              "treat_price": "number",
              "treat_size": "string"
            }
          ]
        }
      ]
    },
    "sandwich_order_public": {
      "value": {
        "customer_id": "CUST-67890",
        "order_id": "ORD-12345",
        "total_price": 12.5
      },
      "type": [
        "object",
        {
          "customer_id": "string",
          "order_id": "string",
          "total_price": "number"
        }
      ]
    },
    "sandwich_order_sensitive": {
      "value": {
        "email": "customer@example.com",
        "payment_token": "tok_abc123xyz"
      },
      "type": [
        "object",
        {
          "email": "string",
          "payment_token": "string"
        }
      ],
      "sensitive": true
    },
    "sandwich_order_with_sensitive": {
      "value": {
        "customer_id": "CUST-67890",
        "email": "customer@example.com",
        "order_id": "ORD-12345",
        "payment_token": "tok_abc123xyz",
        "total_price": 12.5
      },
      "type": [
        "object",
        {
          "customer_id": "string",
          "email": "string",
          "order_id": "string",
          "payment_token": "string",
          "total_price": "number"
        }
      ],
      "sensitive": true
    },
    "sensitive_api_key_output": {
      "value": "sk_live_1234567890abcdef",
      "type": "string",
      "sensitive": true
    },
    "sensitive_config": {
      "value": {
        "api_key": "sk_live_1234567890abcdef",
        "endpoint": "https://api.example.com/v1"
      },
      "type": [
        "object",
        {
          "api_key": "string",
          "endpoint": "string"
        }
      ],
      "sensitive": true
    },
    "sensitive_connection_string": {
      "value": "https://api.example.com?key=sk_live_1234567890abcdef",
      "type": "string",
      "sensitive": true
    },
    "sensitive_credentials_output": {
      "value": {
        "api_key": "sk_live_1234567890",
        "db_password": "SecurePassword123!",
        "secret_token": "tok_abc123xyz"
      },
      "type": [
        "map",
        "string"
      ],
      "sensitive": true
    },
    "sensitive_customer_info": {
      "value": {
        "email": "customer@example.com",
        "password": "SuperSecretPassword123!"
      },
      "type": [
        "object",
        {
          "email": "string",
          "password": "string"
        }
      ],
      "sensitive": true
    },
    "sensitive_password_output": {
      "value": "SuperSecretPassword123!",
      "type": "string",
      "sensitive": true
    },
    "set_access_examples": {
      "value": {
        "contains_check": true,
        "converted_to_list": [
          "ham",
          "roast beef",
          "turkey"
        ],
        "filtered_item": "turkey",
        "first_from_set": "ham"
      },
      "type": [
        "object",
        {
          "contains_check": "bool",
          "converted_to_list": [
            "list",
            "string"
          ],
          "filtered_item": "string",
          "first_from_set": "string"
        }
      ]
    },
    "special_pets": {
      "value": [
        {
          "pet_name": "hardy-sheepdog",
          "treat_id": "dogtreat-large-5"
        }
      ],
      "type": [
        "tuple",
        [
          [
            "object",
            {
              "pet_name": "string",
              "treat_id": "string"
            }
          ]
        ]
      ]
    },
    "splat_computed_examples": {
      "value": {
        "all_prices": [
          5,
          5,
          5,
          5,
          5
        ],
        "average_price": 5,
        "total_cost": 25
      },
      "type": [
        "object",
        {
          "all_prices": [
            "tuple",
            [
              "number",
              "number",
              "number",
              "number",
              "number"
            ]
          ],
          "average_price": "number",
          "total_cost": "number"
        }
      ]
    },
    "splat_count_examples": {
      "value": {
        "all_bread_ids": [
          "bread-rye-3",
          "bread-wheat-5",
          "bread-sourdough-9",
          "bread-ciabatta-8"
        ],
        "all_bread_kinds": [
          "rye",
          "wheat",
          "sourdough",
          "ciabatta"
        ],
        "bread_count": 4
      },
      "type": [
        "object",
        {
          "all_bread_ids": [
            "tuple",
            [
              "string",
              "string",
              "string",
              "string"
            ]
          ],
          "all_bread_kinds": [
            "tuple",
            [
              "string",
              "string",
              "string",
              "string"
            ]
          ],
          "bread_count": "number"
        }
      ]
    },
    "splat_for_each_examples": {
      "value": {
        "all_meat_ids": [
          "meat-chicken-7",
          "meat-ham-3",
          "meat-pastrami-8",
          "meat-roast beef-10",
          "meat-turkey-6"
        ],
        "all_meat_kinds": [
          "chicken",
          "ham",
          "pastrami",
          "roast beef",
          "turkey"
        ],
        "equivalent_for_expr": [
          "meat-chicken-7",
          "meat-ham-3",
          "meat-pastrami-8",
          "meat-roast beef-10",
          "meat-turkey-6"
        ]
      },
      "type": [
        "object",
        {
          "all_meat_ids": [
            "tuple",
            [
              "string",
              "string",
              "string",
              "string",
              "string"
            ]
          ],
          "all_meat_kinds": [
            "tuple",
            [
              "string",
              "string",
              "string",
              "string",
              "string"
            ]
          ],
          "equivalent_for_expr": [
            "tuple",
            [
              "string",
              "string",
              "string",
              "string",
              "string"
            ]
          ]
        }
      ]
    },
    "splat_list_examples": {
      "value": {
        "all_bread_ids": [
          "bread-rye-3",
          "bread-sourdough-9",
          "bread-ciabatta-8"
        ],
        "all_names": [
          "Turkey on Rye",
          "Ham on Sourdough",
          "Roast Beef on Ciabatta"
        ]
      },
      "type": [
        "object",
        {
          "all_bread_ids": [
            "tuple",
            [
              "string",
              "string",
              "string"
            ]
          ],
          "all_names": [
            "tuple",
            [
              "string",
              "string",
              "string"
            ]
          ]
        }
      ]
    },
    "splat_map_examples": {
      "value": {
        "all_capacities": [
          "50",
          "75",
          "100"
        ],
        "all_store_names": [
          "Downtown Store",
          "Uptown Store",
          "Airport Store"
        ]
      },
      "type": [
        "object",
        {
          "all_capacities": [
            "tuple",
            [
              "string",
              "string",
              "string"
            ]
          ],
          "all_store_names": [
            "tuple",
            [
              "string",
              "string",
              "string"
            ]
          ]
        }
      ]
    },
    "splat_practical_examples": {
      "value": {
        "bag_sandwiches": [
          "sandwich-bread-rye-3-meat-chicken-7",
          "sandwich-bread-rye-3-meat-ham-3",
          "sandwich-bread-rye-3-meat-pastrami-8",
          "sandwich-bread-rye-3-meat-roast beef-10",
          "sandwich-bread-rye-3-meat-turkey-6"
        ],
        "total_cost": 25,
        "unique_bread_kinds": [
          "ciabatta",
          "rye",
          "sourdough",
          "wheat"
        ]
      },
      "type": [
        "object",
        {
          "bag_sandwiches": [
            "list",
            "string"
          ],
          "total_cost": "number",
          "unique_bread_kinds": [
            "set",
            "string"
          ]
        }
      ]
    },
    "string_case_examples": {
      "value": {
        "lower": "hello world",
        "title": "Hello World",
        "upper": "HELLO WORLD"
      },
      "type": [
        "object",
        {
          "lower": "string",
          "title": "string",
          "upper": "string"
        }
      ]
    },
    "string_checking_examples": {
      "value": {
        "endswith": true,
        "startswith": true,
        "strcontains": true
      },
      "type": [
        "object",
        {
          "endswith": "bool",
          "startswith": "bool",
          "strcontains": "bool"
        }
      ]
    },
    "string_formatting_examples": {
      "value": {
        "format": "Hello, World!",
        "formatlist": [
          "Item: apple",
          "Item: banana",
          "Item: cherry"
        ]
      },
      "type": [
        "object",
        {
          "format": "string",
          "formatlist": [
            "list",
            "string"
          ]
        }
      ]
    },
    "string_practical_examples": {
      "value": {
        "all_numbers": [
          "123",
          "456",
          "789"
        ],
        "cleaned_input": "BREAD-RYE",
        "extract_version": [
          "1.2.3"
        ],
        "normalized_name": "fresh-rye-bread"
      },
      "type": [
        "object",
        {
          "all_numbers": [
            "list",
            "string"
          ],
          "cleaned_input": "string",
          "extract_version": [
            "tuple",
            [
              "string"
            ]
          ],
          "normalized_name": "string"
        }
      ]
    },
    "string_regex_examples": {
      "value": {
        "regex": "123",
        "regexall": [
          "123",
          "456"
        ]
      },
      "type": [
        "object",
        {
          "regex": "string",
          "regexall": [
            "list",
            "string"
          ]
        }
      ]
    },
    "string_replacement_examples": {
      "value": {
        "regexreplace": "bread-XXX",
        "replace": "hello terraform"
      },
      "type": [
        "object",
        {
          "regexreplace": "string",
          "replace": "string"
        }
      ]
    },
    "string_slicing_examples": {
      "value": {
        "last_chars": "e-3",
        "substr": "hello"
      },
      "type": [
        "object",
        {
          "last_chars": "string",
          "substr": "string"
        }
      ]
    },
    "string_split_join_examples": {
      "value": {
        "join": "bread-rye-123",
        "split": [
          "apple",
          "banana",
          "cherry"
        ],
        "transform": "bread_rye_123"
      },
      "type": [
        "object",
        {
          "join": "string",
          "split": [
            "list",
            "string"
          ],
          "transform": "string"
        }
      ]
    },
    "string_trimming_examples": {
      "value": {
        "trim": "Hello",
        "trimprefix": "bread.example",
        "trimspace": "hello world",
        "trimsuffix": "example"
      },
      "type": [
        "object",
        {
          "trim": "string",
          "trimprefix": "string",
          "trimspace": "string",
          "trimsuffix": "string"
        }
      ]
    },
    "taint_example_sandwich_id": {
      "value": "sandwich-bread-rye-3-meat-turkey-6",
      "type": "string"
    },
    "taint_workflow_note": {
      "value": {
        "message": "Taint resources to force recreation",
        "method_legacy": "terraform taint \u003cresource\u003e",
        "method_modern": "terraform apply -replace=\u003cresource\u003e",
        "note": "Use -replace for modern Terraform versions"
      },
      "type": [
        "object",
        {
          "message": "string",
          "method_legacy": "string",
          "method_modern": "string",
          "note": "string"
        }
      ]
    },
    "total_treat_cost": {
      "value": 200,
      "type": "number"
    },
    "treat_statistics": {
      "value": {
        "average_cost": 2,
        "large_treats": 100,
        "small_treats": 0,
        "total_cost": 200,
        "total_treats": 100,
        "unique_prefixes": 90
      },
      "type": [
        "object",
        {
          "average_cost": "number",
          "large_treats": "number",
          "small_treats": "number",
          "total_cost": "number",
          "total_treats": "number",
          "unique_prefixes": "number"
        }
      ]
    },
    "try_brownie_price": {
      "value": 2,
      "type": "number"
    },
    "try_complex_average_price": {
      "value": 5,
      "type": "number"
    },
    "try_complex_discounted_price": {
      "value": 4.5,
      "type": "number"
    },
    "try_complex_total_cost": {
      "value": 15,
      "type": "number"
    },
    "try_cookie_kind": {
      "value": "chocolate chip",
      "type": "string"
    },
    "try_cookie_price": {
      "value": 1.5,
      "type": "number"
    },
    "try_display_name": {
      "value": "turkey on rye",
      "type": "string"
    },
    "try_env_is_production": {
      "value": false,
      "type": "bool"
    },
    "try_env_sandwich_price": {
      "value": 5,
      "type": "number"
    },
    "try_env_total_cost": {
      "value": 5,
      "type": "number"
    },
    "try_map_price_comparison": {
      "value": {
        "soup": {
          "actual": 2.5,
          "from_map": 2.5
        },
        "stroopwafel": {
          "actual": 1.75,
          "from_map": 1.75
        }
      },
      "type": [
        "object",
        {
          "soup": [
            "object",
            {
              "actual": "number",
              "from_map": "number"
            }
          ],
          "stroopwafel": [
            "object",
            {
              "actual": "number",
              "from_map": "number"
            }
          ]
        }
      ]
    },
    "try_map_soup_price": {
      "value": 2.5,
      "type": "number"
    },
    "try_map_stroopwafel_price": {
      "value": 1.75,
      "type": "number"
    },
    "try_nested_drink_kind": {
      "value": "cola",
      "type": "string"
    },
    "try_nested_sandwich_name": {
      "value": "turkey on rye",
      "type": "string"
    },
    "try_total_dessert_cost": {
      "value": 3.5,
      "type": "number"
    },
    "try_with_description_result": {
      "value": "This sandwich has a custom description",
      "type": "string"
    },
    "types_complex_nested_examples": {
      "value": {
        "customer_name": "Jane Smith",
        "first_item": {
          "name": "sandwich",
          "price": 5,
          "quantity": 2
        },
        "first_item_price": 5,
        "has_delivery_tag": true,
        "order_source": "web",
        "order_total": 12
      },
      "type": [
        "object",
        {
          "customer_name": "string",
          "first_item": [
            "object",
            {
              "name": "string",
              "price": "number",
              "quantity": "number"
            }
          ],
          "first_item_price": "number",
          "has_delivery_tag": "bool",
          "order_source": "string",
          "order_total": "number"
        }
      ]
    },
    "types_conversion_examples": {
      "value": {
        "list_to_set": [
          "ham",
          "roast beef",
          "turkey"
        ],
        "set_to_list": [
          "chicken",
          "ham",
          "roast beef",
          "turkey"
        ],
        "tuple_to_list": [
          "sandwich",
          "5",
          "true"
        ]
      },
      "type": [
        "object",
        {
          "list_to_set": [
            "set",
            "string"
          ],
          "set_to_list": [
            "list",
            "string"
          ],
          "tuple_to_list": [
            "list",
            "string"
          ]
        }
      ]
    },
    "types_list_examples": {
      "value": {
        "filtered_list": [
          "turkey",
          "turkey"
        ],
        "first_item": "turkey",
        "last_item": "roast beef",
        "list_length": 4,
        "original_list": [
          "turkey",
          "ham",
          "turkey",
          "roast beef"
        ],
        "uppercase_list": [
          "TURKEY",
          "HAM",
          "TURKEY",
          "ROAST BEEF"
        ]
      },
      "type": [
        "object",
        {
          "filtered_list": [
            "tuple",
            [
              "string",
              "string"
            ]
          ],
          "first_item": "string",
          "last_item": "string",
          "list_length": "number",
          "original_list": [
            "list",
            "string"
          ],
          "uppercase_list": [
            "tuple",
            [
              "string",
              "string",
              "string",
              "string"
            ]
          ]
        }
      ]
    },
    "types_map_examples": {
      "value": {
        "all_keys": [
          "cookie",
          "drink",
          "salad",
          "sandwich",
          "soup"
        ],
        "all_values": [
          1.5,
          1,
          4,
          5,
          2.5
        ],
        "discounted_prices": {
          "cookie": 1.3499999999999999999999999999999999999999999999999999999999999999999999999999999999999999999999999999999999999999999999999999999999999999999999999999999999,
          "drink": 0.9,
          "salad": 3.6,
          "sandwich": 4.5,
          "soup": 2.25
        },
        "expensive_items": {
          "salad": 4,
          "sandwich": 5
        },
        "original_map": {
          "cookie": 1.5,
          "drink": 1,
          "salad": 4,
          "sandwich": 5,
          "soup": 2.5
        },
        "sandwich_price": 5
      },
      "type": [
        "object",
        {
          "all_keys": [
            "list",
            "string"
          ],
          "all_values": [
            "list",
            "number"
          ],
          "discounted_prices": [
            "object",
            {
              "cookie": "number",
              "drink": "number",
              "salad": "number",
              "sandwich": "number",
              "soup": "number"
            }
          ],
          "expensive_items": [
            "object",
            {
              "salad": "number",
              "sandwich": "number"
            }
          ],
          "original_map": [
            "map",
            "number"
          ],
          "sandwich_price": "number"
        }
      ]
    },
    "types_object_examples": {
      "value": {
        "customer_name": "John Doe",
        "order_id": "ORD-123",
        "order_quantity": 5,
        "order_summary": {
          "id": "ORD-123",
          "item_count": 3,
          "priority": true
        }
      },
      "type": [
        "object",
        {
          "customer_name": "string",
          "order_id": "string",
          "order_quantity": "number",
          "order_summary": [
            "object",
            {
              "id": "string",
              "item_count": "number",
              "priority": "bool"
            }
          ]
        }
      ]
    },
    "types_set_examples": {
      "value": {
        "has_turkey": true,
        "original_set": [
          "chicken",
          "ham",
          "roast beef",
          "turkey"
        ],
        "set_as_list": [
          "chicken",
          "ham",
          "roast beef",
          "turkey"
        ],
        "set_size": 4
      },
      "type": [
        "object",
        {
          "has_turkey": "bool",
          "original_set": [
            "set",
            "string"
          ],
          "set_as_list": [
            "list",
            "string"
          ],
          "set_size": "number"
        }
      ]
    },
    "types_tuple_examples": {
      "value": {
        "item_available": true,
        "item_name": "sandwich",
        "item_price": 5,
        "original_tuple": [
          "sandwich",
          5,
          true
        ],
        "tuple_as_list": [
          "sandwich",
          "5",
          "true"
        ]
      },
      "type": [
        "object",
        {
          "item_available": "bool",
          "item_name": "string",
          "item_price": "number",
          "original_tuple": [
            "tuple",
            [
              "string",
              "number",
              "bool"
            ]
          ],
          "tuple_as_list": [
            "list",
            "string"
          ]
        }
      ]
    },
    "variable_examples": {
      "value": {
        "bread_type": "rye",
        "budget": 3000,
        "custom_desc": null,
        "include_drinks": true,
        "meat_types": [
          "turkey",
          "ham"
        ],
        "sandwich_config": {
          "available": true,
          "bread_type": "rye",
          "meat_type": "turkey",
          "price": 5
        },
        "sandwich_count": 10,
        "store_config": {
          "max_customers": "25",
          "name": "Default Store",
          "open_hours": "8am-6pm"
        }
      },
      "type": [
        "object",
        {
          "bread_type": "string",
          "budget": "number",
          "custom_desc": "string",
          "include_drinks": "bool",
          "meat_types": [
            "list",
            "string"
          ],
          "sandwich_config": [
            "object",
            {
              "available": "bool",
              "bread_type": "string",
              "meat_type": "string",
              "price": "number"
            }
          ],
          "sandwich_count": "number",
          "store_config": [
            "map",
            "string"
          ]
        }
      ]
    },
    "variable_sources": {
      "value": {
        "current_bread": "Current bread type: rye",
        "current_budget": "Current budget: ${var.store_budget}",
        "note": "Variables can be set via: .tfvars files, command line, environment variables, or defaults"
      },
      "type": [
        "object",
        {
          "current_bread": "string",
          "current_budget": "string",
          "note": "string"
        }
      ]
    }
  },
  "resources": [
    {
      "mode": "data",
      "type": "hw_deli_meats",
      "name": "access_available",
      "provider": "provider[\"registry.terraform.io/bevelwork/hashiwich\"]",
      "instances": [
        {
          "schema_version": 0,
          "attributes": {
            "id": "deli-meats",
            "meats": [
              "turkey",
              "ham",
              "roast beef",
              "chicken",
              "pastrami",
              "corned beef",
              "salami",
              "bologna",
              "mortadella",
              "prosciutto",
              "pepperoni",
              "capicola",
              "tuna salad",
              "chicken salad",
              "egg salad",
              "turkey breast",
              "roast pork",
              "liverwurst",
              "braunschweiger",
              "pâté",
              "smoked salmon"
            ]
          },
          "sensitive_attributes": [],
          "identity_schema_version": 0
        }
      ]
    },
    {
      "mode": "data",
      "type": "hw_deli_meats",
      "name": "bag_available",
      "provider": "provider[\"registry.terraform.io/bevelwork/hashiwich\"]",
      "instances": [
        {
          "schema_version": 0,
          "attributes": {
            "id": "deli-meats",
            "meats": [
              "turkey",
              "ham",
              "roast beef",
              "chicken",
              "pastrami",
              "corned beef",
              "salami",
              "bologna",
              "mortadella",
              "prosciutto",
              "pepperoni",
              "capicola",
              "tuna salad",
              "chicken salad",
              "egg salad",
              "turkey breast",
              "roast pork",
              "liverwurst",
              "braunschweiger",
              "pâté",
              "smoked salmon"
            ]
          },
          "sensitive_attributes": [],
          "identity_schema_version": 0
        }
      ]
    },
    {
      "mode": "data",
      "type": "hw_deli_meats",
      "name": "list_comp_available",
      "provider": "provider[\"registry.terraform.io/bevelwork/hashiwich\"]",
      "instances": [
        {
          "schema_version": 0,
          "attributes": {
            "id": "deli-meats",
            "meats": [
              "turkey",
              "ham",
              "roast beef",
              "chicken",
              "pastrami",
              "corned beef",
              "salami",
              "bologna",
              "mortadella",
              "prosciutto",
              "pepperoni",
              "capicola",
              "tuna salad",
              "chicken salad",
              "egg salad",
              "turkey breast",
              "roast pork",
              "liverwurst",
              "braunschweiger",
              "pâté",
              "smoked salmon"
            ]
          },
          "sensitive_attributes": [],
          "identity_schema_version": 0
        }
      ]
    },
    {
      "mode": "data",
      "type": "hw_deli_meats",
      "name": "main_available",
      "provider": "provider[\"registry.terraform.io/bevelwork/hashiwich\"]",
      "instances": [
        {
          "schema_version": 0,
          "attributes": {
            "id": "deli-meats",
            "meats": [
              "turkey",
              "ham",
              "roast beef",
              "chicken",
              "pastrami",
              "corned beef",
              "salami",
              "bologna",
              "mortadella",
              "prosciutto",
              "pepperoni",
              "capicola",
              "tuna salad",
              "chicken salad",
              "egg salad",
              "turkey breast",
              "roast pork",
              "liverwurst",
              "braunschweiger",
              "pâté",
              "smoked salmon"
            ]
          },
          "sensitive_attributes": [],
          "identity_schema_version": 0
        }
      ]
    },
    {
      "mode": "data",
      "type": "hw_deli_meats",
      "name": "splat_available",
      "provider": "provider[\"registry.terraform.io/bevelwork/hashiwich\"]",
      "instances": [
        {
          "schema_version": 0,
          "attributes": {
            "id": "deli-meats",
            "meats": [
              "turkey",
              "ham",
              "roast beef",
              "chicken",
              "pastrami",
              "corned beef",
              "salami",
              "bologna",
              "mortadella",
              "prosciutto",
              "pepperoni",
              "capicola",
              "tuna salad",
              "chicken salad",
              "egg salad",
              "turkey breast",
              "roast pork",
              "liverwurst",
              "braunschweiger",
              "pâté",
              "smoked salmon"
            ]
          },
          "sensitive_attributes": [],
          "identity_schema_version": 0
        }
      ]
    },
    {
      "mode": "data",
      "type": "hw_menu",
      "name": "budget_menu",
      "provider": "provider[\"registry.terraform.io/bevelwork/hashiwich\"]",
      "instances": [
        {
          "schema_version": 0,
          "attributes": {
            "id": "menu",
            "prices": {
              "brownie": 2,
              "cookie": 1.5,
              "cracker": 0.5,
              "dogtreat_large": 2,
              "dogtreat_small": 1,
              "drink": 1,
              "napkin": 0.25,
              "salad": 4,
              "sandwich": 5,
              "silverware": 1,
              "soup": 2.5,
              "stroopwafel": 1.75
            }
          },
          "sensitive_attributes": [],
          "identity_schema_version": 0
        }
      ]
    },
    {
      "mode": "data",
      "type": "hw_order",
      "name": "count_example",
      "provider": "provider[\"registry.terraform.io/bevelwork/hashiwich\"]",
      "instances": [
        {
          "schema_version": 0,
          "attributes": {
            "drink": {
              "ice": [
                {
                  "lots": true,
                  "max": false,
                  "some": false
                }
              ],
              "kind": "cola"
            },
            "id": "order",
            "sandwich": {
              "bread": "rye",
              "meat": "turkey",
              "name": "turkey on rye"
            }
          },
          "sensitive_attributes": [],
          "identity_schema_version": 0
        }
      ]
    },
    {
      "mode": "data",
      "type": "hw_order",
      "name": "order_example",
      "provider": "provider[\"registry.terraform.io/bevelwork/hashiwich\"]",
      "instances": [
        {
          "schema_version": 0,
          "attributes": {
            "drink": {
              "ice": [
                {
                  "lots": true,
                  "max": false,
                  "some": false
                }
              ],
              "kind": "cola"
            },
            "id": "order",
            "sandwich": {
              "bread": "rye",
              "meat": "turkey",
              "name": "turkey on rye"
            }
          },
          "sensitive_attributes": [],
          "identity_schema_version": 0
        }
      ]
    },
    {
      "mode": "data",
      "type": "hw_order",
      "name": "try_nested_example",
      "provider": "provider[\"registry.terraform.io/bevelwork/hashiwich\"]",
      "instances": [
        {
          "schema_version": 0,
          "attributes": {
            "drink": {
              "ice": [
                {
                  "lots": true,
                  "max": false,
                  "some": false
                }
              ],
              "kind": "cola"
            },
            "id": "order",
            "sandwich": {
              "bread": "rye",
              "meat": "turkey",
              "name": "turkey on rye"
            }
          },
          "sensitive_attributes": [],
          "identity_schema_version": 0
        }
      ]
    },
    {
      "mode": "managed",
      "type": "hw_bag",
      "name": "example",
      "provider": "provider[\"registry.terraform.io/bevelwork/hashiwich\"]",
      "instances": [
        {
          "schema_version": 0,
          "attributes": {
            "description": "Bag containing 3 sandwich(es) (must be 1-5)",
            "id": "bag-3-sandwiches",
            "sandwiches": [
              "sandwich-bread-rye-3-meat-turkey-6",
              "sandwich-bread-rye-3-meat-ham-3",
              "sandwich-bread-rye-3-meat-roast beef-10"
            ]
          },
          "sensitive_attributes": [],
          "identity_schema_version": 0,
          "dependencies": [
            "hw_bread.bag_bread",
            "hw_meat.bag_meat_1",
            "hw_meat.bag_meat_2",
            "hw_meat.bag_meat_3",
            "hw_meat.bag_meat_4",
            "hw_meat.bag_meat_5",
            "hw_sandwich.bag_sandwich_1",
            "hw_sandwich.bag_sandwich_2",
            "hw_sandwich.bag_sandwich_3",
            "hw_sandwich.bag_sandwich_4",
            "hw_sandwich.bag_sandwich_5"
          ]
        }
      ]
    },
    {
      "mode": "managed",
      "type": "hw_bag",
      "name": "flatten_bag_1",
      "provider": "provider[\"registry.terraform.io/bevelwork/hashiwich\"]",
      "instances": [
        {
          "schema_version": 0,
          "attributes": {
            "description": null,
            "id": "bag-2-sandwiches",
            "sandwiches": [
              "sandwich-bread-rye-3-meat-turkey-6",
              "sandwich-bread-rye-3-meat-ham-3"
            ]
          },
          "sensitive_attributes": [],
          "identity_schema_version": 0,
          "dependencies": [
            "hw_bread.flatten_bread_1",
            "hw_meat.flatten_meat_1",
            "hw_meat.flatten_meat_2",
            "hw_sandwich.flatten_sandwich_1",
            "hw_sandwich.flatten_sandwich_2"
          ]
        }
      ]
    },
    {
      "mode": "managed",
      "type": "hw_bag",
      "name": "flatten_bag_2",
      "provider": "provider[\"registry.terraform.io/bevelwork/hashiwich\"]",
      "instances": [
        {
          "schema_version": 0,
          "attributes": {
            "description": null,
            "id": "bag-1-sandwiches",
            "sandwiches": [
              "sandwich-bread-wheat-5-meat-roast beef-10"
            ]
          },
          "sensitive_attributes": [],
          "identity_schema_version": 0,
          "dependencies": [
            "hw_bread.flatten_bread_2",
            "hw_meat.flatten_meat_3",
            "hw_sandwich.flatten_sandwich_3"
          ]
        }
      ]
    },
    {
      "mode": "managed",
      "type": "hw_bag",
      "name": "flatten_bag_3",
      "provider": "provider[\"registry.terraform.io/bevelwork/hashiwich\"]",
      "instances": [
        {
          "schema_version": 0,
          "attributes": {
            "description": null,
            "id": "bag-3-sandwiches",
            "sandwiches": [
              "sandwich-bread-rye-3-meat-turkey-6",
              "sandwich-bread-rye-3-meat-ham-3",
              "sandwich-bread-wheat-5-meat-roast beef-10"
            ]
          },
          "sensitive_attributes": [],
          "identity_schema_version": 0,
          "dependencies": [
            "hw_bread.flatten_bread_1",
            "hw_bread.flatten_bread_2",
            "hw_meat.flatten_meat_1",
            "hw_meat.flatten_meat_2",
            "hw_meat.flatten_meat_3",
            "hw_sandwich.flatten_sandwich_1",
            "hw_sandwich.flatten_sandwich_2",
            "hw_sandwich.flatten_sandwich_3"
          ]
        }
      ]
    },
    {
      "mode": "managed",
      "type": "hw_bag",
      "name": "splat_bag",
      "provider": "provider[\"registry.terraform.io/bevelwork/hashiwich\"]",
      "instances": [
        {
          "schema_version": 0,
          "attributes": {
            "description": null,
            "id": "bag-5-sandwiches",
            "sandwiches": [
              "sandwich-bread-rye-3-meat-chicken-7",
              "sandwich-bread-rye-3-meat-ham-3",
              "sandwich-bread-rye-3-meat-pastrami-8",
              "sandwich-bread-rye-3-meat-roast beef-10",
              "sandwich-bread-rye-3-meat-turkey-6"
            ]
          },
          "sensitive_attributes": [],
          "identity_schema_version": 0,
          "dependencies": [
            "hw_bread.splat_bread_1",
            "hw_meat.splat_for_each_meats",
            "hw_sandwich.splat_sandwiches"
          ]
        }
      ]
    },
    {
      "mode": "managed",
      "type": "hw_bread",
      "name": "access_bread_1",
      "provider": "provider[\"registry.terraform.io/bevelwork/hashiwich\"]",
      "instances": [
        {
          "schema_version": 0,
          "attributes": {
            "description": "Bread 1 for property access examples",
            "id": "bread-rye-3",
            "kind": "rye"
          },
          "sensitive_attributes": [],
          "identity_schema_version": 0
        }
      ]
    },
    {
      "mode": "managed",
      "type": "hw_bread",
      "name": "access_bread_2",
      "provider": "provider[\"registry.terraform.io/bevelwork/hashiwich\"]",
      "instances": [
        {
          "schema_version": 0,
          "attributes": {
            "description": "Bread 2 for property access examples",
            "id": "bread-sourdough-9",
            "kind": "sourdough"
          },
          "sensitive_attributes": [],
          "identity_schema_version": 0
        }
      ]
    },
    {
      "mode": "managed",
      "type": "hw_bread",
      "name": "access_bread_3",
      "provider": "provider[\"registry.terraform.io/bevelwork/hashiwich\"]",
      "instances": [
        {
          "schema_version": 0,
          "attributes": {
            "description": "Bread 3 for property access examples",
            "id": "bread-ciabatta-8",
            "kind": "ciabatta"
          },
          "sensitive_attributes": [],
          "identity_schema_version": 0
        }
      ]
    },
    {
      "mode": "managed",
      "type": "hw_bread",
      "name": "access_count_breads",
      "provider": "provider[\"registry.terraform.io/bevelwork/hashiwich\"]",
      "instances": [
        {
          "index_key": 0,
          "schema_version": 0,
          "attributes": {
            "description": "Bread 1",
            "id": "bread-rye-3",
            "kind": "rye"
          },
          "sensitive_attributes": [],
          "identity_schema_version": 0
        },
        {
          "index_key": 1,
          "schema_version": 0,
          "attributes": {
            "description": "Bread 2",
            "id": "bread-wheat-5",
            "kind": "wheat"
          },
          "sensitive_attributes": [],
          "identity_schema_version": 0
        },
        {
          "index_key": 2,
          "schema_version": 0,
          "attributes": {
            "description": "Bread 3",
            "id": "bread-sourdough-9",
            "kind": "sourdough"
          },
          "sensitive_attributes": [],
          "identity_schema_version": 0
        }
      ]
    },
    {
      "mode": "managed",
      "type": "hw_bread",
      "name": "airport_bread",
      "provider": "provider[\"registry.terraform.io/bevelwork/hashiwich\"].airport",
      "instances": [
        {
          "schema_version": 0,
          "attributes": {
            "description": "Bread for airport sandwich",
            "id": "bread-ciabatta-8",
            "kind": "ciabatta"
          },
          "sensitive_attributes": [],
          "identity_schema_version": 0
        }
      ]
    },
    {
      "mode": "managed",
      "type": "hw_bread",
      "name": "bag_bread",
      "provider": "provider[\"registry.terraform.io/bevelwork/hashiwich\"]",
      "instances": [
        {
          "schema_version": 0,
          "attributes": {
            "description": "Bread for bag sandwiches",
            "id": "bread-rye-3",
            "kind": "rye"
          },
          "sensitive_attributes": [],
          "identity_schema_version": 0
        }
      ]
    },
    {
      "mode": "managed",
      "type": "hw_bread",
      "name": "budget_bread",
      "provider": "provider[\"registry.terraform.io/bevelwork/hashiwich\"]",
      "instances": [
        {
          "schema_version": 0,
          "attributes": {
            "description": "Bread for budget example sandwiches",
            "id": "bread-rye-3",
            "kind": "rye"
          },
          "sensitive_attributes": [],
          "identity_schema_version": 0
        }
      ]
    },
    {
      "mode": "managed",
      "type": "hw_bread",
      "name": "conditional_from_order",
      "provider": "provider[\"registry.terraform.io/bevelwork/hashiwich\"]",
      "instances": [
        {
          "index_key": 0,
          "schema_version": 0,
          "attributes": {
            "description": "Bread created from order: rye",
            "id": "bread-rye-3",
            "kind": "rye"
          },
          "sensitive_attributes": [],
          "identity_schema_version": 0,
          "dependencies": [
            "data.hw_order.count_example"
          ]
        }
      ]
    },
    {
      "mode": "managed",
      "type": "hw_bread",
      "name": "count_rye",
      "provider": "provider[\"registry.terraform.io/bevelwork/hashiwich\"]",
      "instances": [
        {
          "schema_version": 0,
          "attributes": {
            "description": "Rye bread for conditional count example",
            "id": "bread-rye-3",
            "kind": "rye"
          },
          "sensitive_attributes": [],
          "identity_schema_version": 0
        }
      ]
    },
    {
      "mode": "managed",
      "type": "hw_bread",
      "name": "file_bread_1",
      "provider": "provider[\"registry.terraform.io/bevelwork/hashiwich\"]",
      "instances": [
        {
          "schema_version": 0,
          "attributes": {
            "description": "Default bread description",
            "id": "bread-rye-3",
            "kind": "rye"
          },
          "sensitive_attributes": [],
          "identity_schema_version": 0
        }
      ]
    },
    {
      "mode": "managed",
      "type": "hw_bread",
      "name": "file_bread_2",
      "provider": "provider[\"registry.terraform.io/bevelwork/hashiwich\"]",
      "instances": [
        {
          "schema_version": 0,
          "attributes": {
            "description": "Standard bread description",
            "id": "bread-sourdough-9",
            "kind": "sourdough"
          },
          "sensitive_attributes": [],
          "identity_schema_version": 0
        }
      ]
    },
    {
      "mode": "managed",
      "type": "hw_bread",
      "name": "file_bread_markdown",
      "provider": "provider[\"registry.terraform.io/bevelwork/hashiwich\"]",
      "instances": [
        {
          "schema_version": 0,
          "attributes": {
            "description": "Fresh ciabatta bread",
            "id": "bread-ciabatta-8",
            "kind": "ciabatta"
          },
          "sensitive_attributes": [],
          "identity_schema_version": 0
        }
      ]
    },
    {
      "mode": "managed",
      "type": "hw_bread",
      "name": "flatten_bread_1",
      "provider": "provider[\"registry.terraform.io/bevelwork/hashiwich\"]",
      "instances": [
        {
          "schema_version": 0,
          "attributes": {
            "description": "Bread 1 for flatten example",
            "id": "bread-rye-3",
            "kind": "rye"
          },
          "sensitive_attributes": [],
          "identity_schema_version": 0
        }
      ]
    },
    {
      "mode": "managed",
      "type": "hw_bread",
      "name": "flatten_bread_2",
      "provider": "provider[\"registry.terraform.io/bevelwork/hashiwich\"]",
      "instances": [
        {
          "schema_version": 0,
          "attributes": {
            "description": "Bread 2 for flatten example",
            "id": "bread-wheat-5",
            "kind": "wheat"
          },
          "sensitive_attributes": [],
          "identity_schema_version": 0
        }
      ]
    },
    {
      "mode": "managed",
      "type": "hw_bread",
      "name": "flatten_count_bread",
      "provider": "provider[\"registry.terraform.io/bevelwork/hashiwich\"]",
      "instances": [
        {
          "index_key": 0,
          "schema_version": 0,
          "attributes": {
            "description": "Bread 1 for count flatten example",
            "id": "bread-rye-3",
            "kind": "rye"
          },
          "sensitive_attributes": [],
          "identity_schema_version": 0
        },
        {
          "index_key": 1,
          "schema_version": 0,
          "attributes": {
            "description": "Bread 2 for count flatten example",
            "id": "bread-wheat-5",
            "kind": "wheat"
          },
          "sensitive_attributes": [],
          "identity_schema_version": 0
        },
        {
          "index_key": 2,
          "schema_version": 0,
          "attributes": {
            "description": "Bread 3 for count flatten example",
            "id": "bread-sourdough-9",
            "kind": "sourdough"
          },
          "sensitive_attributes": [],
          "identity_schema_version": 0
        }
      ]
    },
    {
      "mode": "managed",
      "type": "hw_bread",
      "name": "flatten_group_bread",
      "provider": "provider[\"registry.terraform.io/bevelwork/hashiwich\"]",
      "instances": [
        {
          "index_key": "group_1",
          "schema_version": 0,
          "attributes": {
            "description": "Bread for group group_1",
            "id": "bread-ciabatta-8",
            "kind": "ciabatta"
          },
          "sensitive_attributes": [],
          "identity_schema_version": 0
        },
        {
          "index_key": "group_2",
          "schema_version": 0,
          "attributes": {
            "description": "Bread for group group_2",
            "id": "bread-baguette-8",
            "kind": "baguette"
          },
          "sensitive_attributes": [],
          "identity_schema_version": 0
        },
        {
          "index_key": "group_3",
          "schema_version": 0,
          "attributes": {
            "description": "Bread for group group_3",
            "id": "bread-sourdough-9",
            "kind": "sourdough"
          },
          "sensitive_attributes": [],
          "identity_schema_version": 0
        }
      ]
    },
    {
      "mode": "managed",
      "type": "hw_bread",
      "name": "ignore_all_bread",
      "provider": "provider[\"registry.terraform.io/bevelwork/hashiwich\"]",
      "instances": [
        {
          "schema_version": 0,
          "attributes": {
            "description": "Created by Terraform, but managed manually after creation",
            "id": "bread-ciabatta-8",
            "kind": "ciabatta"
          },
          "sensitive_attributes": [],
          "identity_schema_version": 0
        }
      ]
    },
    {
      "mode": "managed",
      "type": "hw_bread",
      "name": "ignore_combined_bread",
      "provider": "provider[\"registry.terraform.io/bevelwork/hashiwich\"]",
      "instances": [
        {
          "schema_version": 0,
          "attributes": {
            "description": "Bread with multiple lifecycle rules",
            "id": "bread-multigrain-10",
            "kind": "multigrain"
          },
          "sensitive_attributes": [],
          "identity_schema_version": 0,
          "create_before_destroy": true
        }
      ]
    },
    {
      "mode": "managed",
      "type": "hw_bread",
      "name": "ignore_multiple_bread",
      "provider": "provider[\"registry.terraform.io/bevelwork/hashiwich\"]",
      "instances": [
        {
          "schema_version": 0,
          "attributes": {
            "description": "Bread with multiple ignored attributes",
            "id": "bread-sourdough-9",
            "kind": "sourdough"
          },
          "sensitive_attributes": [],
          "identity_schema_version": 0
        }
      ]
    },
    {
      "mode": "managed",
      "type": "hw_bread",
      "name": "ignore_single_bread",
      "provider": "provider[\"registry.terraform.io/bevelwork/hashiwich\"]",
      "instances": [
        {
          "schema_version": 0,
          "attributes": {
            "description": "This description can be changed manually without Terraform reverting it",
            "id": "bread-rye-3",
            "kind": "rye"
          },
          "sensitive_attributes": [],
          "identity_schema_version": 0
        }
      ]
    },
    {
      "mode": "managed",
      "type": "hw_bread",
      "name": "import_bread",
      "provider": "provider[\"registry.terraform.io/bevelwork/hashiwich\"]",
      "instances": [
        {
          "schema_version": 0,
          "attributes": {
            "description": "Bread for import example",
            "id": "bread-rye-3",
            "kind": "rye"
          },
          "sensitive_attributes": [],
          "identity_schema_version": 0
        }
      ]
    },
    {
      "mode": "managed",
      "type": "hw_bread",
      "name": "json_breads",
      "provider": "provider[\"registry.terraform.io/bevelwork/hashiwich\"]",
      "instances": [
        {
          "index_key": "rye",
          "schema_version": 0,
          "attributes": {
            "description": "Fresh rye bread",
            "id": "bread-rye-3",
            "kind": "rye"
          },
          "sensitive_attributes": [],
          "identity_schema_version": 0
        },
        {
          "index_key": "sourdough",
          "schema_version": 0,
          "attributes": {
            "description": "Artisan sourdough",
            "id": "bread-sourdough-9",
            "kind": "sourdough"
          },
          "sensitive_attributes": [],
          "identity_schema_version": 0
        },
        {
          "index_key": "wheat",
          "schema_version": 0,
          "attributes": {
            "description": "Whole wheat bread",
            "id": "bread-wheat-5",
            "kind": "wheat"
          },
          "sensitive_attributes": [],
          "identity_schema_version": 0
        }
      ]
    },
    {
      "mode": "managed",
      "type": "hw_bread",
      "name": "json_menu_breads",
      "provider": "provider[\"registry.terraform.io/bevelwork/hashiwich\"]",
      "instances": [
        {
          "index_key": "rye",
          "schema_version": 0,
          "attributes": {
            "description": "Bread for menu item: rye",
            "id": "bread-rye-3",
            "kind": "rye"
          },
          "sensitive_attributes": [],
          "identity_schema_version": 0
        },
        {
          "index_key": "sourdough",
          "schema_version": 0,
          "attributes": {
            "description": "Bread for menu item: sourdough",
            "id": "bread-sourdough-9",
            "kind": "sourdough"
          },
          "sensitive_attributes": [],
          "identity_schema_version": 0
        }
      ]
    },
    {
      "mode": "managed",
      "type": "hw_bread",
      "name": "json_premium_bread",
      "provider": "provider[\"registry.terraform.io/bevelwork/hashiwich\"]",
      "instances": [
        {
          "index_key": 0,
          "schema_version": 0,
          "attributes": {
            "description": "Premium bread enabled via JSON config",
            "id": "bread-ciabatta-8",
            "kind": "ciabatta"
          },
          "sensitive_attributes": [],
          "identity_schema_version": 0
        }
      ]
    },
    {
      "mode": "managed",
      "type": "hw_bread",
      "name": "lifecycle_combined_bread",
      "provider": "provider[\"registry.terraform.io/bevelwork/hashiwich\"]",
      "instances": [
        {
          "schema_version": 0,
          "attributes": {
            "description": "Bread with multiple lifecycle rules",
            "id": "bread-multigrain-10",
            "kind": "multigrain"
          },
          "sensitive_attributes": [],
          "identity_schema_version": 0,
          "create_before_destroy": true
        }
      ]
    },
    {
      "mode": "managed",
      "type": "hw_bread",
      "name": "lifecycle_manual_bread",
      "provider": "provider[\"registry.terraform.io/bevelwork/hashiwich\"]",
      "instances": [
        {
          "schema_version": 0,
          "attributes": {
            "description": "This description can be changed manually without Terraform reverting it",
            "id": "bread-sourdough-9",
            "kind": "sourdough"
          },
          "sensitive_attributes": [],
          "identity_schema_version": 0
        }
      ]
    },
    {
      "mode": "managed",
      "type": "hw_bread",
      "name": "lifecycle_manual_managed",
      "provider": "provider[\"registry.terraform.io/bevelwork/hashiwich\"]",
      "instances": [
        {
          "schema_version": 0,
          "attributes": {
            "description": "Created by Terraform, but managed manually after creation",
            "id": "bread-whole wheat-11",
            "kind": "whole wheat"
          },
          "sensitive_attributes": [],
          "identity_schema_version": 0
        }
      ]
    },
    {
      "mode": "managed",
      "type": "hw_bread",
      "name": "lifecycle_replace_bread",
      "provider": "provider[\"registry.terraform.io/bevelwork/hashiwich\"]",
      "instances": [
        {
          "schema_version": 0,
          "attributes": {
            "description": "Bread that triggers sandwich replacement when changed",
            "id": "bread-rye-3",
            "kind": "rye"
          },
          "sensitive_attributes": [],
          "identity_schema_version": 0
        }
      ]
    },
    {
      "mode": "managed",
      "type": "hw_bread",
      "name": "lifecycle_signature_bread",
      "provider": "provider[\"registry.terraform.io/bevelwork/hashiwich\"]",
      "instances": [
        {
          "schema_version": 0,
          "attributes": {
            "description": "Bread for our signature sandwich - DO NOT DELETE",
            "id": "bread-ciabatta-8",
            "kind": "ciabatta"
          },
          "sensitive_attributes": [],
          "identity_schema_version": 0
        }
      ]
    },
    {
      "mode": "managed",
      "type": "hw_bread",
      "name": "lifecycle_zero_downtime_bread",
      "provider": "provider[\"registry.terraform.io/bevelwork/hashiwich\"]",
      "instances": [
        {
          "schema_version": 0,
          "attributes": {
            "description": "Bread for zero-downtime sandwich",
            "id": "bread-baguette-8",
            "kind": "baguette"
          },
          "sensitive_attributes": [],
          "identity_schema_version": 0,
          "create_before_destroy": true
        }
      ]
    },
    {
      "mode": "managed",
      "type": "hw_bread",
      "name": "list_comp_rye",
      "provider": "provider[\"registry.terraform.io/bevelwork/hashiwich\"]",
      "instances": [
        {
          "schema_version": 0,
          "attributes": {
            "description": "Rye bread for all list comprehension sandwiches",
            "id": "bread-rye-3",
            "kind": "rye"
          },
          "sensitive_attributes": [],
          "identity_schema_version": 0
        }
      ]
    },
    {
      "mode": "managed",
      "type": "hw_bread",
      "name": "main_rye",
      "provider": "provider[\"registry.terraform.io/bevelwork/hashiwich\"]",
      "instances": [
        {
          "schema_version": 0,
          "attributes": {
            "description": "Fresh rye bread for all our sandwiches",
            "id": "bread-rye-3",
            "kind": "rye"
          },
          "sensitive_attributes": [],
          "identity_schema_version": 0
        }
      ]
    },
    {
      "mode": "managed",
      "type": "hw_bread",
      "name": "moved_count_bread",
      "provider": "provider[\"registry.terraform.io/bevelwork/hashiwich\"]",
      "instances": [
        {
          "index_key": 0,
          "schema_version": 0,
          "attributes": {
            "description": "Bread 1 for count example",
            "id": "bread-rye-3",
            "kind": "rye"
          },
          "sensitive_attributes": [],
          "identity_schema_version": 0
        },
        {
          "index_key": 1,
          "schema_version": 0,
          "attributes": {
            "description": "Bread 2 for count example",
            "id": "bread-wheat-5",
            "kind": "wheat"
          },
          "sensitive_attributes": [],
          "identity_schema_version": 0
        }
      ]
    },
    {
      "mode": "managed",
      "type": "hw_bread",
      "name": "moved_demo_bread",
      "provider": "provider[\"registry.terraform.io/bevelwork/hashiwich\"]",
      "instances": [
        {
          "schema_version": 0,
          "attributes": {
            "description": "Bread for move demonstration",
            "id": "bread-sourdough-9",
            "kind": "sourdough"
          },
          "sensitive_attributes": [],
          "identity_schema_version": 0
        }
      ]
    },
    {
      "mode": "managed",
      "type": "hw_bread",
      "name": "moved_for_each_bread",
      "provider": "provider[\"registry.terraform.io/bevelwork/hashiwich\"]",
      "instances": [
        {
          "index_key": "bread_1",
          "schema_version": 0,
          "attributes": {
            "description": "Bread bread_1",
            "id": "bread-ciabatta-8",
            "kind": "ciabatta"
          },
          "sensitive_attributes": [],
          "identity_schema_version": 0
        },
        {
          "index_key": "bread_2",
          "schema_version": 0,
          "attributes": {
            "description": "Bread bread_2",
            "id": "bread-baguette-8",
            "kind": "baguette"
          },
          "sensitive_attributes": [],
          "identity_schema_version": 0
        }
      ]
    },
    {
      "mode": "managed",
      "type": "hw_bread",
      "name": "moved_old_bread",
      "provider": "provider[\"registry.terraform.io/bevelwork/hashiwich\"]",
      "instances": [
        {
          "schema_version": 0,
          "attributes": {
            "description": "Bread that will be renamed",
            "id": "bread-rye-3",
            "kind": "rye"
          },
          "sensitive_attributes": [],
          "identity_schema_version": 0
        }
      ]
    },
    {
      "mode": "managed",
      "type": "hw_bread",
      "name": "moved_refactor_bread_1",
      "provider": "provider[\"registry.terraform.io/bevelwork/hashiwich\"]",
      "instances": [
        {
          "schema_version": 0,
          "attributes": {
            "description": "Bread 1 for refactoring example",
            "id": "bread-multigrain-10",
            "kind": "multigrain"
          },
          "sensitive_attributes": [],
          "identity_schema_version": 0
        }
      ]
    },
    {
      "mode": "managed",
      "type": "hw_bread",
      "name": "moved_refactor_bread_2",
      "provider": "provider[\"registry.terraform.io/bevelwork/hashiwich\"]",
      "instances": [
        {
          "schema_version": 0,
          "attributes": {
            "description": "Bread 2 for refactoring example",
            "id": "bread-whole wheat-11",
            "kind": "whole wheat"
          },
          "sensitive_attributes": [],
          "identity_schema_version": 0
        }
      ]
    },
    {
      "mode": "managed",
      "type": "hw_bread",
      "name": "order_bread",
      "provider": "provider[\"registry.terraform.io/bevelwork/hashiwich\"]",
      "instances": [
        {
          "schema_version": 0,
          "attributes": {
            "description": "Bread for order: rye",
            "id": "bread-rye-3",
            "kind": "rye"
          },
          "sensitive_attributes": [],
          "identity_schema_version": 0,
          "dependencies": [
            "data.hw_order.order_example"
          ]
        }
      ]
    },
    {
      "mode": "managed",
      "type": "hw_bread",
      "name": "splat_bread_1",
      "provider": "provider[\"registry.terraform.io/bevelwork/hashiwich\"]",
      "instances": [
        {
          "schema_version": 0,
          "attributes": {
            "description": "Bread 1 for splat examples",
            "id": "bread-rye-3",
            "kind": "rye"
          },
          "sensitive_attributes": [],
          "identity_schema_version": 0
        }
      ]
    },
    {
      "mode": "managed",
      "type": "hw_bread",
      "name": "splat_bread_2",
      "provider": "provider[\"registry.terraform.io/bevelwork/hashiwich\"]",
      "instances": [
        {
          "schema_version": 0,
          "attributes": {
            "description": "Bread 2 for splat examples",
            "id": "bread-sourdough-9",
            "kind": "sourdough"
          },
          "sensitive_attributes": [],
          "identity_schema_version": 0
        }
      ]
    },
    {
      "mode": "managed",
      "type": "hw_bread",
      "name": "splat_bread_3",
      "provider": "provider[\"registry.terraform.io/bevelwork/hashiwich\"]",
      "instances": [
        {
          "schema_version": 0,
          "attributes": {
            "description": "Bread 3 for splat examples",
            "id": "bread-ciabatta-8",
            "kind": "ciabatta"
          },
          "sensitive_attributes": [],
          "identity_schema_version": 0
        }
      ]
    },
    {
      "mode": "managed",
      "type": "hw_bread",
      "name": "splat_count_breads",
      "provider": "provider[\"registry.terraform.io/bevelwork/hashiwich\"]",
      "instances": [
        {
          "index_key": 0,
          "schema_version": 0,
          "attributes": {
            "description": "Bread 1",
            "id": "bread-rye-3",
            "kind": "rye"
          },
          "sensitive_attributes": [],
          "identity_schema_version": 0
        },
        {
          "index_key": 1,
          "schema_version": 0,
          "attributes": {
            "description": "Bread 2",
            "id": "bread-wheat-5",
            "kind": "wheat"
          },
          "sensitive_attributes": [],
          "identity_schema_version": 0
        },
        {
          "index_key": 2,
          "schema_version": 0,
          "attributes": {
            "description": "Bread 3",
            "id": "bread-sourdough-9",
            "kind": "sourdough"
          },
          "sensitive_attributes": [],
          "identity_schema_version": 0
        },
        {
          "index_key": 3,
          "schema_version": 0,
          "attributes": {
            "description": "Bread 4",
            "id": "bread-ciabatta-8",
            "kind": "ciabatta"
          },
          "sensitive_attributes": [],
          "identity_schema_version": 0
        }
      ]
    },
    {
      "mode": "managed",
      "type": "hw_bread",
      "name": "string_bread_1",
      "provider": "provider[\"registry.terraform.io/bevelwork/hashiwich\"]",
      "instances": [
        {
          "schema_version": 0,
          "attributes": {
            "description": "Fresh Rye Bread",
            "id": "bread-rye-3",
            "kind": "rye"
          },
          "sensitive_attributes": [],
          "identity_schema_version": 0
        }
      ]
    },
    {
      "mode": "managed",
      "type": "hw_bread",
      "name": "string_bread_2",
      "provider": "provider[\"registry.terraform.io/bevelwork/hashiwich\"]",
      "instances": [
        {
          "schema_version": 0,
          "attributes": {
            "description": "Artisan Sourdough",
            "id": "bread-sourdough-9",
            "kind": "sourdough"
          },
          "sensitive_attributes": [],
          "identity_schema_version": 0
        }
      ]
    },
    {
      "mode": "managed",
      "type": "hw_bread",
      "name": "taint_dependency_bread",
      "provider": "provider[\"registry.terraform.io/bevelwork/hashiwich\"]",
      "instances": [
        {
          "schema_version": 0,
          "attributes": {
            "description": "Bread that other resources depend on",
            "id": "bread-ciabatta-8",
            "kind": "ciabatta"
          },
          "sensitive_attributes": [],
          "identity_schema_version": 0
        }
      ]
    },
    {
      "mode": "managed",
      "type": "hw_bread",
      "name": "taint_example_bread",
      "provider": "provider[\"registry.terraform.io/bevelwork/hashiwich\"]",
      "instances": [
        {
          "schema_version": 0,
          "attributes": {
            "description": "Bread for taint example - can be tainted to force recreation",
            "id": "bread-rye-3",
            "kind": "rye"
          },
          "sensitive_attributes": [],
          "identity_schema_version": 0
        }
      ]
    },
    {
      "mode": "managed",
      "type": "hw_bread",
      "name": "taint_refresh_bread",
      "provider": "provider[\"registry.terraform.io/bevelwork/hashiwich\"]",
      "instances": [
        {
          "schema_version": 0,
          "attributes": {
            "description": "Bread that needs to be refreshed",
            "id": "bread-sourdough-9",
            "kind": "sourdough"
          },
          "sensitive_attributes": [],
          "identity_schema_version": 0
        }
      ]
    },
    {
      "mode": "managed",
      "type": "hw_bread",
      "name": "try_bread",
      "provider": "provider[\"registry.terraform.io/bevelwork/hashiwich\"]",
      "instances": [
        {
          "schema_version": 0,
          "attributes": {
            "description": "Bread for try example",
            "id": "bread-rye-3",
            "kind": "rye"
          },
          "sensitive_attributes": [],
          "identity_schema_version": 0
        }
      ]
    },
    {
      "mode": "managed",
      "type": "hw_bread",
      "name": "try_complex_bread",
      "provider": "provider[\"registry.terraform.io/bevelwork/hashiwich\"]",
      "instances": [
        {
          "schema_version": 0,
          "attributes": {
            "description": "Bread for complex logic example",
            "id": "bread-rye-3",
            "kind": "rye"
          },
          "sensitive_attributes": [],
          "identity_schema_version": 0
        }
      ]
    },
    {
      "mode": "managed",
      "type": "hw_bread",
      "name": "try_env_regular_bread",
      "provider": "provider[\"registry.terraform.io/bevelwork/hashiwich\"]",
      "instances": [
        {
          "schema_version": 0,
          "attributes": {
            "description": null,
            "id": "bread-rye-3",
            "kind": "rye"
          },
          "sensitive_attributes": [],
          "identity_schema_version": 0
        }
      ]
    },
    {
      "mode": "managed",
      "type": "hw_bread",
      "name": "try_fallback_bread",
      "provider": "provider[\"registry.terraform.io/bevelwork/hashiwich\"]",
      "instances": [
        {
          "schema_version": 0,
          "attributes": {
            "description": "Bread for fallback example",
            "id": "bread-rye-3",
            "kind": "rye"
          },
          "sensitive_attributes": [],
          "identity_schema_version": 0
        }
      ]
    },
    {
      "mode": "managed",
      "type": "hw_bread",
      "name": "try_nested_bread",
      "provider": "provider[\"registry.terraform.io/bevelwork/hashiwich\"]",
      "instances": [
        {
          "schema_version": 0,
          "attributes": {
            "description": "Bread from order data with try() fallback",
            "id": "bread-rye-3",
            "kind": "rye"
          },
          "sensitive_attributes": [],
          "identity_schema_version": 0,
          "dependencies": [
            "data.hw_order.try_nested_example"
          ]
        }
      ]
    },
    {
      "mode": "managed",
      "type": "hw_bread",
      "name": "variable_bread",
      "provider": "provider[\"registry.terraform.io/bevelwork/hashiwich\"]",
      "instances": [
        {
          "schema_version": 0,
          "attributes": {
            "description": "Bread created from variable",
            "id": "bread-rye-3",
            "kind": "rye"
          },
          "sensitive_attributes": [],
          "identity_schema_version": 0
        }
      ]
    },
    {
      "mode": "managed",
      "type": "hw_brownie",
      "name": "try_optional",
      "provider": "provider[\"registry.terraform.io/bevelwork/hashiwich\"]",
      "instances": [
        {
          "index_key": 0,
          "schema_version": 0,
          "attributes": {
            "description": null,
            "id": "brownie-fudge-5",
            "kind": "fudge",
            "price": 2
          },
          "sensitive_attributes": [],
          "identity_schema_version": 0
        }
      ]
    },
    {
      "mode": "managed",
      "type": "hw_chairs",
      "name": "balanced_chairs",
      "provider": "provider[\"registry.terraform.io/bevelwork/hashiwich\"]",
      "instances": [
        {
          "schema_version": 0,
          "attributes": {
            "cost": 700,
            "description": "Comfortable chairs for balanced configuration",
            "id": "chairs-comfortable-11",
            "quantity": 20,
            "style": "comfortable"
          },
          "sensitive_attributes": [],
          "identity_schema_version": 0
        }
      ]
    },
    {
      "mode": "managed",
      "type": "hw_chairs",
      "name": "budget_chairs",
      "provider": "provider[\"registry.terraform.io/bevelwork/hashiwich\"]",
      "instances": [
        {
          "schema_version": 0,
          "attributes": {
            "cost": 160,
            "description": "Basic chairs for budget configuration",
            "id": "chairs-basic-5",
            "quantity": 8,
            "style": "basic"
          },
          "sensitive_attributes": [],
          "identity_schema_version": 0
        }
      ]
    },
    {
      "mode": "managed",
      "type": "hw_chairs",
      "name": "capacity_chairs",
      "provider": "provider[\"registry.terraform.io/bevelwork/hashiwich\"]",
      "instances": [
        {
          "schema_version": 0,
          "attributes": {
            "cost": 1800,
            "description": "Premium chairs for high capacity",
            "id": "chairs-premium-7",
            "quantity": 36,
            "style": "premium"
          },
          "sensitive_attributes": [],
          "identity_schema_version": 0
        }
      ]
    },
    {
      "mode": "managed",
      "type": "hw_chairs",
      "name": "file_chairs",
      "provider": "provider[\"registry.terraform.io/bevelwork/hashiwich\"]",
      "instances": [
        {
          "schema_version": 0,
          "attributes": {
            "cost": 700,
            "description": null,
            "id": "chairs-comfortable-11",
            "quantity": 20,
            "style": "comfortable"
          },
          "sensitive_attributes": [],
          "identity_schema_version": 0
        }
      ]
    },
    {
      "mode": "managed",
      "type": "hw_chairs",
      "name": "json_store_chairs",
      "provider": "provider[\"registry.terraform.io/bevelwork/hashiwich\"]",
      "instances": [
        {
          "schema_version": 0,
          "attributes": {
            "cost": 560,
            "description": "Chairs from JSON config",
            "id": "chairs-comfortable-11",
            "quantity": 16,
            "style": "comfortable"
          },
          "sensitive_attributes": [],
          "identity_schema_version": 0
        }
      ]
    },
    {
      "mode": "managed",
      "type": "hw_cook",
      "name": "balanced_cook_1",
      "provider": "provider[\"registry.terraform.io/bevelwork/hashiwich\"]",
      "instances": [
        {
          "schema_version": 0,
          "attributes": {
            "cost": 160,
            "description": "Experienced cook for balanced configuration",
            "experience": "experienced",
            "id": "cook-Cook 1-6",
            "name": "Cook 1"
          },
          "sensitive_attributes": [],
          "identity_schema_version": 0
        }
      ]
    },
    {
      "mode": "managed",
      "type": "hw_cook",
      "name": "balanced_cook_2",
      "provider": "provider[\"registry.terraform.io/bevelwork/hashiwich\"]",
      "instances": [
        {
          "schema_version": 0,
          "attributes": {
            "cost": 120,
            "description": "Junior cook for balanced configuration",
            "experience": "junior",
            "id": "cook-Cook 2-6",
            "name": "Cook 2"
          },
          "sensitive_attributes": [],
          "identity_schema_version": 0
        }
      ]
    },
    {
      "mode": "managed",
      "type": "hw_cook",
      "name": "budget_cook_1",
      "provider": "provider[\"registry.terraform.io/bevelwork/hashiwich\"]",
      "instances": [
        {
          "schema_version": 0,
          "attributes": {
            "cost": 120,
            "description": "Junior cook for budget configuration",
            "experience": "junior",
            "id": "cook-Cook 1-6",
            "name": "Cook 1"
          },
          "sensitive_attributes": [],
          "identity_schema_version": 0
        }
      ]
    },
    {
      "mode": "managed",
      "type": "hw_cook",
      "name": "capacity_cook_1",
      "provider": "provider[\"registry.terraform.io/bevelwork/hashiwich\"]",
      "instances": [
        {
          "schema_version": 0,
          "attributes": {
            "cost": 200,
            "description": "Expert cook for high capacity",
            "experience": "expert",
            "id": "cook-Cook 1-6",
            "name": "Cook 1"
          },
          "sensitive_attributes": [],
          "identity_schema_version": 0
        }
      ]
    },
    {
      "mode": "managed",
      "type": "hw_cook",
      "name": "capacity_cook_2",
      "provider": "provider[\"registry.terraform.io/bevelwork/hashiwich\"]",
      "instances": [
        {
          "schema_version": 0,
          "attributes": {
            "cost": 160,
            "description": "Experienced cook for high capacity",
            "experience": "experienced",
            "id": "cook-Cook 2-6",
            "name": "Cook 2"
          },
          "sensitive_attributes": [],
          "identity_schema_version": 0
        }
      ]
    },
    {
      "mode": "managed",
      "type": "hw_cook",
      "name": "file_cook",
      "provider": "provider[\"registry.terraform.io/bevelwork/hashiwich\"]",
      "instances": [
        {
          "schema_version": 0,
          "attributes": {
            "cost": 160,
            "description": null,
            "experience": "experienced",
            "id": "cook-Default Cook-12",
            "name": "Default Cook"
          },
          "sensitive_attributes": [],
          "identity_schema_version": 0
        }
      ]
    },
    {
      "mode": "managed",
      "type": "hw_cook",
      "name": "json_cooks",
      "provider": "provider[\"registry.terraform.io/bevelwork/hashiwich\"]",
      "instances": [
        {
          "index_key": "Bob",
          "schema_version": 0,
          "attributes": {
            "cost": 160,
            "description": "Cook from JSON config: Bob",
            "experience": "experienced",
            "id": "cook-Bob-3",
            "name": "Bob"
          },
          "sensitive_attributes": [],
          "identity_schema_version": 0
        },
        {
          "index_key": "Charlie",
          "schema_version": 0,
          "attributes": {
            "cost": 120,
            "description": "Cook from JSON config: Charlie",
            "experience": "junior",
            "id": "cook-Charlie-7",
            "name": "Charlie"
          },
          "sensitive_attributes": [],
          "identity_schema_version": 0
        }
      ]
    },
    {
      "mode": "managed",
      "type": "hw_cook",
      "name": "json_store_cooks",
      "provider": "provider[\"registry.terraform.io/bevelwork/hashiwich\"]",
      "instances": [
        {
          "index_key": "Cook 1",
          "schema_version": 0,
          "attributes": {
            "cost": 160,
            "description": null,
            "experience": "experienced",
            "id": "cook-Cook 1-6",
            "name": "Cook 1"
          },
          "sensitive_attributes": [],
          "identity_schema_version": 0
        },
        {
          "index_key": "Cook 2",
          "schema_version": 0,
          "attributes": {
            "cost": 120,
            "description": null,
            "experience": "junior",
            "id": "cook-Cook 2-6",
            "name": "Cook 2"
          },
          "sensitive_attributes": [],
          "identity_schema_version": 0
        }
      ]
    },
    {
      "mode": "managed",
      "type": "hw_cookie",
      "name": "try_optional",
      "provider": "provider[\"registry.terraform.io/bevelwork/hashiwich\"]",
      "instances": [
        {
          "index_key": 0,
          "schema_version": 0,
          "attributes": {
            "description": null,
            "id": "cookie-chocolate chip-14",
            "kind": "chocolate chip",
            "price": 1.5
          },
          "sensitive_attributes": [],
          "identity_schema_version": 0
        }
      ]
    },
    {
      "mode": "managed",
      "type": "hw_dogtreat",
      "name": "pet_treats",
      "provider": "provider[\"registry.terraform.io/bevelwork/hashiwich\"]",
      "instances": [
        {
          "index_key": 0,
          "schema_version": 0,
          "attributes": {
            "description": "Treat for concrete-grouper",
            "id": "dogtreat-large-5",
            "is_good_dog": true,
            "price": 2,
            "size": "large"
          },
          "sensitive_attributes": [],
          "identity_schema_version": 0,
          "dependencies": [
            "random_pet.pets"
          ]
        },
        {
          "index_key": 1,
          "schema_version": 0,
          "attributes": {
            "description": "Treat for enough-kangaroo",
            "id": "dogtreat-large-5",
            "is_good_dog": true,
            "price": 2,
            "size": "large"
          },
          "sensitive_attributes": [],
          "identity_schema_version": 0,
          "dependencies": [
            "random_pet.pets"
          ]
        },
        {
          "index_key": 2,
          "schema_version": 0,
          "attributes": {
            "description": "Treat for humble-roughy",
            "id": "dogtreat-large-5",
            "is_good_dog": true,
            "price": 2,
            "size": "large"
          },
          "sensitive_attributes": [],
          "identity_schema_version": 0,
          "dependencies": [
            "random_pet.pets"
          ]
        },
        {
          "index_key": 3,
          "schema_version": 0,
          "attributes": {
            "description": "Treat for modern-seagull",
            "id": "dogtreat-large-5",
            "is_good_dog": true,
            "price": 2,
            "size": "large"
          },
          "sensitive_attributes": [],
          "identity_schema_version": 0,
          "dependencies": [
            "random_pet.pets"
          ]
        },
        {
          "index_key": 4,
          "schema_version": 0,
          "attributes": {
            "description": "Treat for comic-buzzard",
            "id": "dogtreat-large-5",
            "is_good_dog": true,
            "price": 2,
            "size": "large"
          },
          "sensitive_attributes": [],
          "identity_schema_version": 0,
          "dependencies": [
            "random_pet.pets"
          ]
        },
        {
          "index_key": 5,
          "schema_version": 0,
          "attributes": {
            "description": "Treat for safe-sculpin",
            "id": "dogtreat-large-5",
            "is_good_dog": true,
            "price": 2,
            "size": "large"
          },
          "sensitive_attributes": [],
          "identity_schema_version": 0,
          "dependencies": [
            "random_pet.pets"
          ]
        },
        {
          "index_key": 6,
          "schema_version": 0,
          "attributes": {
            "description": "Treat for eternal-locust",
            "id": "dogtreat-large-5",
            "is_good_dog": true,
            "price": 2,
            "size": "large"
          },
          "sensitive_attributes": [],
          "identity_schema_version": 0,
          "dependencies": [
            "random_pet.pets"
          ]
        },
        {
          "index_key": 7,
          "schema_version": 0,
          "attributes": {
            "description": "Treat for wise-lionfish",
            "id": "dogtreat-large-5",
            "is_good_dog": true,
            "price": 2,
            "size": "large"
          },
          "sensitive_attributes": [],
          "identity_schema_version": 0,
          "dependencies": [
            "random_pet.pets"
          ]
        },
        {
          "index_key": 8,
          "schema_version": 0,
          "attributes": {
            "description": "Treat for equipped-weevil",
            "id": "dogtreat-large-5",
            "is_good_dog": true,
            "price": 2,
            "size": "large"
          },
          "sensitive_attributes": [],
          "identity_schema_version": 0,
          "dependencies": [
            "random_pet.pets"
          ]
        },
        {
          "index_key": 9,
          "schema_version": 0,
          "attributes": {
            "description": "Treat for enjoyed-gazelle",
            "id": "dogtreat-large-5",
            "is_good_dog": true,
            "price": 2,
            "size": "large"
          },
          "sensitive_attributes": [],
          "identity_schema_version": 0,
          "dependencies": [
            "random_pet.pets"
          ]
        },
        {
          "index_key": 10,
          "schema_version": 0,
          "attributes": {
            "description": "Treat for allowing-weevil",
            "id": "dogtreat-large-5",
            "is_good_dog": true,
            "price": 2,
            "size": "large"
          },
          "sensitive_attributes": [],
          "identity_schema_version": 0,
          "dependencies": [
            "random_pet.pets"
          ]
        },
        {
          "index_key": 11,
          "schema_version": 0,
          "attributes": {
            "description": "Treat for apparent-bee",
            "id": "dogtreat-large-5",
            "is_good_dog": true,
            "price": 2,
            "size": "large"
          },
          "sensitive_attributes": [],
          "identity_schema_version": 0,
          "dependencies": [
            "random_pet.pets"
          ]
        },
        {
          "index_key": 12,
          "schema_version": 0,
          "attributes": {
            "description": "Treat for civil-dinosaur",
            "id": "dogtreat-large-5",
            "is_good_dog": true,
            "price": 2,
            "size": "large"
          },
          "sensitive_attributes": [],
          "identity_schema_version": 0,
          "dependencies": [
            "random_pet.pets"
          ]
        },
        {
          "index_key": 13,
          "schema_version": 0,
          "attributes": {
            "description": "Treat for fancy-tarpon",
            "id": "dogtreat-large-5",
            "is_good_dog": true,
            "price": 2,
            "size": "large"
          },
          "sensitive_attributes": [],
          "identity_schema_version": 0,
          "dependencies": [
            "random_pet.pets"
          ]
        },
        {
          "index_key": 14,
          "schema_version": 0,
          "attributes": {
            "description": "Treat for liberal-bison",
            "id": "dogtreat-large-5",
            "is_good_dog": true,
            "price": 2,
            "size": "large"
          },
          "sensitive_attributes": [],
          "identity_schema_version": 0,
          "dependencies": [
            "random_pet.pets"
          ]
        },
        {
          "index_key": 15,
          "schema_version": 0,
          "attributes": {
            "description": "Treat for fitting-escargot",
            "id": "dogtreat-large-5",
            "is_good_dog": true,
            "price": 2,
            "size": "large"
          },
          "sensitive_attributes": [],
          "identity_schema_version": 0,
          "dependencies": [
            "random_pet.pets"
          ]
        },
        {
          "index_key": 16,
          "schema_version": 0,
          "attributes": {
            "description": "Treat for national-amoeba",
            "id": "dogtreat-large-5",
            "is_good_dog": true,
            "price": 2,
            "size": "large"
          },
          "sensitive_attributes": [],
          "identity_schema_version": 0,
          "dependencies": [
            "random_pet.pets"
          ]
        },
        {
          "index_key": 17,
          "schema_version": 0,
          "attributes": {
            "description": "Treat for proper-adder",
            "id": "dogtreat-large-5",
            "is_good_dog": true,
            "price": 2,
            "size": "large"
          },
          "sensitive_attributes": [],
          "identity_schema_version": 0,
          "dependencies": [
            "random_pet.pets"
          ]
        },
        {
          "index_key": 18,
          "schema_version": 0,
          "attributes": {
            "description": "Treat for equal-bug",
            "id": "dogtreat-large-5",
            "is_good_dog": true,
            "price": 2,
            "size": "large"
          },
          "sensitive_attributes": [],
          "identity_schema_version": 0,
          "dependencies": [
            "random_pet.pets"
          ]
        },
        {
          "index_key": 19,
          "schema_version": 0,
          "attributes": {
            "description": "Treat for trusted-possum",
            "id": "dogtreat-large-5",
            "is_good_dog": true,
            "price": 2,
            "size": "large"
          },
          "sensitive_attributes": [],
          "identity_schema_version": 0,
          "dependencies": [
            "random_pet.pets"
          ]
        },
        {
          "index_key": 20,
          "schema_version": 0,
          "attributes": {
            "description": "Treat for firm-sturgeon",
            "id": "dogtreat-large-5",
            "is_good_dog": true,
            "price": 2,
            "size": "large"
          },
          "sensitive_attributes": [],
          "identity_schema_version": 0,
          "dependencies": [
            "random_pet.pets"
          ]
        },
        {
          "index_key": 21,
          "schema_version": 0,
          "attributes": {
            "description": "Treat for living-gnu",
            "id": "dogtreat-large-5",
            "is_good_dog": true,
            "price": 2,
            "size": "large"
          },
          "sensitive_attributes": [],
          "identity_schema_version": 0,
          "dependencies": [
            "random_pet.pets"
          ]
        },
        {
          "index_key": 22,
          "schema_version": 0,
          "attributes": {
            "description": "Treat for glowing-sculpin",
            "id": "dogtreat-large-5",
            "is_good_dog": true,
            "price": 2,
            "size": "large"
          },
          "sensitive_attributes": [],
          "identity_schema_version": 0,
          "dependencies": [
            "random_pet.pets"
          ]
        },
        {
          "index_key": 23,
          "schema_version": 0,
          "attributes": {
            "description": "Treat for dominant-pangolin",
            "id": "dogtreat-large-5",
            "is_good_dog": true,
            "price": 2,
            "size": "large"
          },
          "sensitive_attributes": [],
          "identity_schema_version": 0,
          "dependencies": [
            "random_pet.pets"
          ]
        },
        {
          "index_key": 24,
          "schema_version": 0,
          "attributes": {
            "description": "Treat for humorous-crawdad",
            "id": "dogtreat-large-5",
            "is_good_dog": true,
            "price": 2,
            "size": "large"
          },
          "sensitive_attributes": [],
          "identity_schema_version": 0,
          "dependencies": [
            "random_pet.pets"
          ]
        },
        {
          "index_key": 25,
          "schema_version": 0,
          "attributes": {
            "description": "Treat for devoted-urchin",
            "id": "dogtreat-large-5",
            "is_good_dog": true,
            "price": 2,
            "size": "large"
          },
          "sensitive_attributes": [],
          "identity_schema_version": 0,
          "dependencies": [
            "random_pet.pets"
          ]
        },
        {
          "index_key": 26,
          "schema_version": 0,
          "attributes": {
            "description": "Treat for superb-zebra",
            "id": "dogtreat-large-5",
            "is_good_dog": true,
            "price": 2,
            "size": "large"
          },
          "sensitive_attributes": [],
          "identity_schema_version": 0,
          "dependencies": [
            "random_pet.pets"
          ]
        },
        {
          "index_key": 27,
          "schema_version": 0,
          "attributes": {
            "description": "Treat for neat-imp",
            "id": "dogtreat-large-5",
            "is_good_dog": true,
            "price": 2,
            "size": "large"
          },
          "sensitive_attributes": [],
          "identity_schema_version": 0,
          "dependencies": [
            "random_pet.pets"
          ]
        },
        {
          "index_key": 28,
          "schema_version": 0,
          "attributes": {
            "description": "Treat for brief-bullfrog",
            "id": "dogtreat-large-5",
            "is_good_dog": true,
            "price": 2,
            "size": "large"
          },
          "sensitive_attributes": [],
          "identity_schema_version": 0,
          "dependencies": [
            "random_pet.pets"
          ]
        },
        {
          "index_key": 29,
          "schema_version": 0,
          "attributes": {
            "description": "Treat for funny-kid",
            "id": "dogtreat-large-5",
            "is_good_dog": true,
            "price": 2,
            "size": "large"
          },
          "sensitive_attributes": [],
          "identity_schema_version": 0,
          "dependencies": [
            "random_pet.pets"
          ]
        },
        {
          "index_key": 30,
          "schema_version": 0,
          "attributes": {
            "description": "Treat for settling-kangaroo",
            "id": "dogtreat-large-5",
            "is_good_dog": true,
            "price": 2,
            "size": "large"
          },
          "sensitive_attributes": [],
          "identity_schema_version": 0,
          "dependencies": [
            "random_pet.pets"
          ]
        },
        {
          "index_key": 31,
          "schema_version": 0,
          "attributes": {
            "description": "Treat for faithful-tortoise",
            "id": "dogtreat-large-5",
            "is_good_dog": true,
            "price": 2,
            "size": "large"
          },
          "sensitive_attributes": [],
          "identity_schema_version": 0,
          "dependencies": [
            "random_pet.pets"
          ]
        },
        {
          "index_key": 32,
          "schema_version": 0,
          "attributes": {
            "description": "Treat for sweeping-quail",
            "id": "dogtreat-large-5",
            "is_good_dog": true,
            "price": 2,
            "size": "large"
          },
          "sensitive_attributes": [],
          "identity_schema_version": 0,
          "dependencies": [
            "random_pet.pets"
          ]
        },
        {
          "index_key": 33,
          "schema_version": 0,
          "attributes": {
            "description": "Treat for whole-mammal",
            "id": "dogtreat-large-5",
            "is_good_dog": true,
            "price": 2,
            "size": "large"
          },
          "sensitive_attributes": [],
          "identity_schema_version": 0,
          "dependencies": [
            "random_pet.pets"
          ]
        },
        {
          "index_key": 34,
          "schema_version": 0,
          "attributes": {
            "description": "Treat for sunny-pelican",
            "id": "dogtreat-large-5",
            "is_good_dog": true,
            "price": 2,
            "size": "large"
          },
          "sensitive_attributes": [],
          "identity_schema_version": 0,
          "dependencies": [
            "random_pet.pets"
          ]
        },
        {
          "index_key": 35,
          "schema_version": 0,
          "attributes": {
            "description": "Treat for topical-raccoon",
            "id": "dogtreat-large-5",
            "is_good_dog": true,
            "price": 2,
            "size": "large"
          },
          "sensitive_attributes": [],
          "identity_schema_version": 0,
          "dependencies": [
            "random_pet.pets"
          ]
        },
        {
          "index_key": 36,
          "schema_version": 0,
          "attributes": {
            "description": "Treat for hardy-sheepdog",
            "id": "dogtreat-large-5",
            "is_good_dog": true,
            "price": 2,
            "size": "large"
          },
          "sensitive_attributes": [],
          "identity_schema_version": 0,
          "dependencies": [
            "random_pet.pets"
          ]
        },
        {
          "index_key": 37,
          "schema_version": 0,
          "attributes": {
            "description": "Treat for sure-rat",
            "id": "dogtreat-large-5",
            "is_good_dog": true,
            "price": 2,
            "size": "large"
          },
          "sensitive_attributes": [],
          "identity_schema_version": 0,
          "dependencies": [
            "random_pet.pets"
          ]
        },
        {
          "index_key": 38,
          "schema_version": 0,
          "attributes": {
            "description": "Treat for pleased-dove",
            "id": "dogtreat-large-5",
            "is_good_dog": true,
            "price": 2,
            "size": "large"
          },
          "sensitive_attributes": [],
          "identity_schema_version": 0,
          "dependencies": [
            "random_pet.pets"
          ]
        },
        {
          "index_key": 39,
          "schema_version": 0,
          "attributes": {
            "description": "Treat for epic-redbird",
            "id": "dogtreat-large-5",
            "is_good_dog": true,
            "price": 2,
            "size": "large"
          },
          "sensitive_attributes": [],
          "identity_schema_version": 0,
          "dependencies": [
            "random_pet.pets"
          ]
        },
        {
          "index_key": 40,
          "schema_version": 0,
          "attributes": {
            "description": "Treat for pleased-joey",
            "id": "dogtreat-large-5",
            "is_good_dog": true,
            "price": 2,
            "size": "large"
          },
          "sensitive_attributes": [],
          "identity_schema_version": 0,
          "dependencies": [
            "random_pet.pets"
          ]
        },
        {
          "index_key": 41,
          "schema_version": 0,
          "attributes": {
            "description": "Treat for skilled-rat",
            "id": "dogtreat-large-5",
            "is_good_dog": true,
            "price": 2,
            "size": "large"
          },
          "sensitive_attributes": [],
          "identity_schema_version": 0,
          "dependencies": [
            "random_pet.pets"
          ]
        },
        {
          "index_key": 42,
          "schema_version": 0,
          "attributes": {
            "description": "Treat for crisp-aardvark",
            "id": "dogtreat-large-5",
            "is_good_dog": true,
            "price": 2,
            "size": "large"
          },
          "sensitive_attributes": [],
          "identity_schema_version": 0,
          "dependencies": [
            "random_pet.pets"
          ]
        },
        {
          "index_key": 43,
          "schema_version": 0,
          "attributes": {
            "description": "Treat for loyal-raccoon",
            "id": "dogtreat-large-5",
            "is_good_dog": true,
            "price": 2,
            "size": "large"
          },
          "sensitive_attributes": [],
          "identity_schema_version": 0,
          "dependencies": [
            "random_pet.pets"
          ]
        },
        {
          "index_key": 44,
          "schema_version": 0,
          "attributes": {
            "description": "Treat for tidy-flounder",
            "id": "dogtreat-large-5",
            "is_good_dog": true,
            "price": 2,
            "size": "large"
          },
          "sensitive_attributes": [],
          "identity_schema_version": 0,
          "dependencies": [
            "random_pet.pets"
          ]
        },
        {
          "index_key": 45,
          "schema_version": 0,
          "attributes": {
            "description": "Treat for magical-ram",
            "id": "dogtreat-large-5",
            "is_good_dog": true,
            "price": 2,
            "size": "large"
          },
          "sensitive_attributes": [],
          "identity_schema_version": 0,
          "dependencies": [
            "random_pet.pets"
          ]
        },
        {
          "index_key": 46,
          "schema_version": 0,
          "attributes": {
            "description": "Treat for hopeful-chipmunk",
            "id": "dogtreat-large-5",
            "is_good_dog": true,
            "price": 2,
            "size": "large"
          },
          "sensitive_attributes": [],
          "identity_schema_version": 0,
          "dependencies": [
            "random_pet.pets"
          ]
        },
        {
          "index_key": 47,
          "schema_version": 0,
          "attributes": {
            "description": "Treat for hot-ghoul",
            "id": "dogtreat-large-5",
            "is_good_dog": true,
            "price": 2,
            "size": "large"
          },
          "sensitive_attributes": [],
          "identity_schema_version": 0,
          "dependencies": [
            "random_pet.pets"
          ]
        },
        {
          "index_key": 48,
          "schema_version": 0,
          "attributes": {
            "description": "Treat for stirred-squirrel",
            "id": "dogtreat-large-5",
            "is_good_dog": true,
            "price": 2,
            "size": "large"
          },
          "sensitive_attributes": [],
          "identity_schema_version": 0,
          "dependencies": [
            "random_pet.pets"
          ]
        },
        {
          "index_key": 49,
          "schema_version": 0,
          "attributes": {
            "description": "Treat for neat-mule",
            "id": "dogtreat-large-5",
            "is_good_dog": true,
            "price": 2,
            "size": "large"
          },
          "sensitive_attributes": [],
          "identity_schema_version": 0,
          "dependencies": [
            "random_pet.pets"
          ]
        },
        {
          "index_key": 50,
          "schema_version": 0,
          "attributes": {
            "description": "Treat for unique-gelding",
            "id": "dogtreat-large-5",
            "is_good_dog": true,
            "price": 2,
            "size": "large"
          },
          "sensitive_attributes": [],
          "identity_schema_version": 0,
          "dependencies": [
            "random_pet.pets"
          ]
        },
        {
          "index_key": 51,
          "schema_version": 0,
          "attributes": {
            "description": "Treat for relaxing-stallion",
            "id": "dogtreat-large-5",
            "is_good_dog": true,
            "price": 2,
            "size": "large"
          },
          "sensitive_attributes": [],
          "identity_schema_version": 0,
          "dependencies": [
            "random_pet.pets"
          ]
        },
        {
          "index_key": 52,
          "schema_version": 0,
          "attributes": {
            "description": "Treat for warm-tick",
            "id": "dogtreat-large-5",
            "is_good_dog": true,
            "price": 2,
            "size": "large"
          },
          "sensitive_attributes": [],
          "identity_schema_version": 0,
          "dependencies": [
            "random_pet.pets"
          ]
        },
        {
          "index_key": 53,
          "schema_version": 0,
          "attributes": {
            "description": "Treat for needed-cardinal",
            "id": "dogtreat-large-5",
            "is_good_dog": true,
            "price": 2,
            "size": "large"
          },
          "sensitive_attributes": [],
          "identity_schema_version": 0,
          "dependencies": [
            "random_pet.pets"
          ]
        },
        {
          "index_key": 54,
          "schema_version": 0,
          "attributes": {
            "description": "Treat for sincere-ewe",
            "id": "dogtreat-large-5",
            "is_good_dog": true,
            "price": 2,
            "size": "large"
          },
          "sensitive_attributes": [],
          "identity_schema_version": 0,
          "dependencies": [
            "random_pet.pets"
          ]
        },
        {
          "index_key": 55,
          "schema_version": 0,
          "attributes": {
            "description": "Treat for sunny-lab",
            "id": "dogtreat-large-5",
            "is_good_dog": true,
            "price": 2,
            "size": "large"
          },
          "sensitive_attributes": [],
          "identity_schema_version": 0,
          "dependencies": [
            "random_pet.pets"
          ]
        },
        {
          "index_key": 56,
          "schema_version": 0,
          "attributes": {
            "description": "Treat for resolved-rhino",
            "id": "dogtreat-large-5",
            "is_good_dog": true,
            "price": 2,
            "size": "large"
          },
          "sensitive_attributes": [],
          "identity_schema_version": 0,
          "dependencies": [
            "random_pet.pets"
          ]
        },
        {
          "index_key": 57,
          "schema_version": 0,
          "attributes": {
            "description": "Treat for glorious-flounder",
            "id": "dogtreat-large-5",
            "is_good_dog": true,
            "price": 2,
            "size": "large"
          },
          "sensitive_attributes": [],
          "identity_schema_version": 0,
          "dependencies": [
            "random_pet.pets"
          ]
        },
        {
          "index_key": 58,
          "schema_version": 0,
          "attributes": {
            "description": "Treat for complete-orca",
            "id": "dogtreat-large-5",
            "is_good_dog": true,
            "price": 2,
            "size": "large"
          },
          "sensitive_attributes": [],
          "identity_schema_version": 0,
          "dependencies": [
            "random_pet.pets"
          ]
        },
        {
          "index_key": 59,
          "schema_version": 0,
          "attributes": {
            "description": "Treat for relieved-snapper",
            "id": "dogtreat-large-5",
            "is_good_dog": true,
            "price": 2,
            "size": "large"
          },
          "sensitive_attributes": [],
          "identity_schema_version": 0,
          "dependencies": [
            "random_pet.pets"
          ]
        },
        {
          "index_key": 60,
          "schema_version": 0,
          "attributes": {
            "description": "Treat for quality-lioness",
            "id": "dogtreat-large-5",
            "is_good_dog": true,
            "price": 2,
            "size": "large"
          },
          "sensitive_attributes": [],
          "identity_schema_version": 0,
          "dependencies": [
            "random_pet.pets"
          ]
        },
        {
          "index_key": 61,
          "schema_version": 0,
          "attributes": {
            "description": "Treat for top-heron",
            "id": "dogtreat-large-5",
            "is_good_dog": true,
            "price": 2,
            "size": "large"
          },
          "sensitive_attributes": [],
          "identity_schema_version": 0,
          "dependencies": [
            "random_pet.pets"
          ]
        },
        {
          "index_key": 62,
          "schema_version": 0,
          "attributes": {
            "description": "Treat for neutral-yeti",
            "id": "dogtreat-large-5",
            "is_good_dog": true,
            "price": 2,
            "size": "large"
          },
          "sensitive_attributes": [],
          "identity_schema_version": 0,
          "dependencies": [
            "random_pet.pets"
          ]
        },
        {
          "index_key": 63,
          "schema_version": 0,
          "attributes": {
            "description": "Treat for precise-ape",
            "id": "dogtreat-large-5",
            "is_good_dog": true,
            "price": 2,
            "size": "large"
          },
          "sensitive_attributes": [],
          "identity_schema_version": 0,
          "dependencies": [
            "random_pet.pets"
          ]
        },
        {
          "index_key": 64,
          "schema_version": 0,
          "attributes": {
            "description": "Treat for selected-pipefish",
            "id": "dogtreat-large-5",
            "is_good_dog": true,
            "price": 2,
            "size": "large"
          },
          "sensitive_attributes": [],
          "identity_schema_version": 0,
          "dependencies": [
            "random_pet.pets"
          ]
        },
        {
          "index_key": 65,
          "schema_version": 0,
          "attributes": {
            "description": "Treat for proven-llama",
            "id": "dogtreat-large-5",
            "is_good_dog": true,
            "price": 2,
            "size": "large"
          },
          "sensitive_attributes": [],
          "identity_schema_version": 0,
          "dependencies": [
            "random_pet.pets"
          ]
        },
        {
          "index_key": 66,
          "schema_version": 0,
          "attributes": {
            "description": "Treat for natural-platypus",
            "id": "dogtreat-large-5",
            "is_good_dog": true,
            "price": 2,
            "size": "large"
          },
          "sensitive_attributes": [],
          "identity_schema_version": 0,
          "dependencies": [
            "random_pet.pets"
          ]
        },
        {
          "index_key": 67,
          "schema_version": 0,
          "attributes": {
            "description": "Treat for knowing-gobbler",
            "id": "dogtreat-large-5",
            "is_good_dog": true,
            "price": 2,
            "size": "large"
          },
          "sensitive_attributes": [],
          "identity_schema_version": 0,
          "dependencies": [
            "random_pet.pets"
          ]
        },
        {
          "index_key": 68,
          "schema_version": 0,
          "attributes": {
            "description": "Treat for prompt-ringtail",
            "id": "dogtreat-large-5",
            "is_good_dog": true,
            "price": 2,
            "size": "large"
          },
          "sensitive_attributes": [],
          "identity_schema_version": 0,
          "dependencies": [
            "random_pet.pets"
          ]
        },
        {
          "index_key": 69,
          "schema_version": 0,
          "attributes": {
            "description": "Treat for concrete-possum",
            "id": "dogtreat-large-5",
            "is_good_dog": true,
            "price": 2,
            "size": "large"
          },
          "sensitive_attributes": [],
          "identity_schema_version": 0,
          "dependencies": [
            "random_pet.pets"
          ]
        },
        {
          "index_key": 70,
          "schema_version": 0,
          "attributes": {
            "description": "Treat for communal-badger",
            "id": "dogtreat-large-5",
            "is_good_dog": true,
            "price": 2,
            "size": "large"
          },
          "sensitive_attributes": [],
          "identity_schema_version": 0,
          "dependencies": [
            "random_pet.pets"
          ]
        },
        {
          "index_key": 71,
          "schema_version": 0,
          "attributes": {
            "description": "Treat for golden-meerkat",
            "id": "dogtreat-large-5",
            "is_good_dog": true,
            "price": 2,
            "size": "large"
          },
          "sensitive_attributes": [],
          "identity_schema_version": 0,
          "dependencies": [
            "random_pet.pets"
          ]
        },
        {
          "index_key": 72,
          "schema_version": 0,
          "attributes": {
            "description": "Treat for many-monster",
            "id": "dogtreat-large-5",
            "is_good_dog": true,
            "price": 2,
            "size": "large"
          },
          "sensitive_attributes": [],
          "identity_schema_version": 0,
          "dependencies": [
            "random_pet.pets"
          ]
        },
        {
          "index_key": 73,
          "schema_version": 0,
          "attributes": {
            "description": "Treat for witty-vulture",
            "id": "dogtreat-large-5",
            "is_good_dog": true,
            "price": 2,
            "size": "large"
          },
          "sensitive_attributes": [],
          "identity_schema_version": 0,
          "dependencies": [
            "random_pet.pets"
          ]
        },
        {
          "index_key": 74,
          "schema_version": 0,
          "attributes": {
            "description": "Treat for growing-polecat",
            "id": "dogtreat-large-5",
            "is_good_dog": true,
            "price": 2,
            "size": "large"
          },
          "sensitive_attributes": [],
          "identity_schema_version": 0,
          "dependencies": [
            "random_pet.pets"
          ]
        },
        {
          "index_key": 75,
          "schema_version": 0,
          "attributes": {
            "description": "Treat for magnetic-wildcat",
            "id": "dogtreat-large-5",
            "is_good_dog": true,
            "price": 2,
            "size": "large"
          },
          "sensitive_attributes": [],
          "identity_schema_version": 0,
          "dependencies": [
            "random_pet.pets"
          ]
        },
        {
          "index_key": 76,
          "schema_version": 0,
          "attributes": {
            "description": "Treat for legible-thrush",
            "id": "dogtreat-large-5",
            "is_good_dog": true,
            "price": 2,
            "size": "large"
          },
          "sensitive_attributes": [],
          "identity_schema_version": 0,
          "dependencies": [
            "random_pet.pets"
          ]
        },
        {
          "index_key": 77,
          "schema_version": 0,
          "attributes": {
            "description": "Treat for rich-racer",
            "id": "dogtreat-large-5",
            "is_good_dog": true,
            "price": 2,
            "size": "large"
          },
          "sensitive_attributes": [],
          "identity_schema_version": 0,
          "dependencies": [
            "random_pet.pets"
          ]
        },
        {
          "index_key": 78,
          "schema_version": 0,
          "attributes": {
            "description": "Treat for topical-minnow",
            "id": "dogtreat-large-5",
            "is_good_dog": true,
            "price": 2,
            "size": "large"
          },
          "sensitive_attributes": [],
          "identity_schema_version": 0,
          "dependencies": [
            "random_pet.pets"
          ]
        },
        {
          "index_key": 79,
          "schema_version": 0,
          "attributes": {
            "description": "Treat for growing-bobcat",
            "id": "dogtreat-large-5",
            "is_good_dog": true,
            "price": 2,
            "size": "large"
          },
          "sensitive_attributes": [],
          "identity_schema_version": 0,
          "dependencies": [
            "random_pet.pets"
          ]
        },
        {
          "index_key": 80,
          "schema_version": 0,
          "attributes": {
            "description": "Treat for careful-muskox",
            "id": "dogtreat-large-5",
            "is_good_dog": true,
            "price": 2,
            "size": "large"
          },
          "sensitive_attributes": [],
          "identity_schema_version": 0,
          "dependencies": [
            "random_pet.pets"
          ]
        },
        {
          "index_key": 81,
          "schema_version": 0,
          "attributes": {
            "description": "Treat for fluent-weasel",
            "id": "dogtreat-large-5",
            "is_good_dog": true,
            "price": 2,
            "size": "large"
          },
          "sensitive_attributes": [],
          "identity_schema_version": 0,
          "dependencies": [
            "random_pet.pets"
          ]
        },
        {
          "index_key": 82,
          "schema_version": 0,
          "attributes": {
            "description": "Treat for master-penguin",
            "id": "dogtreat-large-5",
            "is_good_dog": true,
            "price": 2,
            "size": "large"
          },
          "sensitive_attributes": [],
          "identity_schema_version": 0,
          "dependencies": [
            "random_pet.pets"
          ]
        },
        {
          "index_key": 83,
          "schema_version": 0,
          "attributes": {
            "description": "Treat for engaged-tiger",
            "id": "dogtreat-large-5",
            "is_good_dog": true,
            "price": 2,
            "size": "large"
          },
          "sensitive_attributes": [],
          "identity_schema_version": 0,
          "dependencies": [
            "random_pet.pets"
          ]
        },
        {
          "index_key": 84,
          "schema_version": 0,
          "attributes": {
            "description": "Treat for rational-dane",
            "id": "dogtreat-large-5",
            "is_good_dog": true,
            "price": 2,
            "size": "large"
          },
          "sensitive_attributes": [],
          "identity_schema_version": 0,
          "dependencies": [
            "random_pet.pets"
          ]
        },
        {
          "index_key": 85,
          "schema_version": 0,
          "attributes": {
            "description": "Treat for becoming-toad",
            "id": "dogtreat-large-5",
            "is_good_dog": true,
            "price": 2,
            "size": "large"
          },
          "sensitive_attributes": [],
          "identity_schema_version": 0,
          "dependencies": [
            "random_pet.pets"
          ]
        },
        {
          "index_key": 86,
          "schema_version": 0,
          "attributes": {
            "description": "Treat for prompt-beagle",
            "id": "dogtreat-large-5",
            "is_good_dog": true,
            "price": 2,
            "size": "large"
          },
          "sensitive_attributes": [],
          "identity_schema_version": 0,
          "dependencies": [
            "random_pet.pets"
          ]
        },
        {
          "index_key": 87,
          "schema_version": 0,
          "attributes": {
            "description": "Treat for refined-iguana",
            "id": "dogtreat-large-5",
            "is_good_dog": true,
            "price": 2,
            "size": "large"
          },
          "sensitive_attributes": [],
          "identity_schema_version": 0,
          "dependencies": [
            "random_pet.pets"
          ]
        },
        {
          "index_key": 88,
          "schema_version": 0,
          "attributes": {
            "description": "Treat for shining-gecko",
            "id": "dogtreat-large-5",
            "is_good_dog": true,
            "price": 2,
            "size": "large"
          },
          "sensitive_attributes": [],
          "identity_schema_version": 0,
          "dependencies": [
            "random_pet.pets"
          ]
        },
        {
          "index_key": 89,
          "schema_version": 0,
          "attributes": {
            "description": "Treat for grateful-goldfish",
            "id": "dogtreat-large-5",
            "is_good_dog": true,
            "price": 2,
            "size": "large"
          },
          "sensitive_attributes": [],
          "identity_schema_version": 0,
          "dependencies": [
            "random_pet.pets"
          ]
        },
        {
          "index_key": 90,
          "schema_version": 0,
          "attributes": {
            "description": "Treat for knowing-muskrat",
            "id": "dogtreat-large-5",
            "is_good_dog": true,
            "price": 2,
            "size": "large"
          },
          "sensitive_attributes": [],
          "identity_schema_version": 0,
          "dependencies": [
            "random_pet.pets"
          ]
        },
        {
          "index_key": 91,
          "schema_version": 0,
          "attributes": {
            "description": "Treat for feasible-cod",
            "id": "dogtreat-large-5",
            "is_good_dog": true,
            "price": 2,
            "size": "large"
          },
          "sensitive_attributes": [],
          "identity_schema_version": 0,
          "dependencies": [
            "random_pet.pets"
          ]
        },
        {
          "index_key": 92,
          "schema_version": 0,
          "attributes": {
            "description": "Treat for model-ant",
            "id": "dogtreat-large-5",
            "is_good_dog": true,
            "price": 2,
            "size": "large"
          },
          "sensitive_attributes": [],
          "identity_schema_version": 0,
          "dependencies": [
            "random_pet.pets"
          ]
        },
        {
          "index_key": 93,
          "schema_version": 0,
          "attributes": {
            "description": "Treat for caring-penguin",
            "id": "dogtreat-large-5",
            "is_good_dog": true,
            "price": 2,
            "size": "large"
          },
          "sensitive_attributes": [],
          "identity_schema_version": 0,
          "dependencies": [
            "random_pet.pets"
          ]
        },
        {
          "index_key": 94,
          "schema_version": 0,
          "attributes": {
            "description": "Treat for delicate-tetra",
            "id": "dogtreat-large-5",
            "is_good_dog": true,
            "price": 2,
            "size": "large"
          },
          "sensitive_attributes": [],
          "identity_schema_version": 0,
          "dependencies": [
            "random_pet.pets"
          ]
        },
        {
          "index_key": 95,
          "schema_version": 0,
          "attributes": {
            "description": "Treat for glorious-tapir",
            "id": "dogtreat-large-5",
            "is_good_dog": true,
            "price": 2,
            "size": "large"
          },
          "sensitive_attributes": [],
          "identity_schema_version": 0,
          "dependencies": [
            "random_pet.pets"
          ]
        },
        {
          "index_key": 96,
          "schema_version": 0,
          "attributes": {
            "description": "Treat for intense-guinea",
            "id": "dogtreat-large-5",
            "is_good_dog": true,
            "price": 2,
            "size": "large"
          },
          "sensitive_attributes": [],
          "identity_schema_version": 0,
          "dependencies": [
            "random_pet.pets"
          ]
        },
        {
          "index_key": 97,
          "schema_version": 0,
          "attributes": {
            "description": "Treat for stirring-bobcat",
            "id": "dogtreat-large-5",
            "is_good_dog": true,
            "price": 2,
            "size": "large"
          },
          "sensitive_attributes": [],
          "identity_schema_version": 0,
          "dependencies": [
            "random_pet.pets"
          ]
        },
        {
          "index_key": 98,
          "schema_version": 0,
          "attributes": {
            "description": "Treat for glowing-doe",
            "id": "dogtreat-large-5",
            "is_good_dog": true,
            "price": 2,
            "size": "large"
          },
          "sensitive_attributes": [],
          "identity_schema_version": 0,
          "dependencies": [
            "random_pet.pets"
          ]
        },
        {
          "index_key": 99,
          "schema_version": 0,
          "attributes": {
            "description": "Treat for star-silkworm",
            "id": "dogtreat-large-5",
            "is_good_dog": true,
            "price": 2,
            "size": "large"
          },
          "sensitive_attributes": [],
          "identity_schema_version": 0,
          "dependencies": [
            "random_pet.pets"
          ]
        }
      ]
    },
    {
      "mode": "managed",
      "type": "hw_drink",
      "name": "airport_combo_drink",
      "provider": "provider[\"registry.terraform.io/bevelwork/hashiwich\"].airport",
      "instances": [
        {
          "schema_version": 0,
          "attributes": {
            "description": "Airport combo drink",
            "ice": [
              {
                "lots": true,
                "max": false,
                "some": false
              }
            ],
            "id": "drink-cola-4",
            "kind": "cola",
            "price": 1
          },
          "sensitive_attributes": [],
          "identity_schema_version": 0
        }
      ]
    },
    {
      "mode": "managed",
      "type": "hw_drink",
      "name": "conditional",
      "provider": "provider[\"registry.terraform.io/bevelwork/hashiwich\"]",
      "instances": [
        {
          "index_key": 0,
          "schema_version": 0,
          "attributes": {
            "description": "Conditionally created drink: cola",
            "ice": [
              {
                "lots": true,
                "max": false,
                "some": false
              }
            ],
            "id": "drink-cola-4",
            "kind": "cola",
            "price": 1
          },
          "sensitive_attributes": [],
          "identity_schema_version": 0
        }
      ]
    },
    {
      "mode": "managed",
      "type": "hw_drink",
      "name": "conditional_hot_tea",
      "provider": "provider[\"registry.terraform.io/bevelwork/hashiwich\"]",
      "instances": [
        {
          "schema_version": 0,
          "attributes": {
            "description": "Hot tea with conditional ice: uses 'lots' because it contains 'hot'",
            "ice": [
              {
                "lots": true,
                "max": false,
                "some": false
              }
            ],
            "id": "drink-hot tea-7",
            "kind": "hot tea",
            "price": 1
          },
          "sensitive_attributes": [],
          "identity_schema_version": 0
        }
      ]
    },
    {
      "mode": "managed",
      "type": "hw_drink",
      "name": "conditional_soda",
      "provider": "provider[\"registry.terraform.io/bevelwork/hashiwich\"]",
      "instances": [
        {
          "schema_version": 0,
          "attributes": {
            "description": "Soda with conditional ice: uses 'some' because it doesn't contain 'hot'",
            "ice": [
              {
                "lots": false,
                "max": false,
                "some": true
              }
            ],
            "id": "drink-cola-4",
            "kind": "cola",
            "price": 1
          },
          "sensitive_attributes": [],
          "identity_schema_version": 0
        }
      ]
    },
    {
      "mode": "managed",
      "type": "hw_drink",
      "name": "conditional_tea",
      "provider": "provider[\"registry.terraform.io/bevelwork/hashiwich\"]",
      "instances": [
        {
          "schema_version": 0,
          "attributes": {
            "description": "Tea with conditional ice: uses 'some' because it doesn't contain 'hot'",
            "ice": [
              {
                "lots": false,
                "max": false,
                "some": true
              }
            ],
            "id": "drink-tea-3",
            "kind": "tea",
            "price": 1
          },
          "sensitive_attributes": [],
          "identity_schema_version": 0
        }
      ]
    },
    {
      "mode": "managed",
      "type": "hw_drink",
      "name": "local_conditional",
      "provider": "provider[\"registry.terraform.io/bevelwork/hashiwich\"]",
      "instances": [
        {
          "schema_version": 0,
          "attributes": {
            "description": "Drink with ice determined by strcontains check using dynamic block",
            "ice": [
              {
                "lots": false,
                "max": false,
                "some": true
              }
            ],
            "id": "drink-tea-3",
            "kind": "tea",
            "price": 1
          },
          "sensitive_attributes": [],
          "identity_schema_version": 0
        }
      ]
    },
    {
      "mode": "managed",
      "type": "hw_drink",
      "name": "order_drink",
      "provider": "provider[\"registry.terraform.io/bevelwork/hashiwich\"]",
      "instances": [
        {
          "schema_version": 0,
          "attributes": {
            "description": "Drink from order: cola",
            "ice": [
              {
                "lots": true,
                "max": false,
                "some": false
              }
            ],
            "id": "drink-cola-4",
            "kind": "cola",
            "price": 1
          },
          "sensitive_attributes": [],
          "identity_schema_version": 0,
          "dependencies": [
            "data.hw_order.order_example"
          ]
        }
      ]
    },
    {
      "mode": "managed",
      "type": "hw_drink",
      "name": "try_nested_drink",
      "provider": "provider[\"registry.terraform.io/bevelwork/hashiwich\"]",
      "instances": [
        {
          "schema_version": 0,
          "attributes": {
            "description": "Drink from order data with try() fallback",
            "ice": [
              {
                "lots": true,
                "max": false,
                "some": false
              }
            ],
            "id": "drink-cola-4",
            "kind": "cola",
            "price": 1
          },
          "sensitive_attributes": [],
          "identity_schema_version": 0,
          "dependencies": [
            "data.hw_order.try_nested_example"
          ]
        }
      ]
    },
    {
      "mode": "managed",
      "type": "hw_drink",
      "name": "variable_conditional",
      "provider": "provider[\"registry.terraform.io/bevelwork/hashiwich\"]",
      "instances": [
        {
          "schema_version": 0,
          "attributes": {
            "description": "Drink with ice determined by variable using dynamic block: tea",
            "ice": [
              {
                "lots": false,
                "max": false,
                "some": true
              }
            ],
            "id": "drink-tea-3",
            "kind": "tea",
            "price": 1
          },
          "sensitive_attributes": [],
          "identity_schema_version": 0
        }
      ]
    },
    {
      "mode": "managed",
      "type": "hw_drink",
      "name": "with_local",
      "provider": "provider[\"registry.terraform.io/bevelwork/hashiwich\"]",
      "instances": [
        {
          "index_key": 0,
          "schema_version": 0,
          "attributes": {
            "description": "Drink created based on local value: cola",
            "ice": [
              {
                "lots": true,
                "max": false,
                "some": false
              }
            ],
            "id": "drink-cola-4",
            "kind": "cola",
            "price": 1
          },
          "sensitive_attributes": [],
          "identity_schema_version": 0
        }
      ]
    },
    {
      "mode": "managed",
      "type": "hw_fridge",
      "name": "balanced_fridge",
      "provider": "provider[\"registry.terraform.io/bevelwork/hashiwich\"]",
      "instances": [
        {
          "schema_version": 0,
          "attributes": {
            "cost": 500,
            "description": "Medium fridge for balanced configuration",
            "id": "fridge-medium-6",
            "size": "medium"
          },
          "sensitive_attributes": [],
          "identity_schema_version": 0
        }
      ]
    },
    {
      "mode": "managed",
      "type": "hw_fridge",
      "name": "budget_fridge",
      "provider": "provider[\"registry.terraform.io/bevelwork/hashiwich\"]",
      "instances": [
        {
          "schema_version": 0,
          "attributes": {
            "cost": 300,
            "description": "Small fridge for budget configuration",
            "id": "fridge-small-5",
            "size": "small"
          },
          "sensitive_attributes": [],
          "identity_schema_version": 0
        }
      ]
    },
    {
      "mode": "managed",
      "type": "hw_fridge",
      "name": "capacity_fridge",
      "provider": "provider[\"registry.terraform.io/bevelwork/hashiwich\"]",
      "instances": [
        {
          "schema_version": 0,
          "attributes": {
            "cost": 800,
            "description": "Large fridge for high capacity",
            "id": "fridge-large-5",
            "size": "large"
          },
          "sensitive_attributes": [],
          "identity_schema_version": 0
        }
      ]
    },
    {
      "mode": "managed",
      "type": "hw_fridge",
      "name": "file_fridge",
      "provider": "provider[\"registry.terraform.io/bevelwork/hashiwich\"]",
      "instances": [
        {
          "schema_version": 0,
          "attributes": {
            "cost": 500,
            "description": null,
            "id": "fridge-medium-6",
            "size": "medium"
          },
          "sensitive_attributes": [],
          "identity_schema_version": 0
        }
      ]
    },
    {
      "mode": "managed",
      "type": "hw_fridge",
      "name": "json_fridge",
      "provider": "provider[\"registry.terraform.io/bevelwork/hashiwich\"]",
      "instances": [
        {
          "schema_version": 0,
          "attributes": {
            "cost": 800,
            "description": "Walk-in refrigerator",
            "id": "fridge-large-5",
            "size": "large"
          },
          "sensitive_attributes": [],
          "identity_schema_version": 0
        }
      ]
    },
    {
      "mode": "managed",
      "type": "hw_fridge",
      "name": "json_store_fridge",
      "provider": "provider[\"registry.terraform.io/bevelwork/hashiwich\"]",
      "instances": [
        {
          "schema_version": 0,
          "attributes": {
            "cost": 800,
            "description": "Fridge from JSON config",
            "id": "fridge-large-5",
            "size": "large"
          },
          "sensitive_attributes": [],
          "identity_schema_version": 0
        }
      ]
    },
    {
      "mode": "managed",
      "type": "hw_meat",
      "name": "access_for_each_meats",
      "provider": "provider[\"registry.terraform.io/bevelwork/hashiwich\"]",
      "instances": [
        {
          "index_key": "chicken",
          "schema_version": 0,
          "attributes": {
            "description": null,
            "id": "meat-chicken-7",
            "kind": "chicken"
          },
          "sensitive_attributes": [],
          "identity_schema_version": 0
        },
        {
          "index_key": "ham",
          "schema_version": 0,
          "attributes": {
            "description": null,
            "id": "meat-ham-3",
            "kind": "ham"
          },
          "sensitive_attributes": [],
          "identity_schema_version": 0
        },
        {
          "index_key": "roast beef",
          "schema_version": 0,
          "attributes": {
            "description": null,
            "id": "meat-roast beef-10",
            "kind": "roast beef"
          },
          "sensitive_attributes": [],
          "identity_schema_version": 0
        },
        {
          "index_key": "turkey",
          "schema_version": 0,
          "attributes": {
            "description": null,
            "id": "meat-turkey-6",
            "kind": "turkey"
          },
          "sensitive_attributes": [],
          "identity_schema_version": 0
        }
      ]
    },
    {
      "mode": "managed",
      "type": "hw_meat",
      "name": "access_meat_1",
      "provider": "provider[\"registry.terraform.io/bevelwork/hashiwich\"]",
      "instances": [
        {
          "schema_version": 0,
          "attributes": {
            "description": "Meat 1 for property access examples",
            "id": "meat-turkey-6",
            "kind": "turkey"
          },
          "sensitive_attributes": [],
          "identity_schema_version": 0
        }
      ]
    },
    {
      "mode": "managed",
      "type": "hw_meat",
      "name": "access_meat_2",
      "provider": "provider[\"registry.terraform.io/bevelwork/hashiwich\"]",
      "instances": [
        {
          "schema_version": 0,
          "attributes": {
            "description": "Meat 2 for property access examples",
            "id": "meat-ham-3",
            "kind": "ham"
          },
          "sensitive_attributes": [],
          "identity_schema_version": 0
        }
      ]
    },
    {
      "mode": "managed",
      "type": "hw_meat",
      "name": "access_meat_3",
      "provider": "provider[\"registry.terraform.io/bevelwork/hashiwich\"]",
      "instances": [
        {
          "schema_version": 0,
          "attributes": {
            "description": "Meat 3 for property access examples",
            "id": "meat-roast beef-10",
            "kind": "roast beef"
          },
          "sensitive_attributes": [],
          "identity_schema_version": 0
        }
      ]
    },
    {
      "mode": "managed",
      "type": "hw_meat",
      "name": "airport_meat",
      "provider": "provider[\"registry.terraform.io/bevelwork/hashiwich\"].airport",
      "instances": [
        {
          "schema_version": 0,
          "attributes": {
            "description": "Turkey for airport sandwich",
            "id": "meat-turkey-6",
            "kind": "turkey"
          },
          "sensitive_attributes": [],
          "identity_schema_version": 0
        }
      ]
    },
    {
      "mode": "managed",
      "type": "hw_meat",
      "name": "bag_meat_1",
      "provider": "provider[\"registry.terraform.io/bevelwork/hashiwich\"]",
      "instances": [
        {
          "schema_version": 0,
          "attributes": {
            "description": "Turkey for bag sandwich 1",
            "id": "meat-turkey-6",
            "kind": "turkey"
          },
          "sensitive_attributes": [],
          "identity_schema_version": 0
        }
      ]
    },
    {
      "mode": "managed",
      "type": "hw_meat",
      "name": "bag_meat_2",
      "provider": "provider[\"registry.terraform.io/bevelwork/hashiwich\"]",
      "instances": [
        {
          "schema_version": 0,
          "attributes": {
            "description": "Ham for bag sandwich 2",
            "id": "meat-ham-3",
            "kind": "ham"
          },
          "sensitive_attributes": [],
          "identity_schema_version": 0
        }
      ]
    },
    {
      "mode": "managed",
      "type": "hw_meat",
      "name": "bag_meat_3",
      "provider": "provider[\"registry.terraform.io/bevelwork/hashiwich\"]",
      "instances": [
        {
          "schema_version": 0,
          "attributes": {
            "description": "Roast beef for bag sandwich 3",
            "id": "meat-roast beef-10",
            "kind": "roast beef"
          },
          "sensitive_attributes": [],
          "identity_schema_version": 0
        }
      ]
    },
    {
      "mode": "managed",
      "type": "hw_meat",
      "name": "bag_meat_4",
      "provider": "provider[\"registry.terraform.io/bevelwork/hashiwich\"]",
      "instances": [
        {
          "schema_version": 0,
          "attributes": {
            "description": "Chicken for bag sandwich 4",
            "id": "meat-chicken-7",
            "kind": "chicken"
          },
          "sensitive_attributes": [],
          "identity_schema_version": 0
        }
      ]
    },
    {
      "mode": "managed",
      "type": "hw_meat",
      "name": "bag_meat_5",
      "provider": "provider[\"registry.terraform.io/bevelwork/hashiwich\"]",
      "instances": [
        {
          "schema_version": 0,
          "attributes": {
            "description": "Pastrami for bag sandwich 5",
            "id": "meat-pastrami-8",
            "kind": "pastrami"
          },
          "sensitive_attributes": [],
          "identity_schema_version": 0
        }
      ]
    },
    {
      "mode": "managed",
      "type": "hw_meat",
      "name": "budget_meat",
      "provider": "provider[\"registry.terraform.io/bevelwork/hashiwich\"]",
      "instances": [
        {
          "schema_version": 0,
          "attributes": {
            "description": "Turkey for budget example sandwiches",
            "id": "meat-turkey-6",
            "kind": "turkey"
          },
          "sensitive_attributes": [],
          "identity_schema_version": 0
        }
      ]
    },
    {
      "mode": "managed",
      "type": "hw_meat",
      "name": "count_turkey",
      "provider": "provider[\"registry.terraform.io/bevelwork/hashiwich\"]",
      "instances": [
        {
          "schema_version": 0,
          "attributes": {
            "description": "Turkey for conditional count example",
            "id": "meat-turkey-6",
            "kind": "turkey"
          },
          "sensitive_attributes": [],
          "identity_schema_version": 0
        }
      ]
    },
    {
      "mode": "managed",
      "type": "hw_meat",
      "name": "file_meat_1",
      "provider": "provider[\"registry.terraform.io/bevelwork/hashiwich\"]",
      "instances": [
        {
          "schema_version": 0,
          "attributes": {
            "description": "Premium turkey",
            "id": "meat-turkey-6",
            "kind": "turkey"
          },
          "sensitive_attributes": [],
          "identity_schema_version": 0
        }
      ]
    },
    {
      "mode": "managed",
      "type": "hw_meat",
      "name": "flatten_count_meat",
      "provider": "provider[\"registry.terraform.io/bevelwork/hashiwich\"]",
      "instances": [
        {
          "index_key": 0,
          "schema_version": 0,
          "attributes": {
            "description": "Meat 1 for count flatten example",
            "id": "meat-turkey-6",
            "kind": "turkey"
          },
          "sensitive_attributes": [],
          "identity_schema_version": 0
        },
        {
          "index_key": 1,
          "schema_version": 0,
          "attributes": {
            "description": "Meat 2 for count flatten example",
            "id": "meat-ham-3",
            "kind": "ham"
          },
          "sensitive_attributes": [],
          "identity_schema_version": 0
        },
        {
          "index_key": 2,
          "schema_version": 0,
          "attributes": {
            "description": "Meat 3 for count flatten example",
            "id": "meat-roast beef-10",
            "kind": "roast beef"
          },
          "sensitive_attributes": [],
          "identity_schema_version": 0
        }
      ]
    },
    {
      "mode": "managed",
      "type": "hw_meat",
      "name": "flatten_group_meat",
      "provider": "provider[\"registry.terraform.io/bevelwork/hashiwich\"]",
      "instances": [
        {
          "index_key": "group_1",
          "schema_version": 0,
          "attributes": {
            "description": "Meat for group group_1",
            "id": "meat-turkey-6",
            "kind": "turkey"
          },
          "sensitive_attributes": [],
          "identity_schema_version": 0
        },
        {
          "index_key": "group_2",
          "schema_version": 0,
          "attributes": {
            "description": "Meat for group group_2",
            "id": "meat-ham-3",
            "kind": "ham"
          },
          "sensitive_attributes": [],
          "identity_schema_version": 0
        },
        {
          "index_key": "group_3",
          "schema_version": 0,
          "attributes": {
            "description": "Meat for group group_3",
            "id": "meat-roast beef-10",
            "kind": "roast beef"
          },
          "sensitive_attributes": [],
          "identity_schema_version": 0
        }
      ]
    },
    {
      "mode": "managed",
      "type": "hw_meat",
      "name": "flatten_meat_1",
      "provider": "provider[\"registry.terraform.io/bevelwork/hashiwich\"]",
      "instances": [
        {
          "schema_version": 0,
          "attributes": {
            "description": "Meat 1 for flatten example",
            "id": "meat-turkey-6",
            "kind": "turkey"
          },
          "sensitive_attributes": [],
          "identity_schema_version": 0
        }
      ]
    },
    {
      "mode": "managed",
      "type": "hw_meat",
      "name": "flatten_meat_2",
      "provider": "provider[\"registry.terraform.io/bevelwork/hashiwich\"]",
      "instances": [
        {
          "schema_version": 0,
          "attributes": {
            "description": "Meat 2 for flatten example",
            "id": "meat-ham-3",
            "kind": "ham"
          },
          "sensitive_attributes": [],
          "identity_schema_version": 0
        }
      ]
    },
    {
      "mode": "managed",
      "type": "hw_meat",
      "name": "flatten_meat_3",
      "provider": "provider[\"registry.terraform.io/bevelwork/hashiwich\"]",
      "instances": [
        {
          "schema_version": 0,
          "attributes": {
            "description": "Meat 3 for flatten example",
            "id": "meat-roast beef-10",
            "kind": "roast beef"
          },
          "sensitive_attributes": [],
          "identity_schema_version": 0
        }
      ]
    },
    {
      "mode": "managed",
      "type": "hw_meat",
      "name": "ignore_combined_meat",
      "provider": "provider[\"registry.terraform.io/bevelwork/hashiwich\"]",
      "instances": [
        {
          "schema_version": 0,
          "attributes": {
            "description": "Meat with multiple lifecycle rules",
            "id": "meat-chicken-7",
            "kind": "chicken"
          },
          "sensitive_attributes": [],
          "identity_schema_version": 0,
          "create_before_destroy": true
        }
      ]
    },
    {
      "mode": "managed",
      "type": "hw_meat",
      "name": "ignore_single_meat",
      "provider": "provider[\"registry.terraform.io/bevelwork/hashiwich\"]",
      "instances": [
        {
          "schema_version": 0,
          "attributes": {
            "description": "Meat with ignored description",
            "id": "meat-turkey-6",
            "kind": "turkey"
          },
          "sensitive_attributes": [],
          "identity_schema_version": 0
        }
      ]
    },
    {
      "mode": "managed",
      "type": "hw_meat",
      "name": "import_meat",
      "provider": "provider[\"registry.terraform.io/bevelwork/hashiwich\"]",
      "instances": [
        {
          "schema_version": 0,
          "attributes": {
            "description": "Meat for import example",
            "id": "meat-turkey-6",
            "kind": "turkey"
          },
          "sensitive_attributes": [],
          "identity_schema_version": 0
        }
      ]
    },
    {
      "mode": "managed",
      "type": "hw_meat",
      "name": "json_meats",
      "provider": "provider[\"registry.terraform.io/bevelwork/hashiwich\"]",
      "instances": [
        {
          "index_key": 0,
          "schema_version": 0,
          "attributes": {
            "description": "Premium turkey",
            "id": "meat-turkey-6",
            "kind": "turkey"
          },
          "sensitive_attributes": [],
          "identity_schema_version": 0
        },
        {
          "index_key": 1,
          "schema_version": 0,
          "attributes": {
            "description": "Sliced ham",
            "id": "meat-ham-3",
            "kind": "ham"
          },
          "sensitive_attributes": [],
          "identity_schema_version": 0
        },
        {
          "index_key": 2,
          "schema_version": 0,
          "attributes": {
            "description": "Roast beef",
            "id": "meat-roast beef-10",
            "kind": "roast beef"
          },
          "sensitive_attributes": [],
          "identity_schema_version": 0
        }
      ]
    },
    {
      "mode": "managed",
      "type": "hw_meat",
      "name": "json_menu_meats",
      "provider": "provider[\"registry.terraform.io/bevelwork/hashiwich\"]",
      "instances": [
        {
          "index_key": "ham",
          "schema_version": 0,
          "attributes": {
            "description": "Meat for menu item: ham",
            "id": "meat-ham-3",
            "kind": "ham"
          },
          "sensitive_attributes": [],
          "identity_schema_version": 0
        },
        {
          "index_key": "turkey",
          "schema_version": 0,
          "attributes": {
            "description": "Meat for menu item: turkey",
            "id": "meat-turkey-6",
            "kind": "turkey"
          },
          "sensitive_attributes": [],
          "identity_schema_version": 0
        }
      ]
    },
    {
      "mode": "managed",
      "type": "hw_meat",
      "name": "lifecycle_combined_meat",
      "provider": "provider[\"registry.terraform.io/bevelwork/hashiwich\"]",
      "instances": [
        {
          "schema_version": 0,
          "attributes": {
            "description": "Meat with multiple lifecycle rules",
            "id": "meat-chicken-7",
            "kind": "chicken"
          },
          "sensitive_attributes": [],
          "identity_schema_version": 0,
          "create_before_destroy": true
        }
      ]
    },
    {
      "mode": "managed",
      "type": "hw_meat",
      "name": "lifecycle_manual_meat",
      "provider": "provider[\"registry.terraform.io/bevelwork/hashiwich\"]",
      "instances": [
        {
          "schema_version": 0,
          "attributes": {
            "description": "Meat with ignored description",
            "id": "meat-ham-3",
            "kind": "ham"
          },
          "sensitive_attributes": [],
          "identity_schema_version": 0
        }
      ]
    },
    {
      "mode": "managed",
      "type": "hw_meat",
      "name": "lifecycle_replace_meat",
      "provider": "provider[\"registry.terraform.io/bevelwork/hashiwich\"]",
      "instances": [
        {
          "schema_version": 0,
          "attributes": {
            "description": "Meat for replace example",
            "id": "meat-turkey-6",
            "kind": "turkey"
          },
          "sensitive_attributes": [],
          "identity_schema_version": 0
        }
      ]
    },
    {
      "mode": "managed",
      "type": "hw_meat",
      "name": "lifecycle_signature_meat",
      "provider": "provider[\"registry.terraform.io/bevelwork/hashiwich\"]",
      "instances": [
        {
          "schema_version": 0,
          "attributes": {
            "description": "Meat for our signature sandwich - DO NOT DELETE",
            "id": "meat-turkey-6",
            "kind": "turkey"
          },
          "sensitive_attributes": [],
          "identity_schema_version": 0
        }
      ]
    },
    {
      "mode": "managed",
      "type": "hw_meat",
      "name": "lifecycle_zero_downtime_meat",
      "provider": "provider[\"registry.terraform.io/bevelwork/hashiwich\"]",
      "instances": [
        {
          "schema_version": 0,
          "attributes": {
            "description": "Meat for zero-downtime sandwich",
            "id": "meat-roast beef-10",
            "kind": "roast beef"
          },
          "sensitive_attributes": [],
          "identity_schema_version": 0,
          "create_before_destroy": true
        }
      ]
    },
    {
      "mode": "managed",
      "type": "hw_meat",
      "name": "list_comp_meats",
      "provider": "provider[\"registry.terraform.io/bevelwork/hashiwich\"]",
      "instances": [
        {
          "index_key": "bologna",
          "schema_version": 0,
          "attributes": {
            "description": "Meat for list comprehension example: bologna",
            "id": "meat-bologna-7",
            "kind": "bologna"
          },
          "sensitive_attributes": [],
          "identity_schema_version": 0,
          "dependencies": [
            "data.hw_deli_meats.list_comp_available"
          ]
        },
        {
          "index_key": "braunschweiger",
          "schema_version": 0,
          "attributes": {
            "description": "Meat for list comprehension example: braunschweiger",
            "id": "meat-braunschweiger-14",
            "kind": "braunschweiger"
          },
          "sensitive_attributes": [],
          "identity_schema_version": 0,
          "dependencies": [
            "data.hw_deli_meats.list_comp_available"
          ]
        },
        {
          "index_key": "capicola",
          "schema_version": 0,
          "attributes": {
            "description": "Meat for list comprehension example: capicola",
            "id": "meat-capicola-8",
            "kind": "capicola"
          },
          "sensitive_attributes": [],
          "identity_schema_version": 0,
          "dependencies": [
            "data.hw_deli_meats.list_comp_available"
          ]
        },
        {
          "index_key": "chicken",
          "schema_version": 0,
          "attributes": {
            "description": "Meat for list comprehension example: chicken",
            "id": "meat-chicken-7",
            "kind": "chicken"
          },
          "sensitive_attributes": [],
          "identity_schema_version": 0,
          "dependencies": [
            "data.hw_deli_meats.list_comp_available"
          ]
        },
        {
          "index_key": "chicken salad",
          "schema_version": 0,
          "attributes": {
            "description": "Meat for list comprehension example: chicken salad",
            "id": "meat-chicken salad-13",
            "kind": "chicken salad"
          },
          "sensitive_attributes": [],
          "identity_schema_version": 0,
          "dependencies": [
            "data.hw_deli_meats.list_comp_available"
          ]
        },
        {
          "index_key": "corned beef",
          "schema_version": 0,
          "attributes": {
            "description": "Meat for list comprehension example: corned beef",
            "id": "meat-corned beef-11",
            "kind": "corned beef"
          },
          "sensitive_attributes": [],
          "identity_schema_version": 0,
          "dependencies": [
            "data.hw_deli_meats.list_comp_available"
          ]
        },
        {
          "index_key": "egg salad",
          "schema_version": 0,
          "attributes": {
            "description": "Meat for list comprehension example: egg salad",
            "id": "meat-egg salad-9",
            "kind": "egg salad"
          },
          "sensitive_attributes": [],
          "identity_schema_version": 0,
          "dependencies": [
            "data.hw_deli_meats.list_comp_available"
          ]
        },
        {
          "index_key": "ham",
          "schema_version": 0,
          "attributes": {
            "description": "Meat for list comprehension example: ham",
            "id": "meat-ham-3",
            "kind": "ham"
          },
          "sensitive_attributes": [],
          "identity_schema_version": 0,
          "dependencies": [
            "data.hw_deli_meats.list_comp_available"
          ]
        },
        {
          "index_key": "liverwurst",
          "schema_version": 0,
          "attributes": {
            "description": "Meat for list comprehension example: liverwurst",
            "id": "meat-liverwurst-10",
            "kind": "liverwurst"
          },
          "sensitive_attributes": [],
          "identity_schema_version": 0,
          "dependencies": [
            "data.hw_deli_meats.list_comp_available"
          ]
        },
        {
          "index_key": "mortadella",
          "schema_version": 0,
          "attributes": {
            "description": "Meat for list comprehension example: mortadella",
            "id": "meat-mortadella-10",
            "kind": "mortadella"
          },
          "sensitive_attributes": [],
          "identity_schema_version": 0,
          "dependencies": [
            "data.hw_deli_meats.list_comp_available"
          ]
        },
        {
          "index_key": "pastrami",
          "schema_version": 0,
          "attributes": {
            "description": "Meat for list comprehension example: pastrami",
            "id": "meat-pastrami-8",
            "kind": "pastrami"
          },
          "sensitive_attributes": [],
          "identity_schema_version": 0,
          "dependencies": [
            "data.hw_deli_meats.list_comp_available"
          ]
        },
        {
          "index_key": "pepperoni",
          "schema_version": 0,
          "attributes": {
            "description": "Meat for list comprehension example: pepperoni",
            "id": "meat-pepperoni-9",
            "kind": "pepperoni"
          },
          "sensitive_attributes": [],
          "identity_schema_version": 0,
          "dependencies": [
            "data.hw_deli_meats.list_comp_available"
          ]
        },
        {
          "index_key": "prosciutto",
          "schema_version": 0,
          "attributes": {
            "description": "Meat for list comprehension example: prosciutto",
            "id": "meat-prosciutto-10",
            "kind": "prosciutto"
          },
          "sensitive_attributes": [],
          "identity_schema_version": 0,
          "dependencies": [
            "data.hw_deli_meats.list_comp_available"
          ]
        },
        {
          "index_key": "pâté",
          "schema_version": 0,
          "attributes": {
            "description": "Meat for list comprehension example: pâté",
            "id": "meat-pâté-6",
            "kind": "pâté"
          },
          "sensitive_attributes": [],
          "identity_schema_version": 0,
          "dependencies": [
            "data.hw_deli_meats.list_comp_available"
          ]
        },
        {
          "index_key": "roast beef",
          "schema_version": 0,
          "attributes": {
            "description": "Meat for list comprehension example: roast beef",
            "id": "meat-roast beef-10",
            "kind": "roast beef"
          },
          "sensitive_attributes": [],
          "identity_schema_version": 0,
          "dependencies": [
            "data.hw_deli_meats.list_comp_available"
          ]
        },
        {
          "index_key": "roast pork",
          "schema_version": 0,
          "attributes": {
            "description": "Meat for list comprehension example: roast pork",
            "id": "meat-roast pork-10",
            "kind": "roast pork"
          },
          "sensitive_attributes": [],
          "identity_schema_version": 0,
          "dependencies": [
            "data.hw_deli_meats.list_comp_available"
          ]
        },
        {
          "index_key": "salami",
          "schema_version": 0,
          "attributes": {
            "description": "Meat for list comprehension example: salami",
            "id": "meat-salami-6",
            "kind": "salami"
          },
          "sensitive_attributes": [],
          "identity_schema_version": 0,
          "dependencies": [
            "data.hw_deli_meats.list_comp_available"
          ]
        },
        {
          "index_key": "smoked salmon",
          "schema_version": 0,
          "attributes": {
            "description": "Meat for list comprehension example: smoked salmon",
            "id": "meat-smoked salmon-13",
            "kind": "smoked salmon"
          },
          "sensitive_attributes": [],
          "identity_schema_version": 0,
          "dependencies": [
            "data.hw_deli_meats.list_comp_available"
          ]
        },
        {
          "index_key": "tuna salad",
          "schema_version": 0,
          "attributes": {
            "description": "Meat for list comprehension example: tuna salad",
            "id": "meat-tuna salad-10",
            "kind": "tuna salad"
          },
          "sensitive_attributes": [],
          "identity_schema_version": 0,
          "dependencies": [
            "data.hw_deli_meats.list_comp_available"
          ]
        },
        {
          "index_key": "turkey",
          "schema_version": 0,
          "attributes": {
            "description": "Meat for list comprehension example: turkey",
            "id": "meat-turkey-6",
            "kind": "turkey"
          },
          "sensitive_attributes": [],
          "identity_schema_version": 0,
          "dependencies": [
            "data.hw_deli_meats.list_comp_available"
          ]
        },
        {
          "index_key": "turkey breast",
          "schema_version": 0,
          "attributes": {
            "description": "Meat for list comprehension example: turkey breast",
            "id": "meat-turkey breast-13",
            "kind": "turkey breast"
          },
          "sensitive_attributes": [],
          "identity_schema_version": 0,
          "dependencies": [
            "data.hw_deli_meats.list_comp_available"
          ]
        }
      ]
    },
    {
      "mode": "managed",
      "type": "hw_meat",
      "name": "main_each",
      "provider": "provider[\"registry.terraform.io/bevelwork/hashiwich\"]",
      "instances": [
        {
          "index_key": "bologna",
          "schema_version": 0,
          "attributes": {
            "description": "Deli meat: bologna",
            "id": "meat-bologna-7",
            "kind": "bologna"
          },
          "sensitive_attributes": [],
          "identity_schema_version": 0,
          "dependencies": [
            "data.hw_deli_meats.main_available"
          ]
        },
        {
          "index_key": "braunschweiger",
          "schema_version": 0,
          "attributes": {
            "description": "Deli meat: braunschweiger",
            "id": "meat-braunschweiger-14",
            "kind": "braunschweiger"
          },
          "sensitive_attributes": [],
          "identity_schema_version": 0,
          "dependencies": [
            "data.hw_deli_meats.main_available"
          ]
        },
        {
          "index_key": "capicola",
          "schema_version": 0,
          "attributes": {
            "description": "Deli meat: capicola",
            "id": "meat-capicola-8",
            "kind": "capicola"
          },
          "sensitive_attributes": [],
          "identity_schema_version": 0,
          "dependencies": [
            "data.hw_deli_meats.main_available"
          ]
        },
        {
          "index_key": "chicken",
          "schema_version": 0,
          "attributes": {
            "description": "Deli meat: chicken",
            "id": "meat-chicken-7",
            "kind": "chicken"
          },
          "sensitive_attributes": [],
          "identity_schema_version": 0,
          "dependencies": [
            "data.hw_deli_meats.main_available"
          ]
        },
        {
          "index_key": "chicken salad",
          "schema_version": 0,
          "attributes": {
            "description": "Deli meat: chicken salad",
            "id": "meat-chicken salad-13",
            "kind": "chicken salad"
          },
          "sensitive_attributes": [],
          "identity_schema_version": 0,
          "dependencies": [
            "data.hw_deli_meats.main_available"
          ]
        },
        {
          "index_key": "corned beef",
          "schema_version": 0,
          "attributes": {
            "description": "Deli meat: corned beef",
            "id": "meat-corned beef-11",
            "kind": "corned beef"
          },
          "sensitive_attributes": [],
          "identity_schema_version": 0,
          "dependencies": [
            "data.hw_deli_meats.main_available"
          ]
        },
        {
          "index_key": "egg salad",
          "schema_version": 0,
          "attributes": {
            "description": "Deli meat: egg salad",
            "id": "meat-egg salad-9",
            "kind": "egg salad"
          },
          "sensitive_attributes": [],
          "identity_schema_version": 0,
          "dependencies": [
            "data.hw_deli_meats.main_available"
          ]
        },
        {
          "index_key": "ham",
          "schema_version": 0,
          "attributes": {
            "description": "Deli meat: ham",
            "id": "meat-ham-3",
            "kind": "ham"
          },
          "sensitive_attributes": [],
          "identity_schema_version": 0,
          "dependencies": [
            "data.hw_deli_meats.main_available"
          ]
        },
        {
          "index_key": "liverwurst",
          "schema_version": 0,
          "attributes": {
            "description": "Deli meat: liverwurst",
            "id": "meat-liverwurst-10",
            "kind": "liverwurst"
          },
          "sensitive_attributes": [],
          "identity_schema_version": 0,
          "dependencies": [
            "data.hw_deli_meats.main_available"
          ]
        },
        {
          "index_key": "mortadella",
          "schema_version": 0,
          "attributes": {
            "description": "Deli meat: mortadella",
            "id": "meat-mortadella-10",
            "kind": "mortadella"
          },
          "sensitive_attributes": [],
          "identity_schema_version": 0,
          "dependencies": [
            "data.hw_deli_meats.main_available"
          ]
        },
        {
          "index_key": "pastrami",
          "schema_version": 0,
          "attributes": {
            "description": "Deli meat: pastrami",
            "id": "meat-pastrami-8",
            "kind": "pastrami"
          },
          "sensitive_attributes": [],
          "identity_schema_version": 0,
          "dependencies": [
            "data.hw_deli_meats.main_available"
          ]
        },
        {
          "index_key": "pepperoni",
          "schema_version": 0,
          "attributes": {
            "description": "Deli meat: pepperoni",
            "id": "meat-pepperoni-9",
            "kind": "pepperoni"
          },
          "sensitive_attributes": [],
          "identity_schema_version": 0,
          "dependencies": [
            "data.hw_deli_meats.main_available"
          ]
        },
        {
          "index_key": "prosciutto",
          "schema_version": 0,
          "attributes": {
            "description": "Deli meat: prosciutto",
            "id": "meat-prosciutto-10",
            "kind": "prosciutto"
          },
          "sensitive_attributes": [],
          "identity_schema_version": 0,
          "dependencies": [
            "data.hw_deli_meats.main_available"
          ]
        },
        {
          "index_key": "pâté",
          "schema_version": 0,
          "attributes": {
            "description": "Deli meat: pâté",
            "id": "meat-pâté-6",
            "kind": "pâté"
          },
          "sensitive_attributes": [],
          "identity_schema_version": 0,
          "dependencies": [
            "data.hw_deli_meats.main_available"
          ]
        },
        {
          "index_key": "roast beef",
          "schema_version": 0,
          "attributes": {
            "description": "Deli meat: roast beef",
            "id": "meat-roast beef-10",
            "kind": "roast beef"
          },
          "sensitive_attributes": [],
          "identity_schema_version": 0,
          "dependencies": [
            "data.hw_deli_meats.main_available"
          ]
        },
        {
          "index_key": "roast pork",
          "schema_version": 0,
          "attributes": {
            "description": "Deli meat: roast pork",
            "id": "meat-roast pork-10",
            "kind": "roast pork"
          },
          "sensitive_attributes": [],
          "identity_schema_version": 0,
          "dependencies": [
            "data.hw_deli_meats.main_available"
          ]
        },
        {
          "index_key": "salami",
          "schema_version": 0,
          "attributes": {
            "description": "Deli meat: salami",
            "id": "meat-salami-6",
            "kind": "salami"
          },
          "sensitive_attributes": [],
          "identity_schema_version": 0,
          "dependencies": [
            "data.hw_deli_meats.main_available"
          ]
        },
        {
          "index_key": "smoked salmon",
          "schema_version": 0,
          "attributes": {
            "description": "Deli meat: smoked salmon",
            "id": "meat-smoked salmon-13",
            "kind": "smoked salmon"
          },
          "sensitive_attributes": [],
          "identity_schema_version": 0,
          "dependencies": [
            "data.hw_deli_meats.main_available"
          ]
        },
        {
          "index_key": "tuna salad",
          "schema_version": 0,
          "attributes": {
            "description": "Deli meat: tuna salad",
            "id": "meat-tuna salad-10",
            "kind": "tuna salad"
          },
          "sensitive_attributes": [],
          "identity_schema_version": 0,
          "dependencies": [
            "data.hw_deli_meats.main_available"
          ]
        },
        {
          "index_key": "turkey",
          "schema_version": 0,
          "attributes": {
            "description": "Deli meat: turkey",
            "id": "meat-turkey-6",
            "kind": "turkey"
          },
          "sensitive_attributes": [],
          "identity_schema_version": 0,
          "dependencies": [
            "data.hw_deli_meats.main_available"
          ]
        },
        {
          "index_key": "turkey breast",
          "schema_version": 0,
          "attributes": {
            "description": "Deli meat: turkey breast",
            "id": "meat-turkey breast-13",
            "kind": "turkey breast"
          },
          "sensitive_attributes": [],
          "identity_schema_version": 0,
          "dependencies": [
            "data.hw_deli_meats.main_available"
          ]
        }
      ]
    },
    {
      "mode": "managed",
      "type": "hw_meat",
      "name": "moved_count_meat",
      "provider": "provider[\"registry.terraform.io/bevelwork/hashiwich\"]",
      "instances": [
        {
          "index_key": 0,
          "schema_version": 0,
          "attributes": {
            "description": "Meat 1 for count example",
            "id": "meat-turkey-6",
            "kind": "turkey"
          },
          "sensitive_attributes": [],
          "identity_schema_version": 0
        },
        {
          "index_key": 1,
          "schema_version": 0,
          "attributes": {
            "description": "Meat 2 for count example",
            "id": "meat-ham-3",
            "kind": "ham"
          },
          "sensitive_attributes": [],
          "identity_schema_version": 0
        }
      ]
    },
    {
      "mode": "managed",
      "type": "hw_meat",
      "name": "moved_demo_meat",
      "provider": "provider[\"registry.terraform.io/bevelwork/hashiwich\"]",
      "instances": [
        {
          "schema_version": 0,
          "attributes": {
            "description": "Meat for move demonstration",
            "id": "meat-ham-3",
            "kind": "ham"
          },
          "sensitive_attributes": [],
          "identity_schema_version": 0
        }
      ]
    },
    {
      "mode": "managed",
      "type": "hw_meat",
      "name": "moved_for_each_meat",
      "provider": "provider[\"registry.terraform.io/bevelwork/hashiwich\"]",
      "instances": [
        {
          "index_key": "meat_1",
          "schema_version": 0,
          "attributes": {
            "description": "Meat meat_1",
            "id": "meat-turkey-6",
            "kind": "turkey"
          },
          "sensitive_attributes": [],
          "identity_schema_version": 0
        },
        {
          "index_key": "meat_2",
          "schema_version": 0,
          "attributes": {
            "description": "Meat meat_2",
            "id": "meat-roast beef-10",
            "kind": "roast beef"
          },
          "sensitive_attributes": [],
          "identity_schema_version": 0
        }
      ]
    },
    {
      "mode": "managed",
      "type": "hw_meat",
      "name": "moved_old_meat",
      "provider": "provider[\"registry.terraform.io/bevelwork/hashiwich\"]",
      "instances": [
        {
          "schema_version": 0,
          "attributes": {
            "description": "Meat that will be renamed",
            "id": "meat-turkey-6",
            "kind": "turkey"
          },
          "sensitive_attributes": [],
          "identity_schema_version": 0
        }
      ]
    },
    {
      "mode": "managed",
      "type": "hw_meat",
      "name": "moved_refactor_meat_1",
      "provider": "provider[\"registry.terraform.io/bevelwork/hashiwich\"]",
      "instances": [
        {
          "schema_version": 0,
          "attributes": {
            "description": "Meat 1 for refactoring example",
            "id": "meat-chicken-7",
            "kind": "chicken"
          },
          "sensitive_attributes": [],
          "identity_schema_version": 0
        }
      ]
    },
    {
      "mode": "managed",
      "type": "hw_meat",
      "name": "moved_refactor_meat_2",
      "provider": "provider[\"registry.terraform.io/bevelwork/hashiwich\"]",
      "instances": [
        {
          "schema_version": 0,
          "attributes": {
            "description": "Meat 2 for refactoring example",
            "id": "meat-pastrami-8",
            "kind": "pastrami"
          },
          "sensitive_attributes": [],
          "identity_schema_version": 0
        }
      ]
    },
    {
      "mode": "managed",
      "type": "hw_meat",
      "name": "order_meat",
      "provider": "provider[\"registry.terraform.io/bevelwork/hashiwich\"]",
      "instances": [
        {
          "schema_version": 0,
          "attributes": {
            "description": "Meat for order: turkey",
            "id": "meat-turkey-6",
            "kind": "turkey"
          },
          "sensitive_attributes": [],
          "identity_schema_version": 0,
          "dependencies": [
            "data.hw_order.order_example"
          ]
        }
      ]
    },
    {
      "mode": "managed",
      "type": "hw_meat",
      "name": "splat_for_each_meats",
      "provider": "provider[\"registry.terraform.io/bevelwork/hashiwich\"]",
      "instances": [
        {
          "index_key": "chicken",
          "schema_version": 0,
          "attributes": {
            "description": null,
            "id": "meat-chicken-7",
            "kind": "chicken"
          },
          "sensitive_attributes": [],
          "identity_schema_version": 0
        },
        {
          "index_key": "ham",
          "schema_version": 0,
          "attributes": {
            "description": null,
            "id": "meat-ham-3",
            "kind": "ham"
          },
          "sensitive_attributes": [],
          "identity_schema_version": 0
        },
        {
          "index_key": "pastrami",
          "schema_version": 0,
          "attributes": {
            "description": null,
            "id": "meat-pastrami-8",
            "kind": "pastrami"
          },
          "sensitive_attributes": [],
          "identity_schema_version": 0
        },
        {
          "index_key": "roast beef",
          "schema_version": 0,
          "attributes": {
            "description": null,
            "id": "meat-roast beef-10",
            "kind": "roast beef"
          },
          "sensitive_attributes": [],
          "identity_schema_version": 0
        },
        {
          "index_key": "turkey",
          "schema_version": 0,
          "attributes": {
            "description": null,
            "id": "meat-turkey-6",
            "kind": "turkey"
          },
          "sensitive_attributes": [],
          "identity_schema_version": 0
        }
      ]
    },
    {
      "mode": "managed",
      "type": "hw_meat",
      "name": "splat_meat_1",
      "provider": "provider[\"registry.terraform.io/bevelwork/hashiwich\"]",
      "instances": [
        {
          "schema_version": 0,
          "attributes": {
            "description": "Meat 1 for splat examples",
            "id": "meat-turkey-6",
            "kind": "turkey"
          },
          "sensitive_attributes": [],
          "identity_schema_version": 0
        }
      ]
    },
    {
      "mode": "managed",
      "type": "hw_meat",
      "name": "splat_meat_2",
      "provider": "provider[\"registry.terraform.io/bevelwork/hashiwich\"]",
      "instances": [
        {
          "schema_version": 0,
          "attributes": {
            "description": "Meat 2 for splat examples",
            "id": "meat-ham-3",
            "kind": "ham"
          },
          "sensitive_attributes": [],
          "identity_schema_version": 0
        }
      ]
    },
    {
      "mode": "managed",
      "type": "hw_meat",
      "name": "splat_meat_3",
      "provider": "provider[\"registry.terraform.io/bevelwork/hashiwich\"]",
      "instances": [
        {
          "schema_version": 0,
          "attributes": {
            "description": "Meat 3 for splat examples",
            "id": "meat-roast beef-10",
            "kind": "roast beef"
          },
          "sensitive_attributes": [],
          "identity_schema_version": 0
        }
      ]
    },
    {
      "mode": "managed",
      "type": "hw_meat",
      "name": "string_meat_1",
      "provider": "provider[\"registry.terraform.io/bevelwork/hashiwich\"]",
      "instances": [
        {
          "schema_version": 0,
          "attributes": {
            "description": "Premium Turkey",
            "id": "meat-turkey-6",
            "kind": "turkey"
          },
          "sensitive_attributes": [],
          "identity_schema_version": 0
        }
      ]
    },
    {
      "mode": "managed",
      "type": "hw_meat",
      "name": "taint_dependency_meat",
      "provider": "provider[\"registry.terraform.io/bevelwork/hashiwich\"]",
      "instances": [
        {
          "schema_version": 0,
          "attributes": {
            "description": "Meat that other resources depend on",
            "id": "meat-roast beef-10",
            "kind": "roast beef"
          },
          "sensitive_attributes": [],
          "identity_schema_version": 0
        }
      ]
    },
    {
      "mode": "managed",
      "type": "hw_meat",
      "name": "taint_example_meat",
      "provider": "provider[\"registry.terraform.io/bevelwork/hashiwich\"]",
      "instances": [
        {
          "schema_version": 0,
          "attributes": {
            "description": "Meat for taint example - can be tainted to force recreation",
            "id": "meat-turkey-6",
            "kind": "turkey"
          },
          "sensitive_attributes": [],
          "identity_schema_version": 0
        }
      ]
    },
    {
      "mode": "managed",
      "type": "hw_meat",
      "name": "taint_test_meat",
      "provider": "provider[\"registry.terraform.io/bevelwork/hashiwich\"]",
      "instances": [
        {
          "schema_version": 0,
          "attributes": {
            "description": "Meat for testing lifecycle - taint to test recreation",
            "id": "meat-ham-3",
            "kind": "ham"
          },
          "sensitive_attributes": [],
          "identity_schema_version": 0
        }
      ]
    },
    {
      "mode": "managed",
      "type": "hw_meat",
      "name": "try_complex_meat",
      "provider": "provider[\"registry.terraform.io/bevelwork/hashiwich\"]",
      "instances": [
        {
          "schema_version": 0,
          "attributes": {
            "description": "Meat for complex logic example",
            "id": "meat-turkey-6",
            "kind": "turkey"
          },
          "sensitive_attributes": [],
          "identity_schema_version": 0
        }
      ]
    },
    {
      "mode": "managed",
      "type": "hw_meat",
      "name": "try_complex_meats",
      "provider": "provider[\"registry.terraform.io/bevelwork/hashiwich\"]",
      "instances": [
        {
          "index_key": "chicken",
          "schema_version": 0,
          "attributes": {
            "description": null,
            "id": "meat-chicken-7",
            "kind": "chicken"
          },
          "sensitive_attributes": [],
          "identity_schema_version": 0
        },
        {
          "index_key": "ham",
          "schema_version": 0,
          "attributes": {
            "description": null,
            "id": "meat-ham-3",
            "kind": "ham"
          },
          "sensitive_attributes": [],
          "identity_schema_version": 0
        },
        {
          "index_key": "roast beef",
          "schema_version": 0,
          "attributes": {
            "description": null,
            "id": "meat-roast beef-10",
            "kind": "roast beef"
          },
          "sensitive_attributes": [],
          "identity_schema_version": 0
        }
      ]
    },
    {
      "mode": "managed",
      "type": "hw_meat",
      "name": "try_env_regular_meat",
      "provider": "provider[\"registry.terraform.io/bevelwork/hashiwich\"]",
      "instances": [
        {
          "schema_version": 0,
          "attributes": {
            "description": null,
            "id": "meat-turkey-6",
            "kind": "turkey"
          },
          "sensitive_attributes": [],
          "identity_schema_version": 0
        }
      ]
    },
    {
      "mode": "managed",
      "type": "hw_meat",
      "name": "try_fallback_meat",
      "provider": "provider[\"registry.terraform.io/bevelwork/hashiwich\"]",
      "instances": [
        {
          "schema_version": 0,
          "attributes": {
            "description": "Meat for fallback example",
            "id": "meat-turkey-6",
            "kind": "turkey"
          },
          "sensitive_attributes": [],
          "identity_schema_version": 0
        }
      ]
    },
    {
      "mode": "managed",
      "type": "hw_meat",
      "name": "try_meat",
      "provider": "provider[\"registry.terraform.io/bevelwork/hashiwich\"]",
      "instances": [
        {
          "schema_version": 0,
          "attributes": {
            "description": "Meat for try example",
            "id": "meat-turkey-6",
            "kind": "turkey"
          },
          "sensitive_attributes": [],
          "identity_schema_version": 0
        }
      ]
    },
    {
      "mode": "managed",
      "type": "hw_meat",
      "name": "try_nested_meat",
      "provider": "provider[\"registry.terraform.io/bevelwork/hashiwich\"]",
      "instances": [
        {
          "schema_version": 0,
          "attributes": {
            "description": "Meat from order data with try() fallback",
            "id": "meat-turkey-6",
            "kind": "turkey"
          },
          "sensitive_attributes": [],
          "identity_schema_version": 0,
          "dependencies": [
            "data.hw_order.try_nested_example"
          ]
        }
      ]
    },
    {
      "mode": "managed",
      "type": "hw_meat",
      "name": "variable_meats",
      "provider": "provider[\"registry.terraform.io/bevelwork/hashiwich\"]",
      "instances": [
        {
          "index_key": "ham",
          "schema_version": 0,
          "attributes": {
            "description": null,
            "id": "meat-ham-3",
            "kind": "ham"
          },
          "sensitive_attributes": [],
          "identity_schema_version": 0
        },
        {
          "index_key": "turkey",
          "schema_version": 0,
          "attributes": {
            "description": null,
            "id": "meat-turkey-6",
            "kind": "turkey"
          },
          "sensitive_attributes": [],
          "identity_schema_version": 0
        }
      ]
    },
    {
      "mode": "managed",
      "type": "hw_oven",
      "name": "balanced_oven",
      "provider": "provider[\"registry.terraform.io/bevelwork/hashiwich\"]",
      "instances": [
        {
          "schema_version": 0,
          "attributes": {
            "cost": 1200,
            "description": "Commercial oven for balanced configuration",
            "id": "oven-commercial-10",
            "type": "commercial"
          },
          "sensitive_attributes": [],
          "identity_schema_version": 0
        }
      ]
    },
    {
      "mode": "managed",
      "type": "hw_oven",
      "name": "budget_oven",
      "provider": "provider[\"registry.terraform.io/bevelwork/hashiwich\"]",
      "instances": [
        {
          "schema_version": 0,
          "attributes": {
            "cost": 500,
            "description": "Standard oven for budget configuration",
            "id": "oven-standard-8",
            "type": "standard"
          },
          "sensitive_attributes": [],
          "identity_schema_version": 0
        }
      ]
    },
    {
      "mode": "managed",
      "type": "hw_oven",
      "name": "capacity_oven",
      "provider": "provider[\"registry.terraform.io/bevelwork/hashiwich\"]",
      "instances": [
        {
          "schema_version": 0,
          "attributes": {
            "cost": 2000,
            "description": "High-capacity oven for maximum throughput",
            "id": "oven-high-capacity-13",
            "type": "high-capacity"
          },
          "sensitive_attributes": [],
          "identity_schema_version": 0
        }
      ]
    },
    {
      "mode": "managed",
      "type": "hw_oven",
      "name": "file_oven",
      "provider": "provider[\"registry.terraform.io/bevelwork/hashiwich\"]",
      "instances": [
        {
          "schema_version": 0,
          "attributes": {
            "cost": 1200,
            "description": null,
            "id": "oven-commercial-10",
            "type": "commercial"
          },
          "sensitive_attributes": [],
          "identity_schema_version": 0
        }
      ]
    },
    {
      "mode": "managed",
      "type": "hw_oven",
      "name": "json_oven",
      "provider": "provider[\"registry.terraform.io/bevelwork/hashiwich\"]",
      "instances": [
        {
          "schema_version": 0,
          "attributes": {
            "cost": 1200,
            "description": "Large commercial oven",
            "id": "oven-commercial-10",
            "type": "commercial"
          },
          "sensitive_attributes": [],
          "identity_schema_version": 0
        }
      ]
    },
    {
      "mode": "managed",
      "type": "hw_oven",
      "name": "json_store_oven",
      "provider": "provider[\"registry.terraform.io/bevelwork/hashiwich\"]",
      "instances": [
        {
          "schema_version": 0,
          "attributes": {
            "cost": 1200,
            "description": "Oven from JSON store config",
            "id": "oven-commercial-10",
            "type": "commercial"
          },
          "sensitive_attributes": [],
          "identity_schema_version": 0
        }
      ]
    },
    {
      "mode": "managed",
      "type": "hw_sandwich",
      "name": "access_list_sandwich",
      "provider": "provider[\"registry.terraform.io/bevelwork/hashiwich\"]",
      "instances": [
        {
          "schema_version": 0,
          "attributes": {
            "bread_id": "bread-rye-3",
            "description": "Sandwich using first bread from list",
            "id": "sandwich-bread-rye-3-meat-turkey-6",
            "meat_id": "meat-turkey-6",
            "name": "turkey on rye",
            "price": 5
          },
          "sensitive_attributes": [],
          "identity_schema_version": 0,
          "dependencies": [
            "hw_bread.access_bread_1",
            "hw_bread.access_bread_2",
            "hw_bread.access_bread_3",
            "hw_meat.access_meat_1"
          ]
        }
      ]
    },
    {
      "mode": "managed",
      "type": "hw_sandwich",
      "name": "access_map_sandwich",
      "provider": "provider[\"registry.terraform.io/bevelwork/hashiwich\"]",
      "instances": [
        {
          "schema_version": 0,
          "attributes": {
            "bread_id": "bread-rye-3",
            "description": "Sandwich using bread from map",
            "id": "sandwich-bread-rye-3-meat-turkey-6",
            "meat_id": "meat-turkey-6",
            "name": "turkey on rye",
            "price": 5
          },
          "sensitive_attributes": [],
          "identity_schema_version": 0,
          "dependencies": [
            "hw_bread.access_bread_1",
            "hw_bread.access_bread_2",
            "hw_bread.access_bread_3",
            "hw_meat.access_meat_1"
          ]
        }
      ]
    },
    {
      "mode": "managed",
      "type": "hw_sandwich",
      "name": "airport_combo_sandwich",
      "provider": "provider[\"registry.terraform.io/bevelwork/hashiwich\"].airport",
      "instances": [
        {
          "schema_version": 0,
          "attributes": {
            "bread_id": "bread-ciabatta-8",
            "description": "Airport combo sandwich",
            "id": "sandwich-bread-ciabatta-8-meat-turkey-6",
            "meat_id": "meat-turkey-6",
            "name": "turkey on ciabatta",
            "price": 5
          },
          "sensitive_attributes": [],
          "identity_schema_version": 0,
          "dependencies": [
            "hw_bread.airport_bread",
            "hw_meat.airport_meat"
          ]
        }
      ]
    },
    {
      "mode": "managed",
      "type": "hw_sandwich",
      "name": "bag_sandwich_1",
      "provider": "provider[\"registry.terraform.io/bevelwork/hashiwich\"]",
      "instances": [
        {
          "schema_version": 0,
          "attributes": {
            "bread_id": "bread-rye-3",
            "description": "Turkey sandwich for bag",
            "id": "sandwich-bread-rye-3-meat-turkey-6",
            "meat_id": "meat-turkey-6",
            "name": "turkey on rye",
            "price": 5
          },
          "sensitive_attributes": [],
          "identity_schema_version": 0,
          "dependencies": [
            "hw_bread.bag_bread",
            "hw_meat.bag_meat_1"
          ]
        }
      ]
    },
    {
      "mode": "managed",
      "type": "hw_sandwich",
      "name": "bag_sandwich_2",
      "provider": "provider[\"registry.terraform.io/bevelwork/hashiwich\"]",
      "instances": [
        {
          "schema_version": 0,
          "attributes": {
            "bread_id": "bread-rye-3",
            "description": "Ham sandwich for bag",
            "id": "sandwich-bread-rye-3-meat-ham-3",
            "meat_id": "meat-ham-3",
            "name": "ham on rye",
            "price": 5
          },
          "sensitive_attributes": [],
          "identity_schema_version": 0,
          "dependencies": [
            "hw_bread.bag_bread",
            "hw_meat.bag_meat_2"
          ]
        }
      ]
    },
    {
      "mode": "managed",
      "type": "hw_sandwich",
      "name": "bag_sandwich_3",
      "provider": "provider[\"registry.terraform.io/bevelwork/hashiwich\"]",
      "instances": [
        {
          "schema_version": 0,
          "attributes": {
            "bread_id": "bread-rye-3",
            "description": "Roast beef sandwich for bag",
            "id": "sandwich-bread-rye-3-meat-roast beef-10",
            "meat_id": "meat-roast beef-10",
            "name": "roast beef on rye",
            "price": 5
          },
          "sensitive_attributes": [],
          "identity_schema_version": 0,
          "dependencies": [
            "hw_bread.bag_bread",
            "hw_meat.bag_meat_3"
          ]
        }
      ]
    },
    {
      "mode": "managed",
      "type": "hw_sandwich",
      "name": "bag_sandwich_4",
      "provider": "provider[\"registry.terraform.io/bevelwork/hashiwich\"]",
      "instances": [
        {
          "schema_version": 0,
          "attributes": {
            "bread_id": "bread-rye-3",
            "description": "Chicken sandwich for bag",
            "id": "sandwich-bread-rye-3-meat-chicken-7",
            "meat_id": "meat-chicken-7",
            "name": "chicken on rye",
            "price": 5
          },
          "sensitive_attributes": [],
          "identity_schema_version": 0,
          "dependencies": [
            "hw_bread.bag_bread",
            "hw_meat.bag_meat_4"
          ]
        }
      ]
    },
    {
      "mode": "managed",
      "type": "hw_sandwich",
      "name": "bag_sandwich_5",
      "provider": "provider[\"registry.terraform.io/bevelwork/hashiwich\"]",
      "instances": [
        {
          "schema_version": 0,
          "attributes": {
            "bread_id": "bread-rye-3",
            "description": "Pastrami sandwich for bag",
            "id": "sandwich-bread-rye-3-meat-pastrami-8",
            "meat_id": "meat-pastrami-8",
            "name": "pastrami on rye",
            "price": 5
          },
          "sensitive_attributes": [],
          "identity_schema_version": 0,
          "dependencies": [
            "hw_bread.bag_bread",
            "hw_meat.bag_meat_5"
          ]
        }
      ]
    },
    {
      "mode": "managed",
      "type": "hw_sandwich",
      "name": "budget_sandwiches",
      "provider": "provider[\"registry.terraform.io/bevelwork/hashiwich\"]",
      "instances": [
        {
          "index_key": 0,
          "schema_version": 0,
          "attributes": {
            "bread_id": "bread-rye-3",
            "description": "Budget sandwich #1",
            "id": "sandwich-bread-rye-3-meat-turkey-6",
            "meat_id": "meat-turkey-6",
            "name": "turkey on rye",
            "price": 5
          },
          "sensitive_attributes": [],
          "identity_schema_version": 0,
          "dependencies": [
            "data.hw_menu.budget_menu",
            "hw_bread.budget_bread",
            "hw_meat.budget_meat"
          ]
        },
        {
          "index_key": 1,
          "schema_version": 0,
          "attributes": {
            "bread_id": "bread-rye-3",
            "description": "Budget sandwich #2",
            "id": "sandwich-bread-rye-3-meat-turkey-6",
            "meat_id": "meat-turkey-6",
            "name": "turkey on rye",
            "price": 5
          },
          "sensitive_attributes": [],
          "identity_schema_version": 0,
          "dependencies": [
            "data.hw_menu.budget_menu",
            "hw_bread.budget_bread",
            "hw_meat.budget_meat"
          ]
        },
        {
          "index_key": 2,
          "schema_version": 0,
          "attributes": {
            "bread_id": "bread-rye-3",
            "description": "Budget sandwich #3",
            "id": "sandwich-bread-rye-3-meat-turkey-6",
            "meat_id": "meat-turkey-6",
            "name": "turkey on rye",
            "price": 5
          },
          "sensitive_attributes": [],
          "identity_schema_version": 0,
          "dependencies": [
            "data.hw_menu.budget_menu",
            "hw_bread.budget_bread",
            "hw_meat.budget_meat"
          ]
        },
        {
          "index_key": 3,
          "schema_version": 0,
          "attributes": {
            "bread_id": "bread-rye-3",
            "description": "Budget sandwich #4",
            "id": "sandwich-bread-rye-3-meat-turkey-6",
            "meat_id": "meat-turkey-6",
            "name": "turkey on rye",
            "price": 5
          },
          "sensitive_attributes": [],
          "identity_schema_version": 0,
          "dependencies": [
            "data.hw_menu.budget_menu",
            "hw_bread.budget_bread",
            "hw_meat.budget_meat"
          ]
        },
        {
          "index_key": 4,
          "schema_version": 0,
          "attributes": {
            "bread_id": "bread-rye-3",
            "description": "Budget sandwich #5",
            "id": "sandwich-bread-rye-3-meat-turkey-6",
            "meat_id": "meat-turkey-6",
            "name": "turkey on rye",
            "price": 5
          },
          "sensitive_attributes": [],
          "identity_schema_version": 0,
          "dependencies": [
            "data.hw_menu.budget_menu",
            "hw_bread.budget_bread",
            "hw_meat.budget_meat"
          ]
        },
        {
          "index_key": 5,
          "schema_version": 0,
          "attributes": {
            "bread_id": "bread-rye-3",
            "description": "Budget sandwich #6",
            "id": "sandwich-bread-rye-3-meat-turkey-6",
            "meat_id": "meat-turkey-6",
            "name": "turkey on rye",
            "price": 5
          },
          "sensitive_attributes": [],
          "identity_schema_version": 0,
          "dependencies": [
            "data.hw_menu.budget_menu",
            "hw_bread.budget_bread",
            "hw_meat.budget_meat"
          ]
        },
        {
          "index_key": 6,
          "schema_version": 0,
          "attributes": {
            "bread_id": "bread-rye-3",
            "description": "Budget sandwich #7",
            "id": "sandwich-bread-rye-3-meat-turkey-6",
            "meat_id": "meat-turkey-6",
            "name": "turkey on rye",
            "price": 5
          },
          "sensitive_attributes": [],
          "identity_schema_version": 0,
          "dependencies": [
            "data.hw_menu.budget_menu",
            "hw_bread.budget_bread",
            "hw_meat.budget_meat"
          ]
        },
        {
          "index_key": 7,
          "schema_version": 0,
          "attributes": {
            "bread_id": "bread-rye-3",
            "description": "Budget sandwich #8",
            "id": "sandwich-bread-rye-3-meat-turkey-6",
            "meat_id": "meat-turkey-6",
            "name": "turkey on rye",
            "price": 5
          },
          "sensitive_attributes": [],
          "identity_schema_version": 0,
          "dependencies": [
            "data.hw_menu.budget_menu",
            "hw_bread.budget_bread",
            "hw_meat.budget_meat"
          ]
        },
        {
          "index_key": 8,
          "schema_version": 0,
          "attributes": {
            "bread_id": "bread-rye-3",
            "description": "Budget sandwich #9",
            "id": "sandwich-bread-rye-3-meat-turkey-6",
            "meat_id": "meat-turkey-6",
            "name": "turkey on rye",
            "price": 5
          },
          "sensitive_attributes": [],
          "identity_schema_version": 0,
          "dependencies": [
            "data.hw_menu.budget_menu",
            "hw_bread.budget_bread",
            "hw_meat.budget_meat"
          ]
        },
        {
          "index_key": 9,
          "schema_version": 0,
          "attributes": {
            "bread_id": "bread-rye-3",
            "description": "Budget sandwich #10",
            "id": "sandwich-bread-rye-3-meat-turkey-6",
            "meat_id": "meat-turkey-6",
            "name": "turkey on rye",
            "price": 5
          },
          "sensitive_attributes": [],
          "identity_schema_version": 0,
          "dependencies": [
            "data.hw_menu.budget_menu",
            "hw_bread.budget_bread",
            "hw_meat.budget_meat"
          ]
        },
        {
          "index_key": 10,
          "schema_version": 0,
          "attributes": {
            "bread_id": "bread-rye-3",
            "description": "Budget sandwich #11",
            "id": "sandwich-bread-rye-3-meat-turkey-6",
            "meat_id": "meat-turkey-6",
            "name": "turkey on rye",
            "price": 5
          },
          "sensitive_attributes": [],
          "identity_schema_version": 0,
          "dependencies": [
            "data.hw_menu.budget_menu",
            "hw_bread.budget_bread",
            "hw_meat.budget_meat"
          ]
        },
        {
          "index_key": 11,
          "schema_version": 0,
          "attributes": {
            "bread_id": "bread-rye-3",
            "description": "Budget sandwich #12",
            "id": "sandwich-bread-rye-3-meat-turkey-6",
            "meat_id": "meat-turkey-6",
            "name": "turkey on rye",
            "price": 5
          },
          "sensitive_attributes": [],
          "identity_schema_version": 0,
          "dependencies": [
            "data.hw_menu.budget_menu",
            "hw_bread.budget_bread",
            "hw_meat.budget_meat"
          ]
        },
        {
          "index_key": 12,
          "schema_version": 0,
          "attributes": {
            "bread_id": "bread-rye-3",
            "description": "Budget sandwich #13",
            "id": "sandwich-bread-rye-3-meat-turkey-6",
            "meat_id": "meat-turkey-6",
            "name": "turkey on rye",
            "price": 5
          },
          "sensitive_attributes": [],
          "identity_schema_version": 0,
          "dependencies": [
            "data.hw_menu.budget_menu",
            "hw_bread.budget_bread",
            "hw_meat.budget_meat"
          ]
        },
        {
          "index_key": 13,
          "schema_version": 0,
          "attributes": {
            "bread_id": "bread-rye-3",
            "description": "Budget sandwich #14",
            "id": "sandwich-bread-rye-3-meat-turkey-6",
            "meat_id": "meat-turkey-6",
            "name": "turkey on rye",
            "price": 5
          },
          "sensitive_attributes": [],
          "identity_schema_version": 0,
          "dependencies": [
            "data.hw_menu.budget_menu",
            "hw_bread.budget_bread",
            "hw_meat.budget_meat"
          ]
        },
        {
          "index_key": 14,
          "schema_version": 0,
          "attributes": {
            "bread_id": "bread-rye-3",
            "description": "Budget sandwich #15",
            "id": "sandwich-bread-rye-3-meat-turkey-6",
            "meat_id": "meat-turkey-6",
            "name": "turkey on rye",
            "price": 5
          },
          "sensitive_attributes": [],
          "identity_schema_version": 0,
          "dependencies": [
            "data.hw_menu.budget_menu",
            "hw_bread.budget_bread",
            "hw_meat.budget_meat"
          ]
        },
        {
          "index_key": 15,
          "schema_version": 0,
          "attributes": {
            "bread_id": "bread-rye-3",
            "description": "Budget sandwich #16",
            "id": "sandwich-bread-rye-3-meat-turkey-6",
            "meat_id": "meat-turkey-6",
            "name": "turkey on rye",
            "price": 5
          },
          "sensitive_attributes": [],
          "identity_schema_version": 0,
          "dependencies": [
            "data.hw_menu.budget_menu",
            "hw_bread.budget_bread",
            "hw_meat.budget_meat"
          ]
        },
        {
          "index_key": 16,
          "schema_version": 0,
          "attributes": {
            "bread_id": "bread-rye-3",
            "description": "Budget sandwich #17",
            "id": "sandwich-bread-rye-3-meat-turkey-6",
            "meat_id": "meat-turkey-6",
            "name": "turkey on rye",
            "price": 5
          },
          "sensitive_attributes": [],
          "identity_schema_version": 0,
          "dependencies": [
            "data.hw_menu.budget_menu",
            "hw_bread.budget_bread",
            "hw_meat.budget_meat"
          ]
        },
        {
          "index_key": 17,
          "schema_version": 0,
          "attributes": {
            "bread_id": "bread-rye-3",
            "description": "Budget sandwich #18",
            "id": "sandwich-bread-rye-3-meat-turkey-6",
            "meat_id": "meat-turkey-6",
            "name": "turkey on rye",
            "price": 5
          },
          "sensitive_attributes": [],
          "identity_schema_version": 0,
          "dependencies": [
            "data.hw_menu.budget_menu",
            "hw_bread.budget_bread",
            "hw_meat.budget_meat"
          ]
        },
        {
          "index_key": 18,
          "schema_version": 0,
          "attributes": {
            "bread_id": "bread-rye-3",
            "description": "Budget sandwich #19",
            "id": "sandwich-bread-rye-3-meat-turkey-6",
            "meat_id": "meat-turkey-6",
            "name": "turkey on rye",
            "price": 5
          },
          "sensitive_attributes": [],
          "identity_schema_version": 0,
          "dependencies": [
            "data.hw_menu.budget_menu",
            "hw_bread.budget_bread",
            "hw_meat.budget_meat"
          ]
        },
        {
          "index_key": 19,
          "schema_version": 0,
          "attributes": {
            "bread_id": "bread-rye-3",
            "description": "Budget sandwich #20",
            "id": "sandwich-bread-rye-3-meat-turkey-6",
            "meat_id": "meat-turkey-6",
            "name": "turkey on rye",
            "price": 5
          },
          "sensitive_attributes": [],
          "identity_schema_version": 0,
          "dependencies": [
            "data.hw_menu.budget_menu",
            "hw_bread.budget_bread",
            "hw_meat.budget_meat"
          ]
        }
      ]
    },
    {
      "mode": "managed",
      "type": "hw_sandwich",
      "name": "conditional_access",
      "provider": "provider[\"registry.terraform.io/bevelwork/hashiwich\"]",
      "instances": [
        {
          "schema_version": 0,
          "attributes": {
            "bread_id": "bread-rye-3",
            "description": "Sandwich with conditional bread selection",
            "id": "sandwich-bread-rye-3-meat-turkey-6",
            "meat_id": "meat-turkey-6",
            "name": "turkey on rye",
            "price": 5
          },
          "sensitive_attributes": [],
          "identity_schema_version": 0,
          "dependencies": [
            "hw_bread.access_bread_1",
            "hw_bread.access_bread_2",
            "hw_bread.access_bread_3",
            "hw_meat.access_meat_1"
          ]
        }
      ]
    },
    {
      "mode": "managed",
      "type": "hw_sandwich",
      "name": "flatten_count_sandwiches",
      "provider": "provider[\"registry.terraform.io/bevelwork/hashiwich\"]",
      "instances": [
        {
          "index_key": 0,
          "schema_version": 0,
          "attributes": {
            "bread_id": "bread-rye-3",
            "description": "Sandwich 1 for count flatten example",
            "id": "sandwich-bread-rye-3-meat-turkey-6",
            "meat_id": "meat-turkey-6",
            "name": "turkey on rye",
            "price": 5
          },
          "sensitive_attributes": [],
          "identity_schema_version": 0,
          "dependencies": [
            "hw_bread.flatten_count_bread",
            "hw_meat.flatten_count_meat"
          ]
        },
        {
          "index_key": 1,
          "schema_version": 0,
          "attributes": {
            "bread_id": "bread-wheat-5",
            "description": "Sandwich 2 for count flatten example",
            "id": "sandwich-bread-wheat-5-meat-ham-3",
            "meat_id": "meat-ham-3",
            "name": "ham on wheat",
            "price": 5
          },
          "sensitive_attributes": [],
          "identity_schema_version": 0,
          "dependencies": [
            "hw_bread.flatten_count_bread",
            "hw_meat.flatten_count_meat"
          ]
        },
        {
          "index_key": 2,
          "schema_version": 0,
          "attributes": {
            "bread_id": "bread-sourdough-9",
            "description": "Sandwich 3 for count flatten example",
            "id": "sandwich-bread-sourdough-9-meat-roast beef-10",
            "meat_id": "meat-roast beef-10",
            "name": "roast beef on sourdough",
            "price": 5
          },
          "sensitive_attributes": [],
          "identity_schema_version": 0,
          "dependencies": [
            "hw_bread.flatten_count_bread",
            "hw_meat.flatten_count_meat"
          ]
        }
      ]
    },
    {
      "mode": "managed",
      "type": "hw_sandwich",
      "name": "flatten_group_sandwiches",
      "provider": "provider[\"registry.terraform.io/bevelwork/hashiwich\"]",
      "instances": [
        {
          "index_key": "group_1",
          "schema_version": 0,
          "attributes": {
            "bread_id": "bread-ciabatta-8",
            "description": "Sandwich for group group_1",
            "id": "sandwich-bread-ciabatta-8-meat-turkey-6",
            "meat_id": "meat-turkey-6",
            "name": "turkey on ciabatta",
            "price": 5
          },
          "sensitive_attributes": [],
          "identity_schema_version": 0,
          "dependencies": [
            "hw_bread.flatten_group_bread",
            "hw_meat.flatten_group_meat"
          ]
        },
        {
          "index_key": "group_2",
          "schema_version": 0,
          "attributes": {
            "bread_id": "bread-baguette-8",
            "description": "Sandwich for group group_2",
            "id": "sandwich-bread-baguette-8-meat-ham-3",
            "meat_id": "meat-ham-3",
            "name": "ham on baguette",
            "price": 5
          },
          "sensitive_attributes": [],
          "identity_schema_version": 0,
          "dependencies": [
            "hw_bread.flatten_group_bread",
            "hw_meat.flatten_group_meat"
          ]
        },
        {
          "index_key": "group_3",
          "schema_version": 0,
          "attributes": {
            "bread_id": "bread-sourdough-9",
            "description": "Sandwich for group group_3",
            "id": "sandwich-bread-sourdough-9-meat-roast beef-10",
            "meat_id": "meat-roast beef-10",
            "name": "roast beef on sourdough",
            "price": 5
          },
          "sensitive_attributes": [],
          "identity_schema_version": 0,
          "dependencies": [
            "hw_bread.flatten_group_bread",
            "hw_meat.flatten_group_meat"
          ]
        }
      ]
    },
    {
      "mode": "managed",
      "type": "hw_sandwich",
      "name": "flatten_sandwich_1",
      "provider": "provider[\"registry.terraform.io/bevelwork/hashiwich\"]",
      "instances": [
        {
          "schema_version": 0,
          "attributes": {
            "bread_id": "bread-rye-3",
            "description": "Sandwich 1 for flatten example",
            "id": "sandwich-bread-rye-3-meat-turkey-6",
            "meat_id": "meat-turkey-6",
            "name": "turkey on rye",
            "price": 5
          },
          "sensitive_attributes": [],
          "identity_schema_version": 0,
          "dependencies": [
            "hw_bread.flatten_bread_1",
            "hw_meat.flatten_meat_1"
          ]
        }
      ]
    },
    {
      "mode": "managed",
      "type": "hw_sandwich",
      "name": "flatten_sandwich_2",
      "provider": "provider[\"registry.terraform.io/bevelwork/hashiwich\"]",
      "instances": [
        {
          "schema_version": 0,
          "attributes": {
            "bread_id": "bread-rye-3",
            "description": "Sandwich 2 for flatten example",
            "id": "sandwich-bread-rye-3-meat-ham-3",
            "meat_id": "meat-ham-3",
            "name": "ham on rye",
            "price": 5
          },
          "sensitive_attributes": [],
          "identity_schema_version": 0,
          "dependencies": [
            "hw_bread.flatten_bread_1",
            "hw_meat.flatten_meat_2"
          ]
        }
      ]
    },
    {
      "mode": "managed",
      "type": "hw_sandwich",
      "name": "flatten_sandwich_3",
      "provider": "provider[\"registry.terraform.io/bevelwork/hashiwich\"]",
      "instances": [
        {
          "schema_version": 0,
          "attributes": {
            "bread_id": "bread-wheat-5",
            "description": "Sandwich 3 for flatten example",
            "id": "sandwich-bread-wheat-5-meat-roast beef-10",
            "meat_id": "meat-roast beef-10",
            "name": "roast beef on wheat",
            "price": 5
          },
          "sensitive_attributes": [],
          "identity_schema_version": 0,
          "dependencies": [
            "hw_bread.flatten_bread_2",
            "hw_meat.flatten_meat_3"
          ]
        }
      ]
    },
    {
      "mode": "managed",
      "type": "hw_sandwich",
      "name": "ignore_combined_sandwich",
      "provider": "provider[\"registry.terraform.io/bevelwork/hashiwich\"]",
      "instances": [
        {
          "schema_version": 0,
          "attributes": {
            "bread_id": "bread-multigrain-10",
            "description": "Sandwich with combined lifecycle rules",
            "id": "sandwich-bread-multigrain-10-meat-chicken-7",
            "meat_id": "meat-chicken-7",
            "name": "chicken on multigrain",
            "price": 5
          },
          "sensitive_attributes": [],
          "identity_schema_version": 0,
          "dependencies": [
            "hw_bread.ignore_combined_bread",
            "hw_meat.ignore_combined_meat"
          ],
          "create_before_destroy": true
        }
      ]
    },
    {
      "mode": "managed",
      "type": "hw_sandwich",
      "name": "ignore_computed_sandwich",
      "provider": "provider[\"registry.terraform.io/bevelwork/hashiwich\"]",
      "instances": [
        {
          "schema_version": 0,
          "attributes": {
            "bread_id": "bread-rye-3",
            "description": "Sandwich with ignored price (if price changes externally)",
            "id": "sandwich-bread-rye-3-meat-turkey-6",
            "meat_id": "meat-turkey-6",
            "name": "turkey on rye",
            "price": 5
          },
          "sensitive_attributes": [],
          "identity_schema_version": 0,
          "dependencies": [
            "hw_bread.ignore_single_bread",
            "hw_meat.ignore_single_meat"
          ]
        }
      ]
    },
    {
      "mode": "managed",
      "type": "hw_sandwich",
      "name": "ignore_single_sandwich",
      "provider": "provider[\"registry.terraform.io/bevelwork/hashiwich\"]",
      "instances": [
        {
          "schema_version": 0,
          "attributes": {
            "bread_id": "bread-rye-3",
            "description": "Sandwich with ignored description",
            "id": "sandwich-bread-rye-3-meat-turkey-6",
            "meat_id": "meat-turkey-6",
            "name": "turkey on rye",
            "price": 5
          },
          "sensitive_attributes": [],
          "identity_schema_version": 0,
          "dependencies": [
            "hw_bread.ignore_single_bread",
            "hw_meat.ignore_single_meat"
          ]
        }
      ]
    },
    {
      "mode": "managed",
      "type": "hw_sandwich",
      "name": "imported_example",
      "provider": "provider[\"registry.terraform.io/bevelwork/hashiwich\"]",
      "instances": [
        {
          "schema_version": 0,
          "attributes": {
            "bread_id": "bread-rye-3",
            "description": "This sandwich exists but needs to be imported",
            "id": "sandwich-bread-rye-3-meat-turkey-6",
            "meat_id": "meat-turkey-6",
            "name": "turkey on rye",
            "price": 5
          },
          "sensitive_attributes": [],
          "identity_schema_version": 0,
          "dependencies": [
            "hw_bread.import_bread",
            "hw_meat.import_meat"
          ]
        }
      ]
    },
    {
      "mode": "managed",
      "type": "hw_sandwich",
      "name": "json_menu_sandwiches",
      "provider": "provider[\"registry.terraform.io/bevelwork/hashiwich\"]",
      "instances": [
        {
          "index_key": "sandwich-0",
          "schema_version": 0,
          "attributes": {
            "bread_id": "bread-rye-3",
            "description": null,
            "id": "sandwich-bread-rye-3-meat-turkey-6",
            "meat_id": "meat-turkey-6",
            "name": "turkey on rye",
            "price": 5
          },
          "sensitive_attributes": [],
          "identity_schema_version": 0,
          "dependencies": [
            "hw_bread.json_menu_breads",
            "hw_meat.json_menu_meats"
          ]
        },
        {
          "index_key": "sandwich-1",
          "schema_version": 0,
          "attributes": {
            "bread_id": "bread-sourdough-9",
            "description": null,
            "id": "sandwich-bread-sourdough-9-meat-ham-3",
            "meat_id": "meat-ham-3",
            "name": "ham on sourdough",
            "price": 5
          },
          "sensitive_attributes": [],
          "identity_schema_version": 0,
          "dependencies": [
            "hw_bread.json_menu_breads",
            "hw_meat.json_menu_meats"
          ]
        }
      ]
    },
    {
      "mode": "managed",
      "type": "hw_sandwich",
      "name": "lifecycle_combined_sandwich",
      "provider": "provider[\"registry.terraform.io/bevelwork/hashiwich\"]",
      "instances": [
        {
          "schema_version": 0,
          "attributes": {
            "bread_id": "bread-multigrain-10",
            "description": "Sandwich with combined lifecycle rules - protected and flexible",
            "id": "sandwich-bread-multigrain-10-meat-chicken-7",
            "meat_id": "meat-chicken-7",
            "name": "chicken on multigrain",
            "price": 5
          },
          "sensitive_attributes": [],
          "identity_schema_version": 0,
          "dependencies": [
            "hw_bread.lifecycle_combined_bread",
            "hw_meat.lifecycle_combined_meat"
          ],
          "create_before_destroy": true
        }
      ]
    },
    {
      "mode": "managed",
      "type": "hw_sandwich",
      "name": "lifecycle_manual_sandwich",
      "provider": "provider[\"registry.terraform.io/bevelwork/hashiwich\"]",
      "instances": [
        {
          "schema_version": 0,
          "attributes": {
            "bread_id": "bread-sourdough-9",
            "description": "Sandwich with ignored description",
            "id": "sandwich-bread-sourdough-9-meat-ham-3",
            "meat_id": "meat-ham-3",
            "name": "ham on sourdough",
            "price": 5
          },
          "sensitive_attributes": [],
          "identity_schema_version": 0,
          "dependencies": [
            "hw_bread.lifecycle_manual_bread",
            "hw_meat.lifecycle_manual_meat"
          ]
        }
      ]
    },
    {
      "mode": "managed",
      "type": "hw_sandwich",
      "name": "lifecycle_replace_sandwich",
      "provider": "provider[\"registry.terraform.io/bevelwork/hashiwich\"]",
      "instances": [
        {
          "schema_version": 0,
          "attributes": {
            "bread_id": "bread-rye-3",
            "description": "Sandwich that gets replaced when bread changes",
            "id": "sandwich-bread-rye-3-meat-turkey-6",
            "meat_id": "meat-turkey-6",
            "name": "turkey on rye",
            "price": 5
          },
          "sensitive_attributes": [],
          "identity_schema_version": 0,
          "dependencies": [
            "hw_bread.lifecycle_replace_bread",
            "hw_meat.lifecycle_replace_meat"
          ]
        }
      ]
    },
    {
      "mode": "managed",
      "type": "hw_sandwich",
      "name": "lifecycle_signature_sandwich",
      "provider": "provider[\"registry.terraform.io/bevelwork/hashiwich\"]",
      "instances": [
        {
          "schema_version": 0,
          "attributes": {
            "bread_id": "bread-ciabatta-8",
            "description": "Our signature sandwich - protected from deletion",
            "id": "sandwich-bread-ciabatta-8-meat-turkey-6",
            "meat_id": "meat-turkey-6",
            "name": "turkey on ciabatta",
            "price": 5
          },
          "sensitive_attributes": [],
          "identity_schema_version": 0,
          "dependencies": [
            "hw_bread.lifecycle_signature_bread",
            "hw_meat.lifecycle_signature_meat"
          ]
        }
      ]
    },
    {
      "mode": "managed",
      "type": "hw_sandwich",
      "name": "lifecycle_zero_downtime_sandwich",
      "provider": "provider[\"registry.terraform.io/bevelwork/hashiwich\"]",
      "instances": [
        {
          "schema_version": 0,
          "attributes": {
            "bread_id": "bread-baguette-8",
            "description": "Sandwich with zero-downtime updates",
            "id": "sandwich-bread-baguette-8-meat-roast beef-10",
            "meat_id": "meat-roast beef-10",
            "name": "roast beef on baguette",
            "price": 5
          },
          "sensitive_attributes": [],
          "identity_schema_version": 0,
          "dependencies": [
            "hw_bread.lifecycle_zero_downtime_bread",
            "hw_meat.lifecycle_zero_downtime_meat"
          ],
          "create_before_destroy": true
        }
      ]
    },
    {
      "mode": "managed",
      "type": "hw_sandwich",
      "name": "list_comp_sandwiches",
      "provider": "provider[\"registry.terraform.io/bevelwork/hashiwich\"]",
      "instances": [
        {
          "index_key": "bologna",
          "schema_version": 0,
          "attributes": {
            "bread_id": "bread-rye-3",
            "description": "List comprehension sandwich: bologna on rye",
            "id": "sandwich-bread-rye-3-meat-bologna-7",
            "meat_id": "meat-bologna-7",
            "name": "bologna on rye",
            "price": 5
          },
          "sensitive_attributes": [],
          "identity_schema_version": 0,
          "dependencies": [
            "data.hw_deli_meats.list_comp_available",
            "hw_bread.list_comp_rye",
            "hw_meat.list_comp_meats"
          ]
        },
        {
          "index_key": "braunschweiger",
          "schema_version": 0,
          "attributes": {
            "bread_id": "bread-rye-3",
            "description": "List comprehension sandwich: braunschweiger on rye",
            "id": "sandwich-bread-rye-3-meat-braunschweiger-14",
            "meat_id": "meat-braunschweiger-14",
            "name": "braunschweiger on rye",
            "price": 5
          },
          "sensitive_attributes": [],
          "identity_schema_version": 0,
          "dependencies": [
            "data.hw_deli_meats.list_comp_available",
            "hw_bread.list_comp_rye",
            "hw_meat.list_comp_meats"
          ]
        },
        {
          "index_key": "capicola",
          "schema_version": 0,
          "attributes": {
            "bread_id": "bread-rye-3",
            "description": "List comprehension sandwich: capicola on rye",
            "id": "sandwich-bread-rye-3-meat-capicola-8",
            "meat_id": "meat-capicola-8",
            "name": "capicola on rye",
            "price": 5
          },
          "sensitive_attributes": [],
          "identity_schema_version": 0,
          "dependencies": [
            "data.hw_deli_meats.list_comp_available",
            "hw_bread.list_comp_rye",
            "hw_meat.list_comp_meats"
          ]
        },
        {
          "index_key": "chicken",
          "schema_version": 0,
          "attributes": {
            "bread_id": "bread-rye-3",
            "description": "List comprehension sandwich: chicken on rye",
            "id": "sandwich-bread-rye-3-meat-chicken-7",
            "meat_id": "meat-chicken-7",
            "name": "chicken on rye",
            "price": 5
          },
          "sensitive_attributes": [],
          "identity_schema_version": 0,
          "dependencies": [
            "data.hw_deli_meats.list_comp_available",
            "hw_bread.list_comp_rye",
            "hw_meat.list_comp_meats"
          ]
        },
        {
          "index_key": "chicken salad",
          "schema_version": 0,
          "attributes": {
            "bread_id": "bread-rye-3",
            "description": "List comprehension sandwich: chicken salad on rye",
            "id": "sandwich-bread-rye-3-meat-chicken salad-13",
            "meat_id": "meat-chicken salad-13",
            "name": "chicken salad on rye",
            "price": 5
          },
          "sensitive_attributes": [],
          "identity_schema_version": 0,
          "dependencies": [
            "data.hw_deli_meats.list_comp_available",
            "hw_bread.list_comp_rye",
            "hw_meat.list_comp_meats"
          ]
        },
        {
          "index_key": "corned beef",
          "schema_version": 0,
          "attributes": {
            "bread_id": "bread-rye-3",
            "description": "List comprehension sandwich: corned beef on rye",
            "id": "sandwich-bread-rye-3-meat-corned beef-11",
            "meat_id": "meat-corned beef-11",
            "name": "corned beef on rye",
            "price": 5
          },
          "sensitive_attributes": [],
          "identity_schema_version": 0,
          "dependencies": [
            "data.hw_deli_meats.list_comp_available",
            "hw_bread.list_comp_rye",
            "hw_meat.list_comp_meats"
          ]
        },
        {
          "index_key": "egg salad",
          "schema_version": 0,
          "attributes": {
            "bread_id": "bread-rye-3",
            "description": "List comprehension sandwich: egg salad on rye",
            "id": "sandwich-bread-rye-3-meat-egg salad-9",
            "meat_id": "meat-egg salad-9",
            "name": "egg salad on rye",
            "price": 5
          },
          "sensitive_attributes": [],
          "identity_schema_version": 0,
          "dependencies": [
            "data.hw_deli_meats.list_comp_available",
            "hw_bread.list_comp_rye",
            "hw_meat.list_comp_meats"
          ]
        },
        {
          "index_key": "ham",
          "schema_version": 0,
          "attributes": {
            "bread_id": "bread-rye-3",
            "description": "List comprehension sandwich: ham on rye",
            "id": "sandwich-bread-rye-3-meat-ham-3",
            "meat_id": "meat-ham-3",
            "name": "ham on rye",
            "price": 5
          },
          "sensitive_attributes": [],
          "identity_schema_version": 0,
          "dependencies": [
            "data.hw_deli_meats.list_comp_available",
            "hw_bread.list_comp_rye",
            "hw_meat.list_comp_meats"
          ]
        },
        {
          "index_key": "liverwurst",
          "schema_version": 0,
          "attributes": {
            "bread_id": "bread-rye-3",
            "description": "List comprehension sandwich: liverwurst on rye",
            "id": "sandwich-bread-rye-3-meat-liverwurst-10",
            "meat_id": "meat-liverwurst-10",
            "name": "liverwurst on rye",
            "price": 5
          },
          "sensitive_attributes": [],
          "identity_schema_version": 0,
          "dependencies": [
            "data.hw_deli_meats.list_comp_available",
            "hw_bread.list_comp_rye",
            "hw_meat.list_comp_meats"
          ]
        },
        {
          "index_key": "mortadella",
          "schema_version": 0,
          "attributes": {
            "bread_id": "bread-rye-3",
            "description": "List comprehension sandwich: mortadella on rye",
            "id": "sandwich-bread-rye-3-meat-mortadella-10",
            "meat_id": "meat-mortadella-10",
            "name": "mortadella on rye",
            "price": 5
          },
          "sensitive_attributes": [],
          "identity_schema_version": 0,
          "dependencies": [
            "data.hw_deli_meats.list_comp_available",
            "hw_bread.list_comp_rye",
            "hw_meat.list_comp_meats"
          ]
        },
        {
          "index_key": "pastrami",
          "schema_version": 0,
          "attributes": {
            "bread_id": "bread-rye-3",
            "description": "List comprehension sandwich: pastrami on rye",
            "id": "sandwich-bread-rye-3-meat-pastrami-8",
            "meat_id": "meat-pastrami-8",
            "name": "pastrami on rye",
            "price": 5
          },
          "sensitive_attributes": [],
          "identity_schema_version": 0,
          "dependencies": [
            "data.hw_deli_meats.list_comp_available",
            "hw_bread.list_comp_rye",
            "hw_meat.list_comp_meats"
          ]
        },
        {
          "index_key": "pepperoni",
          "schema_version": 0,
          "attributes": {
            "bread_id": "bread-rye-3",
            "description": "List comprehension sandwich: pepperoni on rye",
            "id": "sandwich-bread-rye-3-meat-pepperoni-9",
            "meat_id": "meat-pepperoni-9",
            "name": "pepperoni on rye",
            "price": 5
          },
          "sensitive_attributes": [],
          "identity_schema_version": 0,
          "dependencies": [
            "data.hw_deli_meats.list_comp_available",
            "hw_bread.list_comp_rye",
            "hw_meat.list_comp_meats"
          ]
        },
        {
          "index_key": "prosciutto",
          "schema_version": 0,
          "attributes": {
            "bread_id": "bread-rye-3",
            "description": "List comprehension sandwich: prosciutto on rye",
            "id": "sandwich-bread-rye-3-meat-prosciutto-10",
            "meat_id": "meat-prosciutto-10",
            "name": "prosciutto on rye",
            "price": 5
          },
          "sensitive_attributes": [],
          "identity_schema_version": 0,
          "dependencies": [
            "data.hw_deli_meats.list_comp_available",
            "hw_bread.list_comp_rye",
            "hw_meat.list_comp_meats"
          ]
        },
        {
          "index_key": "pâté",
          "schema_version": 0,
          "attributes": {
            "bread_id": "bread-rye-3",
            "description": "List comprehension sandwich: pâté on rye",
            "id": "sandwich-bread-rye-3-meat-pâté-6",
            "meat_id": "meat-pâté-6",
            "name": "pâté on rye",
            "price": 5
          },
          "sensitive_attributes": [],
          "identity_schema_version": 0,
          "dependencies": [
            "data.hw_deli_meats.list_comp_available",
            "hw_bread.list_comp_rye",
            "hw_meat.list_comp_meats"
          ]
        },
        {
          "index_key": "roast beef",
          "schema_version": 0,
          "attributes": {
            "bread_id": "bread-rye-3",
            "description": "List comprehension sandwich: roast beef on rye",
            "id": "sandwich-bread-rye-3-meat-roast beef-10",
            "meat_id": "meat-roast beef-10",
            "name": "roast beef on rye",
            "price": 5
          },
          "sensitive_attributes": [],
          "identity_schema_version": 0,
          "dependencies": [
            "data.hw_deli_meats.list_comp_available",
            "hw_bread.list_comp_rye",
            "hw_meat.list_comp_meats"
          ]
        },
        {
          "index_key": "roast pork",
          "schema_version": 0,
          "attributes": {
            "bread_id": "bread-rye-3",
            "description": "List comprehension sandwich: roast pork on rye",
            "id": "sandwich-bread-rye-3-meat-roast pork-10",
            "meat_id": "meat-roast pork-10",
            "name": "roast pork on rye",
            "price": 5
          },
          "sensitive_attributes": [],
          "identity_schema_version": 0,
          "dependencies": [
            "data.hw_deli_meats.list_comp_available",
            "hw_bread.list_comp_rye",
            "hw_meat.list_comp_meats"
          ]
        },
        {
          "index_key": "salami",
          "schema_version": 0,
          "attributes": {
            "bread_id": "bread-rye-3",
            "description": "List comprehension sandwich: salami on rye",
            "id": "sandwich-bread-rye-3-meat-salami-6",
            "meat_id": "meat-salami-6",
            "name": "salami on rye",
            "price": 5
          },
          "sensitive_attributes": [],
          "identity_schema_version": 0,
          "dependencies": [
            "data.hw_deli_meats.list_comp_available",
            "hw_bread.list_comp_rye",
            "hw_meat.list_comp_meats"
          ]
        },
        {
          "index_key": "smoked salmon",
          "schema_version": 0,
          "attributes": {
            "bread_id": "bread-rye-3",
            "description": "List comprehension sandwich: smoked salmon on rye",
            "id": "sandwich-bread-rye-3-meat-smoked salmon-13",
            "meat_id": "meat-smoked salmon-13",
            "name": "smoked salmon on rye",
            "price": 5
          },
          "sensitive_attributes": [],
          "identity_schema_version": 0,
          "dependencies": [
            "data.hw_deli_meats.list_comp_available",
            "hw_bread.list_comp_rye",
            "hw_meat.list_comp_meats"
          ]
        },
        {
          "index_key": "tuna salad",
          "schema_version": 0,
          "attributes": {
            "bread_id": "bread-rye-3",
            "description": "List comprehension sandwich: tuna salad on rye",
            "id": "sandwich-bread-rye-3-meat-tuna salad-10",
            "meat_id": "meat-tuna salad-10",
            "name": "tuna salad on rye",
            "price": 5
          },
          "sensitive_attributes": [],
          "identity_schema_version": 0,
          "dependencies": [
            "data.hw_deli_meats.list_comp_available",
            "hw_bread.list_comp_rye",
            "hw_meat.list_comp_meats"
          ]
        },
        {
          "index_key": "turkey",
          "schema_version": 0,
          "attributes": {
            "bread_id": "bread-rye-3",
            "description": "List comprehension sandwich: turkey on rye",
            "id": "sandwich-bread-rye-3-meat-turkey-6",
            "meat_id": "meat-turkey-6",
            "name": "turkey on rye",
            "price": 5
          },
          "sensitive_attributes": [],
          "identity_schema_version": 0,
          "dependencies": [
            "data.hw_deli_meats.list_comp_available",
            "hw_bread.list_comp_rye",
            "hw_meat.list_comp_meats"
          ]
        },
        {
          "index_key": "turkey breast",
          "schema_version": 0,
          "attributes": {
            "bread_id": "bread-rye-3",
            "description": "List comprehension sandwich: turkey breast on rye",
            "id": "sandwich-bread-rye-3-meat-turkey breast-13",
            "meat_id": "meat-turkey breast-13",
            "name": "turkey breast on rye",
            "price": 5
          },
          "sensitive_attributes": [],
          "identity_schema_version": 0,
          "dependencies": [
            "data.hw_deli_meats.list_comp_available",
            "hw_bread.list_comp_rye",
            "hw_meat.list_comp_meats"
          ]
        }
      ]
    },
    {
      "mode": "managed",
      "type": "hw_sandwich",
      "name": "main_each",
      "provider": "provider[\"registry.terraform.io/bevelwork/hashiwich\"]",
      "instances": [
        {
          "index_key": "bologna",
          "schema_version": 0,
          "attributes": {
            "bread_id": "bread-rye-3",
            "description": "A delicious bologna sandwich on rye bread",
            "id": "sandwich-bread-rye-3-meat-bologna-7",
            "meat_id": "meat-bologna-7",
            "name": "bologna on rye",
            "price": 5
          },
          "sensitive_attributes": [],
          "identity_schema_version": 0,
          "dependencies": [
            "data.hw_deli_meats.main_available",
            "hw_bread.main_rye",
            "hw_meat.main_each"
          ]
        },
        {
          "index_key": "braunschweiger",
          "schema_version": 0,
          "attributes": {
            "bread_id": "bread-rye-3",
            "description": "A delicious braunschweiger sandwich on rye bread",
            "id": "sandwich-bread-rye-3-meat-braunschweiger-14",
            "meat_id": "meat-braunschweiger-14",
            "name": "braunschweiger on rye",
            "price": 5
          },
          "sensitive_attributes": [],
          "identity_schema_version": 0,
          "dependencies": [
            "data.hw_deli_meats.main_available",
            "hw_bread.main_rye",
            "hw_meat.main_each"
          ]
        },
        {
          "index_key": "capicola",
          "schema_version": 0,
          "attributes": {
            "bread_id": "bread-rye-3",
            "description": "A delicious capicola sandwich on rye bread",
            "id": "sandwich-bread-rye-3-meat-capicola-8",
            "meat_id": "meat-capicola-8",
            "name": "capicola on rye",
            "price": 5
          },
          "sensitive_attributes": [],
          "identity_schema_version": 0,
          "dependencies": [
            "data.hw_deli_meats.main_available",
            "hw_bread.main_rye",
            "hw_meat.main_each"
          ]
        },
        {
          "index_key": "chicken",
          "schema_version": 0,
          "attributes": {
            "bread_id": "bread-rye-3",
            "description": "A delicious chicken sandwich on rye bread",
            "id": "sandwich-bread-rye-3-meat-chicken-7",
            "meat_id": "meat-chicken-7",
            "name": "chicken on rye",
            "price": 5
          },
          "sensitive_attributes": [],
          "identity_schema_version": 0,
          "dependencies": [
            "data.hw_deli_meats.main_available",
            "hw_bread.main_rye",
            "hw_meat.main_each"
          ]
        },
        {
          "index_key": "chicken salad",
          "schema_version": 0,
          "attributes": {
            "bread_id": "bread-rye-3",
            "description": "A delicious chicken salad sandwich on rye bread",
            "id": "sandwich-bread-rye-3-meat-chicken salad-13",
            "meat_id": "meat-chicken salad-13",
            "name": "chicken salad on rye",
            "price": 5
          },
          "sensitive_attributes": [],
          "identity_schema_version": 0,
          "dependencies": [
            "data.hw_deli_meats.main_available",
            "hw_bread.main_rye",
            "hw_meat.main_each"
          ]
        },
        {
          "index_key": "corned beef",
          "schema_version": 0,
          "attributes": {
            "bread_id": "bread-rye-3",
            "description": "A delicious corned beef sandwich on rye bread",
            "id": "sandwich-bread-rye-3-meat-corned beef-11",
            "meat_id": "meat-corned beef-11",
            "name": "corned beef on rye",
            "price": 5
          },
          "sensitive_attributes": [],
          "identity_schema_version": 0,
          "dependencies": [
            "data.hw_deli_meats.main_available",
            "hw_bread.main_rye",
            "hw_meat.main_each"
          ]
        },
        {
          "index_key": "egg salad",
          "schema_version": 0,
          "attributes": {
            "bread_id": "bread-rye-3",
            "description": "A delicious egg salad sandwich on rye bread",
            "id": "sandwich-bread-rye-3-meat-egg salad-9",
            "meat_id": "meat-egg salad-9",
            "name": "egg salad on rye",
            "price": 5
          },
          "sensitive_attributes": [],
          "identity_schema_version": 0,
          "dependencies": [
            "data.hw_deli_meats.main_available",
            "hw_bread.main_rye",
            "hw_meat.main_each"
          ]
        },
        {
          "index_key": "ham",
          "schema_version": 0,
          "attributes": {
            "bread_id": "bread-rye-3",
            "description": "A delicious ham sandwich on rye bread",
            "id": "sandwich-bread-rye-3-meat-ham-3",
            "meat_id": "meat-ham-3",
            "name": "ham on rye",
            "price": 5
          },
          "sensitive_attributes": [],
          "identity_schema_version": 0,
          "dependencies": [
            "data.hw_deli_meats.main_available",
            "hw_bread.main_rye",
            "hw_meat.main_each"
          ]
        },
        {
          "index_key": "liverwurst",
          "schema_version": 0,
          "attributes": {
            "bread_id": "bread-rye-3",
            "description": "A delicious liverwurst sandwich on rye bread",
            "id": "sandwich-bread-rye-3-meat-liverwurst-10",
            "meat_id": "meat-liverwurst-10",
            "name": "liverwurst on rye",
            "price": 5
          },
          "sensitive_attributes": [],
          "identity_schema_version": 0,
          "dependencies": [
            "data.hw_deli_meats.main_available",
            "hw_bread.main_rye",
            "hw_meat.main_each"
          ]
        },
        {
          "index_key": "mortadella",
          "schema_version": 0,
          "attributes": {
            "bread_id": "bread-rye-3",
            "description": "A delicious mortadella sandwich on rye bread",
            "id": "sandwich-bread-rye-3-meat-mortadella-10",
            "meat_id": "meat-mortadella-10",
            "name": "mortadella on rye",
            "price": 5
          },
          "sensitive_attributes": [],
          "identity_schema_version": 0,
          "dependencies": [
            "data.hw_deli_meats.main_available",
            "hw_bread.main_rye",
            "hw_meat.main_each"
          ]
        },
        {
          "index_key": "pastrami",
          "schema_version": 0,
          "attributes": {
            "bread_id": "bread-rye-3",
            "description": "A delicious pastrami sandwich on rye bread",
            "id": "sandwich-bread-rye-3-meat-pastrami-8",
            "meat_id": "meat-pastrami-8",
            "name": "pastrami on rye",
            "price": 5
          },
          "sensitive_attributes": [],
          "identity_schema_version": 0,
          "dependencies": [
            "data.hw_deli_meats.main_available",
            "hw_bread.main_rye",
            "hw_meat.main_each"
          ]
        },
        {
          "index_key": "pepperoni",
          "schema_version": 0,
          "attributes": {
            "bread_id": "bread-rye-3",
            "description": "A delicious pepperoni sandwich on rye bread",
            "id": "sandwich-bread-rye-3-meat-pepperoni-9",
            "meat_id": "meat-pepperoni-9",
            "name": "pepperoni on rye",
            "price": 5
          },
          "sensitive_attributes": [],
          "identity_schema_version": 0,
          "dependencies": [
            "data.hw_deli_meats.main_available",
            "hw_bread.main_rye",
            "hw_meat.main_each"
          ]
        },
        {
          "index_key": "prosciutto",
          "schema_version": 0,
          "attributes": {
            "bread_id": "bread-rye-3",
            "description": "A delicious prosciutto sandwich on rye bread",
            "id": "sandwich-bread-rye-3-meat-prosciutto-10",
            "meat_id": "meat-prosciutto-10",
            "name": "prosciutto on rye",
            "price": 5
          },
          "sensitive_attributes": [],
          "identity_schema_version": 0,
          "dependencies": [
            "data.hw_deli_meats.main_available",
            "hw_bread.main_rye",
            "hw_meat.main_each"
          ]
        },
        {
          "index_key": "pâté",
          "schema_version": 0,
          "attributes": {
            "bread_id": "bread-rye-3",
            "description": "A delicious pâté sandwich on rye bread",
            "id": "sandwich-bread-rye-3-meat-pâté-6",
            "meat_id": "meat-pâté-6",
            "name": "pâté on rye",
            "price": 5
          },
          "sensitive_attributes": [],
          "identity_schema_version": 0,
          "dependencies": [
            "data.hw_deli_meats.main_available",
            "hw_bread.main_rye",
            "hw_meat.main_each"
          ]
        },
        {
          "index_key": "roast beef",
          "schema_version": 0,
          "attributes": {
            "bread_id": "bread-rye-3",
            "description": "A delicious roast beef sandwich on rye bread",
            "id": "sandwich-bread-rye-3-meat-roast beef-10",
            "meat_id": "meat-roast beef-10",
            "name": "roast beef on rye",
            "price": 5
          },
          "sensitive_attributes": [],
          "identity_schema_version": 0,
          "dependencies": [
            "data.hw_deli_meats.main_available",
            "hw_bread.main_rye",
            "hw_meat.main_each"
          ]
        },
        {
          "index_key": "roast pork",
          "schema_version": 0,
          "attributes": {
            "bread_id": "bread-rye-3",
            "description": "A delicious roast pork sandwich on rye bread",
            "id": "sandwich-bread-rye-3-meat-roast pork-10",
            "meat_id": "meat-roast pork-10",
            "name": "roast pork on rye",
            "price": 5
          },
          "sensitive_attributes": [],
          "identity_schema_version": 0,
          "dependencies": [
            "data.hw_deli_meats.main_available",
            "hw_bread.main_rye",
            "hw_meat.main_each"
          ]
        },
        {
          "index_key": "salami",
          "schema_version": 0,
          "attributes": {
            "bread_id": "bread-rye-3",
            "description": "A delicious salami sandwich on rye bread",
            "id": "sandwich-bread-rye-3-meat-salami-6",
            "meat_id": "meat-salami-6",
            "name": "salami on rye",
            "price": 5
          },
          "sensitive_attributes": [],
          "identity_schema_version": 0,
          "dependencies": [
            "data.hw_deli_meats.main_available",
            "hw_bread.main_rye",
            "hw_meat.main_each"
          ]
        },
        {
          "index_key": "smoked salmon",
          "schema_version": 0,
          "attributes": {
            "bread_id": "bread-rye-3",
            "description": "A delicious smoked salmon sandwich on rye bread",
            "id": "sandwich-bread-rye-3-meat-smoked salmon-13",
            "meat_id": "meat-smoked salmon-13",
            "name": "smoked salmon on rye",
            "price": 5
          },
          "sensitive_attributes": [],
          "identity_schema_version": 0,
          "dependencies": [
            "data.hw_deli_meats.main_available",
            "hw_bread.main_rye",
            "hw_meat.main_each"
          ]
        },
        {
          "index_key": "tuna salad",
          "schema_version": 0,
          "attributes": {
            "bread_id": "bread-rye-3",
            "description": "A delicious tuna salad sandwich on rye bread",
            "id": "sandwich-bread-rye-3-meat-tuna salad-10",
            "meat_id": "meat-tuna salad-10",
            "name": "tuna salad on rye",
            "price": 5
          },
          "sensitive_attributes": [],
          "identity_schema_version": 0,
          "dependencies": [
            "data.hw_deli_meats.main_available",
            "hw_bread.main_rye",
            "hw_meat.main_each"
          ]
        },
        {
          "index_key": "turkey",
          "schema_version": 0,
          "attributes": {
            "bread_id": "bread-rye-3",
            "description": "A delicious turkey sandwich on rye bread",
            "id": "sandwich-bread-rye-3-meat-turkey-6",
            "meat_id": "meat-turkey-6",
            "name": "turkey on rye",
            "price": 5
          },
          "sensitive_attributes": [],
          "identity_schema_version": 0,
          "dependencies": [
            "data.hw_deli_meats.main_available",
            "hw_bread.main_rye",
            "hw_meat.main_each"
          ]
        },
        {
          "index_key": "turkey breast",
          "schema_version": 0,
          "attributes": {
            "bread_id": "bread-rye-3",
            "description": "A delicious turkey breast sandwich on rye bread",
            "id": "sandwich-bread-rye-3-meat-turkey breast-13",
            "meat_id": "meat-turkey breast-13",
            "name": "turkey breast on rye",
            "price": 5
          },
          "sensitive_attributes": [],
          "identity_schema_version": 0,
          "dependencies": [
            "data.hw_deli_meats.main_available",
            "hw_bread.main_rye",
            "hw_meat.main_each"
          ]
        }
      ]
    },
    {
      "mode": "managed",
      "type": "hw_sandwich",
      "name": "moved_count_sandwich",
      "provider": "provider[\"registry.terraform.io/bevelwork/hashiwich\"]",
      "instances": [
        {
          "index_key": 0,
          "schema_version": 0,
          "attributes": {
            "bread_id": "bread-rye-3",
            "description": "Sandwich 1 - using count",
            "id": "sandwich-bread-rye-3-meat-turkey-6",
            "meat_id": "meat-turkey-6",
            "name": "turkey on rye",
            "price": 5
          },
          "sensitive_attributes": [],
          "identity_schema_version": 0,
          "dependencies": [
            "hw_bread.moved_count_bread",
            "hw_meat.moved_count_meat"
          ]
        },
        {
          "index_key": 1,
          "schema_version": 0,
          "attributes": {
            "bread_id": "bread-wheat-5",
            "description": "Sandwich 2 - using count",
            "id": "sandwich-bread-wheat-5-meat-ham-3",
            "meat_id": "meat-ham-3",
            "name": "ham on wheat",
            "price": 5
          },
          "sensitive_attributes": [],
          "identity_schema_version": 0,
          "dependencies": [
            "hw_bread.moved_count_bread",
            "hw_meat.moved_count_meat"
          ]
        }
      ]
    },
    {
      "mode": "managed",
      "type": "hw_sandwich",
      "name": "moved_demo_renamed",
      "provider": "provider[\"registry.terraform.io/bevelwork/hashiwich\"]",
      "instances": [
        {
          "schema_version": 0,
          "attributes": {
            "bread_id": "bread-sourdough-9",
            "description": "Renamed sandwich - moved from moved_demo_original",
            "id": "sandwich-bread-sourdough-9-meat-ham-3",
            "meat_id": "meat-ham-3",
            "name": "ham on sourdough",
            "price": 5
          },
          "sensitive_attributes": [],
          "identity_schema_version": 0,
          "dependencies": [
            "hw_bread.moved_demo_bread",
            "hw_meat.moved_demo_meat"
          ]
        }
      ]
    },
    {
      "mode": "managed",
      "type": "hw_sandwich",
      "name": "moved_for_each_sandwich",
      "provider": "provider[\"registry.terraform.io/bevelwork/hashiwich\"]",
      "instances": [
        {
          "index_key": "old_key_1",
          "schema_version": 0,
          "attributes": {
            "bread_id": "bread-ciabatta-8",
            "description": "Sandwich with old key: old_key_1",
            "id": "sandwich-bread-ciabatta-8-meat-turkey-6",
            "meat_id": "meat-turkey-6",
            "name": "turkey on ciabatta",
            "price": 5
          },
          "sensitive_attributes": [],
          "identity_schema_version": 0,
          "dependencies": [
            "hw_bread.moved_for_each_bread",
            "hw_meat.moved_for_each_meat"
          ]
        },
        {
          "index_key": "old_key_2",
          "schema_version": 0,
          "attributes": {
            "bread_id": "bread-baguette-8",
            "description": "Sandwich with old key: old_key_2",
            "id": "sandwich-bread-baguette-8-meat-roast beef-10",
            "meat_id": "meat-roast beef-10",
            "name": "roast beef on baguette",
            "price": 5
          },
          "sensitive_attributes": [],
          "identity_schema_version": 0,
          "dependencies": [
            "hw_bread.moved_for_each_bread",
            "hw_meat.moved_for_each_meat"
          ]
        }
      ]
    },
    {
      "mode": "managed",
      "type": "hw_sandwich",
      "name": "moved_old_sandwich",
      "provider": "provider[\"registry.terraform.io/bevelwork/hashiwich\"]",
      "instances": [
        {
          "schema_version": 0,
          "attributes": {
            "bread_id": "bread-rye-3",
            "description": "Old sandwich name - will be moved to new name",
            "id": "sandwich-bread-rye-3-meat-turkey-6",
            "meat_id": "meat-turkey-6",
            "name": "turkey on rye",
            "price": 5
          },
          "sensitive_attributes": [],
          "identity_schema_version": 0,
          "dependencies": [
            "hw_bread.moved_old_bread",
            "hw_meat.moved_old_meat"
          ]
        }
      ]
    },
    {
      "mode": "managed",
      "type": "hw_sandwich",
      "name": "moved_refactor_sandwich_1",
      "provider": "provider[\"registry.terraform.io/bevelwork/hashiwich\"]",
      "instances": [
        {
          "schema_version": 0,
          "attributes": {
            "bread_id": "bread-multigrain-10",
            "description": "Sandwich 1 - will be moved during refactoring",
            "id": "sandwich-bread-multigrain-10-meat-chicken-7",
            "meat_id": "meat-chicken-7",
            "name": "chicken on multigrain",
            "price": 5
          },
          "sensitive_attributes": [],
          "identity_schema_version": 0,
          "dependencies": [
            "hw_bread.moved_refactor_bread_1",
            "hw_meat.moved_refactor_meat_1"
          ]
        }
      ]
    },
    {
      "mode": "managed",
      "type": "hw_sandwich",
      "name": "moved_refactor_sandwich_2",
      "provider": "provider[\"registry.terraform.io/bevelwork/hashiwich\"]",
      "instances": [
        {
          "schema_version": 0,
          "attributes": {
            "bread_id": "bread-whole wheat-11",
            "description": "Sandwich 2 - will be moved during refactoring",
            "id": "sandwich-bread-whole wheat-11-meat-pastrami-8",
            "meat_id": "meat-pastrami-8",
            "name": "pastrami on whole wheat",
            "price": 5
          },
          "sensitive_attributes": [],
          "identity_schema_version": 0,
          "dependencies": [
            "hw_bread.moved_refactor_bread_2",
            "hw_meat.moved_refactor_meat_2"
          ]
        }
      ]
    },
    {
      "mode": "managed",
      "type": "hw_sandwich",
      "name": "order_sandwich",
      "provider": "provider[\"registry.terraform.io/bevelwork/hashiwich\"]",
      "instances": [
        {
          "schema_version": 0,
          "attributes": {
            "bread_id": "bread-rye-3",
            "description": "Sandwich from order: turkey on rye",
            "id": "sandwich-bread-rye-3-meat-turkey-6",
            "meat_id": "meat-turkey-6",
            "name": "turkey on rye",
            "price": 5
          },
          "sensitive_attributes": [],
          "identity_schema_version": 0,
          "dependencies": [
            "data.hw_order.order_example",
            "hw_bread.order_bread",
            "hw_meat.order_meat"
          ]
        }
      ]
    },
    {
      "mode": "managed",
      "type": "hw_sandwich",
      "name": "pick_from_list",
      "provider": "provider[\"registry.terraform.io/bevelwork/hashiwich\"]",
      "instances": [
        {
          "schema_version": 0,
          "attributes": {
            "bread_id": "bread-sourdough-9",
            "description": "Sandwich using bread picked from list (index 1)",
            "id": "sandwich-bread-sourdough-9-meat-turkey-6",
            "meat_id": "meat-turkey-6",
            "name": "turkey on sourdough",
            "price": 5
          },
          "sensitive_attributes": [],
          "identity_schema_version": 0,
          "dependencies": [
            "hw_bread.access_bread_1",
            "hw_bread.access_bread_2",
            "hw_bread.access_bread_3",
            "hw_meat.access_meat_1"
          ]
        }
      ]
    },
    {
      "mode": "managed",
      "type": "hw_sandwich",
      "name": "pick_from_map",
      "provider": "provider[\"registry.terraform.io/bevelwork/hashiwich\"]",
      "instances": [
        {
          "schema_version": 0,
          "attributes": {
            "bread_id": "bread-sourdough-9",
            "description": "Sandwich using bread picked from map (key: sourdough)",
            "id": "sandwich-bread-sourdough-9-meat-ham-3",
            "meat_id": "meat-ham-3",
            "name": "ham on sourdough",
            "price": 5
          },
          "sensitive_attributes": [],
          "identity_schema_version": 0,
          "dependencies": [
            "hw_bread.access_bread_1",
            "hw_bread.access_bread_2",
            "hw_bread.access_bread_3",
            "hw_meat.access_meat_2"
          ]
        }
      ]
    },
    {
      "mode": "managed",
      "type": "hw_sandwich",
      "name": "pick_from_set",
      "provider": "provider[\"registry.terraform.io/bevelwork/hashiwich\"]",
      "instances": [
        {
          "schema_version": 0,
          "attributes": {
            "bread_id": "bread-rye-3",
            "description": "Sandwich using meat picked from set (converted to list)",
            "id": "sandwich-bread-rye-3-meat-ham-3",
            "meat_id": "meat-ham-3",
            "name": "ham on rye",
            "price": 5
          },
          "sensitive_attributes": [],
          "identity_schema_version": 0,
          "dependencies": [
            "hw_bread.access_bread_1",
            "hw_meat.access_for_each_meats",
            "hw_meat.access_meat_1",
            "hw_meat.access_meat_2",
            "hw_meat.access_meat_3"
          ]
        }
      ]
    },
    {
      "mode": "managed",
      "type": "hw_sandwich",
      "name": "splat_dependent",
      "provider": "provider[\"registry.terraform.io/bevelwork/hashiwich\"]",
      "instances": [
        {
          "index_key": "bread-0",
          "schema_version": 0,
          "attributes": {
            "bread_id": "bread-rye-3",
            "description": null,
            "id": "sandwich-bread-rye-3-meat-turkey-6",
            "meat_id": "meat-turkey-6",
            "name": "turkey on rye",
            "price": 5
          },
          "sensitive_attributes": [],
          "identity_schema_version": 0,
          "dependencies": [
            "hw_bread.splat_count_breads",
            "hw_meat.splat_meat_1"
          ]
        },
        {
          "index_key": "bread-1",
          "schema_version": 0,
          "attributes": {
            "bread_id": "bread-wheat-5",
            "description": null,
            "id": "sandwich-bread-wheat-5-meat-turkey-6",
            "meat_id": "meat-turkey-6",
            "name": "turkey on wheat",
            "price": 5
          },
          "sensitive_attributes": [],
          "identity_schema_version": 0,
          "dependencies": [
            "hw_bread.splat_count_breads",
            "hw_meat.splat_meat_1"
          ]
        },
        {
          "index_key": "bread-2",
          "schema_version": 0,
          "attributes": {
            "bread_id": "bread-sourdough-9",
            "description": null,
            "id": "sandwich-bread-sourdough-9-meat-turkey-6",
            "meat_id": "meat-turkey-6",
            "name": "turkey on sourdough",
            "price": 5
          },
          "sensitive_attributes": [],
          "identity_schema_version": 0,
          "dependencies": [
            "hw_bread.splat_count_breads",
            "hw_meat.splat_meat_1"
          ]
        },
        {
          "index_key": "bread-3",
          "schema_version": 0,
          "attributes": {
            "bread_id": "bread-ciabatta-8",
            "description": null,
            "id": "sandwich-bread-ciabatta-8-meat-turkey-6",
            "meat_id": "meat-turkey-6",
            "name": "turkey on ciabatta",
            "price": 5
          },
          "sensitive_attributes": [],
          "identity_schema_version": 0,
          "dependencies": [
            "hw_bread.splat_count_breads",
            "hw_meat.splat_meat_1"
          ]
        }
      ]
    },
    {
      "mode": "managed",
      "type": "hw_sandwich",
      "name": "splat_sandwiches",
      "provider": "provider[\"registry.terraform.io/bevelwork/hashiwich\"]",
      "instances": [
        {
          "index_key": "chicken",
          "schema_version": 0,
          "attributes": {
            "bread_id": "bread-rye-3",
            "description": null,
            "id": "sandwich-bread-rye-3-meat-chicken-7",
            "meat_id": "meat-chicken-7",
            "name": "chicken on rye",
            "price": 5
          },
          "sensitive_attributes": [],
          "identity_schema_version": 0,
          "dependencies": [
            "hw_bread.splat_bread_1",
            "hw_meat.splat_for_each_meats"
          ]
        },
        {
          "index_key": "ham",
          "schema_version": 0,
          "attributes": {
            "bread_id": "bread-rye-3",
            "description": null,
            "id": "sandwich-bread-rye-3-meat-ham-3",
            "meat_id": "meat-ham-3",
            "name": "ham on rye",
            "price": 5
          },
          "sensitive_attributes": [],
          "identity_schema_version": 0,
          "dependencies": [
            "hw_bread.splat_bread_1",
            "hw_meat.splat_for_each_meats"
          ]
        },
        {
          "index_key": "pastrami",
          "schema_version": 0,
          "attributes": {
            "bread_id": "bread-rye-3",
            "description": null,
            "id": "sandwich-bread-rye-3-meat-pastrami-8",
            "meat_id": "meat-pastrami-8",
            "name": "pastrami on rye",
            "price": 5
          },
          "sensitive_attributes": [],
          "identity_schema_version": 0,
          "dependencies": [
            "hw_bread.splat_bread_1",
            "hw_meat.splat_for_each_meats"
          ]
        },
        {
          "index_key": "roast beef",
          "schema_version": 0,
          "attributes": {
            "bread_id": "bread-rye-3",
            "description": null,
            "id": "sandwich-bread-rye-3-meat-roast beef-10",
            "meat_id": "meat-roast beef-10",
            "name": "roast beef on rye",
            "price": 5
          },
          "sensitive_attributes": [],
          "identity_schema_version": 0,
          "dependencies": [
            "hw_bread.splat_bread_1",
            "hw_meat.splat_for_each_meats"
          ]
        },
        {
          "index_key": "turkey",
          "schema_version": 0,
          "attributes": {
            "bread_id": "bread-rye-3",
            "description": null,
            "id": "sandwich-bread-rye-3-meat-turkey-6",
            "meat_id": "meat-turkey-6",
            "name": "turkey on rye",
            "price": 5
          },
          "sensitive_attributes": [],
          "identity_schema_version": 0,
          "dependencies": [
            "hw_bread.splat_bread_1",
            "hw_meat.splat_for_each_meats"
          ]
        }
      ]
    },
    {
      "mode": "managed",
      "type": "hw_sandwich",
      "name": "taint_corrupted_sandwich",
      "provider": "provider[\"registry.terraform.io/bevelwork/hashiwich\"]",
      "instances": [
        {
          "schema_version": 0,
          "attributes": {
            "bread_id": "bread-rye-3",
            "description": "Sandwich that may become corrupted and need recreation",
            "id": "sandwich-bread-rye-3-meat-turkey-6",
            "meat_id": "meat-turkey-6",
            "name": "turkey on rye",
            "price": 5
          },
          "sensitive_attributes": [],
          "identity_schema_version": 0,
          "dependencies": [
            "hw_bread.taint_example_bread",
            "hw_meat.taint_example_meat"
          ]
        }
      ]
    },
    {
      "mode": "managed",
      "type": "hw_sandwich",
      "name": "taint_count_sandwiches",
      "provider": "provider[\"registry.terraform.io/bevelwork/hashiwich\"]",
      "instances": [
        {
          "index_key": 0,
          "schema_version": 0,
          "attributes": {
            "bread_id": "bread-rye-3",
            "description": "Sandwich 1",
            "id": "sandwich-bread-rye-3-meat-turkey-6",
            "meat_id": "meat-turkey-6",
            "name": "turkey on rye",
            "price": 5
          },
          "sensitive_attributes": [],
          "identity_schema_version": 0,
          "dependencies": [
            "hw_bread.taint_example_bread",
            "hw_meat.taint_example_meat"
          ]
        },
        {
          "index_key": 1,
          "schema_version": 0,
          "attributes": {
            "bread_id": "bread-rye-3",
            "description": "Sandwich 2",
            "id": "sandwich-bread-rye-3-meat-turkey-6",
            "meat_id": "meat-turkey-6",
            "name": "turkey on rye",
            "price": 5
          },
          "sensitive_attributes": [],
          "identity_schema_version": 0,
          "dependencies": [
            "hw_bread.taint_example_bread",
            "hw_meat.taint_example_meat"
          ]
        },
        {
          "index_key": 2,
          "schema_version": 0,
          "attributes": {
            "bread_id": "bread-rye-3",
            "description": "Sandwich 3",
            "id": "sandwich-bread-rye-3-meat-turkey-6",
            "meat_id": "meat-turkey-6",
            "name": "turkey on rye",
            "price": 5
          },
          "sensitive_attributes": [],
          "identity_schema_version": 0,
          "dependencies": [
            "hw_bread.taint_example_bread",
            "hw_meat.taint_example_meat"
          ]
        }
      ]
    },
    {
      "mode": "managed",
      "type": "hw_sandwich",
      "name": "taint_dependent_sandwich",
      "provider": "provider[\"registry.terraform.io/bevelwork/hashiwich\"]",
      "instances": [
        {
          "schema_version": 0,
          "attributes": {
            "bread_id": "bread-ciabatta-8",
            "description": "Sandwich that depends on bread and meat",
            "id": "sandwich-bread-ciabatta-8-meat-roast beef-10",
            "meat_id": "meat-roast beef-10",
            "name": "roast beef on ciabatta",
            "price": 5
          },
          "sensitive_attributes": [],
          "identity_schema_version": 0,
          "dependencies": [
            "hw_bread.taint_dependency_bread",
            "hw_meat.taint_dependency_meat"
          ]
        }
      ]
    },
    {
      "mode": "managed",
      "type": "hw_sandwich",
      "name": "taint_example_sandwich",
      "provider": "provider[\"registry.terraform.io/bevelwork/hashiwich\"]",
      "instances": [
        {
          "schema_version": 0,
          "attributes": {
            "bread_id": "bread-rye-3",
            "description": "Sandwich that can be tainted to force recreation",
            "id": "sandwich-bread-rye-3-meat-turkey-6",
            "meat_id": "meat-turkey-6",
            "name": "turkey on rye",
            "price": 5
          },
          "sensitive_attributes": [],
          "identity_schema_version": 0,
          "dependencies": [
            "hw_bread.taint_example_bread",
            "hw_meat.taint_example_meat"
          ]
        }
      ]
    },
    {
      "mode": "managed",
      "type": "hw_sandwich",
      "name": "taint_multiple_sandwiches",
      "provider": "provider[\"registry.terraform.io/bevelwork/hashiwich\"]",
      "instances": [
        {
          "index_key": "ham",
          "schema_version": 0,
          "attributes": {
            "bread_id": "bread-rye-3",
            "description": "Sandwich ham",
            "id": "sandwich-bread-rye-3-meat-turkey-6",
            "meat_id": "meat-turkey-6",
            "name": "turkey on rye",
            "price": 5
          },
          "sensitive_attributes": [],
          "identity_schema_version": 0,
          "dependencies": [
            "hw_bread.taint_example_bread",
            "hw_meat.taint_example_meat"
          ]
        },
        {
          "index_key": "roast beef",
          "schema_version": 0,
          "attributes": {
            "bread_id": "bread-rye-3",
            "description": "Sandwich roast beef",
            "id": "sandwich-bread-rye-3-meat-turkey-6",
            "meat_id": "meat-turkey-6",
            "name": "turkey on rye",
            "price": 5
          },
          "sensitive_attributes": [],
          "identity_schema_version": 0,
          "dependencies": [
            "hw_bread.taint_example_bread",
            "hw_meat.taint_example_meat"
          ]
        },
        {
          "index_key": "turkey",
          "schema_version": 0,
          "attributes": {
            "bread_id": "bread-rye-3",
            "description": "Sandwich turkey",
            "id": "sandwich-bread-rye-3-meat-turkey-6",
            "meat_id": "meat-turkey-6",
            "name": "turkey on rye",
            "price": 5
          },
          "sensitive_attributes": [],
          "identity_schema_version": 0,
          "dependencies": [
            "hw_bread.taint_example_bread",
            "hw_meat.taint_example_meat"
          ]
        }
      ]
    },
    {
      "mode": "managed",
      "type": "hw_sandwich",
      "name": "try_complex_sandwich",
      "provider": "provider[\"registry.terraform.io/bevelwork/hashiwich\"]",
      "instances": [
        {
          "schema_version": 0,
          "attributes": {
            "bread_id": "bread-rye-3",
            "description": "Sandwich for complex logic",
            "id": "sandwich-bread-rye-3-meat-turkey-6",
            "meat_id": "meat-turkey-6",
            "name": "turkey on rye",
            "price": 5
          },
          "sensitive_attributes": [],
          "identity_schema_version": 0,
          "dependencies": [
            "hw_bread.try_complex_bread",
            "hw_meat.try_complex_meat"
          ]
        }
      ]
    },
    {
      "mode": "managed",
      "type": "hw_sandwich",
      "name": "try_complex_sandwiches",
      "provider": "provider[\"registry.terraform.io/bevelwork/hashiwich\"]",
      "instances": [
        {
          "index_key": "chicken",
          "schema_version": 0,
          "attributes": {
            "bread_id": "bread-rye-3",
            "description": "Sandwich: chicken",
            "id": "sandwich-bread-rye-3-meat-chicken-7",
            "meat_id": "meat-chicken-7",
            "name": "chicken on rye",
            "price": 5
          },
          "sensitive_attributes": [],
          "identity_schema_version": 0,
          "dependencies": [
            "hw_bread.try_complex_bread",
            "hw_meat.try_complex_meats"
          ]
        },
        {
          "index_key": "ham",
          "schema_version": 0,
          "attributes": {
            "bread_id": "bread-rye-3",
            "description": "Sandwich: ham",
            "id": "sandwich-bread-rye-3-meat-ham-3",
            "meat_id": "meat-ham-3",
            "name": "ham on rye",
            "price": 5
          },
          "sensitive_attributes": [],
          "identity_schema_version": 0,
          "dependencies": [
            "hw_bread.try_complex_bread",
            "hw_meat.try_complex_meats"
          ]
        },
        {
          "index_key": "roast beef",
          "schema_version": 0,
          "attributes": {
            "bread_id": "bread-rye-3",
            "description": "Sandwich: roast beef",
            "id": "sandwich-bread-rye-3-meat-roast beef-10",
            "meat_id": "meat-roast beef-10",
            "name": "roast beef on rye",
            "price": 5
          },
          "sensitive_attributes": [],
          "identity_schema_version": 0,
          "dependencies": [
            "hw_bread.try_complex_bread",
            "hw_meat.try_complex_meats"
          ]
        }
      ]
    },
    {
      "mode": "managed",
      "type": "hw_sandwich",
      "name": "try_env_regular",
      "provider": "provider[\"registry.terraform.io/bevelwork/hashiwich\"]",
      "instances": [
        {
          "schema_version": 0,
          "attributes": {
            "bread_id": "bread-rye-3",
            "description": null,
            "id": "sandwich-bread-rye-3-meat-turkey-6",
            "meat_id": "meat-turkey-6",
            "name": "turkey on rye",
            "price": 5
          },
          "sensitive_attributes": [],
          "identity_schema_version": 0,
          "dependencies": [
            "hw_bread.try_env_regular_bread",
            "hw_meat.try_env_regular_meat"
          ]
        }
      ]
    },
    {
      "mode": "managed",
      "type": "hw_sandwich",
      "name": "try_example",
      "provider": "provider[\"registry.terraform.io/bevelwork/hashiwich\"]",
      "instances": [
        {
          "schema_version": 0,
          "attributes": {
            "bread_id": "bread-rye-3",
            "description": null,
            "id": "sandwich-bread-rye-3-meat-turkey-6",
            "meat_id": "meat-turkey-6",
            "name": "turkey on rye",
            "price": 5
          },
          "sensitive_attributes": [],
          "identity_schema_version": 0,
          "dependencies": [
            "hw_bread.try_bread",
            "hw_meat.try_meat"
          ]
        }
      ]
    },
    {
      "mode": "managed",
      "type": "hw_sandwich",
      "name": "try_fallback_example",
      "provider": "provider[\"registry.terraform.io/bevelwork/hashiwich\"]",
      "instances": [
        {
          "schema_version": 0,
          "attributes": {
            "bread_id": "bread-rye-3",
            "description": "Sandwich for fallback example",
            "id": "sandwich-bread-rye-3-meat-turkey-6",
            "meat_id": "meat-turkey-6",
            "name": "turkey on rye",
            "price": 5
          },
          "sensitive_attributes": [],
          "identity_schema_version": 0,
          "dependencies": [
            "hw_bread.try_fallback_bread",
            "hw_meat.try_fallback_meat"
          ]
        }
      ]
    },
    {
      "mode": "managed",
      "type": "hw_sandwich",
      "name": "try_nested_sandwich",
      "provider": "provider[\"registry.terraform.io/bevelwork/hashiwich\"]",
      "instances": [
        {
          "schema_version": 0,
          "attributes": {
            "bread_id": "bread-rye-3",
            "description": "Sandwich created from order: turkey on rye",
            "id": "sandwich-bread-rye-3-meat-turkey-6",
            "meat_id": "meat-turkey-6",
            "name": "turkey on rye",
            "price": 5
          },
          "sensitive_attributes": [],
          "identity_schema_version": 0,
          "dependencies": [
            "data.hw_order.try_nested_example",
            "hw_bread.try_nested_bread",
            "hw_meat.try_nested_meat"
          ]
        }
      ]
    },
    {
      "mode": "managed",
      "type": "hw_sandwich",
      "name": "try_with_description",
      "provider": "provider[\"registry.terraform.io/bevelwork/hashiwich\"]",
      "instances": [
        {
          "schema_version": 0,
          "attributes": {
            "bread_id": "bread-rye-3",
            "description": "This sandwich has a custom description",
            "id": "sandwich-bread-rye-3-meat-turkey-6",
            "meat_id": "meat-turkey-6",
            "name": "turkey on rye",
            "price": 5
          },
          "sensitive_attributes": [],
          "identity_schema_version": 0,
          "dependencies": [
            "hw_bread.try_bread",
            "hw_meat.try_meat"
          ]
        }
      ]
    },
    {
      "mode": "managed",
      "type": "hw_sandwich",
      "name": "variable_sandwiches",
      "provider": "provider[\"registry.terraform.io/bevelwork/hashiwich\"]",
      "instances": [
        {
          "index_key": "ham",
          "schema_version": 0,
          "attributes": {
            "bread_id": "bread-rye-3",
            "description": null,
            "id": "sandwich-bread-rye-3-meat-ham-3",
            "meat_id": "meat-ham-3",
            "name": "ham on rye",
            "price": 5
          },
          "sensitive_attributes": [],
          "identity_schema_version": 0,
          "dependencies": [
            "hw_bread.variable_bread",
            "hw_meat.variable_meats"
          ]
        },
        {
          "index_key": "turkey",
          "schema_version": 0,
          "attributes": {
            "bread_id": "bread-rye-3",
            "description": null,
            "id": "sandwich-bread-rye-3-meat-turkey-6",
            "meat_id": "meat-turkey-6",
            "name": "turkey on rye",
            "price": 5
          },
          "sensitive_attributes": [],
          "identity_schema_version": 0,
          "dependencies": [
            "hw_bread.variable_bread",
            "hw_meat.variable_meats"
          ]
        }
      ]
    },
    {
      "mode": "managed",
      "type": "hw_soup",
      "name": "try_map_example",
      "provider": "provider[\"registry.terraform.io/bevelwork/hashiwich\"]",
      "instances": [
        {
          "schema_version": 0,
          "attributes": {
            "description": null,
            "id": "soup-tomato-6",
            "kind": "tomato",
            "price": 2.5,
            "temperature": "hot"
          },
          "sensitive_attributes": [],
          "identity_schema_version": 0
        }
      ]
    },
    {
      "mode": "managed",
      "type": "hw_store",
      "name": "balanced_store",
      "provider": "provider[\"registry.terraform.io/bevelwork/hashiwich\"]",
      "instances": [
        {
          "schema_version": 0,
          "attributes": {
            "chairs_id": "chairs-comfortable-11",
            "cook_ids": [
              "cook-Cook 1-6",
              "cook-Cook 2-6"
            ],
            "cost": 2620,
            "customers_per_hour": 20,
            "description": "Balanced cost and capacity store",
            "fridge_id": "fridge-medium-6",
            "id": "store-Balanced Store-14",
            "name": "Balanced Store",
            "oven_id": "oven-commercial-10",
            "tables_id": "tables-medium-6"
          },
          "sensitive_attributes": [],
          "identity_schema_version": 0,
          "dependencies": [
            "hw_chairs.balanced_chairs",
            "hw_cook.balanced_cook_1",
            "hw_cook.balanced_cook_2",
            "hw_fridge.balanced_fridge",
            "hw_oven.balanced_oven",
            "hw_tables.balanced_tables"
          ]
        }
      ]
    },
    {
      "mode": "managed",
      "type": "hw_store",
      "name": "budget_store",
      "provider": "provider[\"registry.terraform.io/bevelwork/hashiwich\"]",
      "instances": [
        {
          "schema_version": 0,
          "attributes": {
            "chairs_id": "chairs-basic-5",
            "cook_ids": [
              "cook-Cook 1-6"
            ],
            "cost": 2460,
            "customers_per_hour": 12,
            "description": "Budget-optimized store configuration",
            "fridge_id": "fridge-small-5",
            "id": "store-Budget Store-12",
            "name": "Budget Store",
            "oven_id": "oven-standard-8",
            "tables_id": "tables-small-5"
          },
          "sensitive_attributes": [],
          "identity_schema_version": 0,
          "dependencies": [
            "hw_chairs.budget_chairs",
            "hw_cook.budget_cook_1",
            "hw_fridge.budget_fridge",
            "hw_oven.budget_oven",
            "hw_tables.budget_tables"
          ]
        }
      ]
    },
    {
      "mode": "managed",
      "type": "hw_store",
      "name": "capacity_store",
      "provider": "provider[\"registry.terraform.io/bevelwork/hashiwich\"]",
      "instances": [
        {
          "schema_version": 0,
          "attributes": {
            "chairs_id": "chairs-premium-7",
            "cook_ids": [
              "cook-Cook 1-6",
              "cook-Cook 2-6"
            ],
            "cost": 2620,
            "customers_per_hour": 20,
            "description": "Maximum capacity store configuration",
            "fridge_id": "fridge-large-5",
            "id": "store-Capacity Store-14",
            "name": "Capacity Store",
            "oven_id": "oven-high-capacity-13",
            "tables_id": "tables-large-5"
          },
          "sensitive_attributes": [],
          "identity_schema_version": 0,
          "dependencies": [
            "hw_chairs.capacity_chairs",
            "hw_cook.capacity_cook_1",
            "hw_cook.capacity_cook_2",
            "hw_fridge.capacity_fridge",
            "hw_oven.capacity_oven",
            "hw_tables.capacity_tables"
          ]
        }
      ]
    },
    {
      "mode": "managed",
      "type": "hw_store",
      "name": "file_store_example",
      "provider": "provider[\"registry.terraform.io/bevelwork/hashiwich\"]",
      "instances": [
        {
          "schema_version": 0,
          "attributes": {
            "chairs_id": "chairs-comfortable-11",
            "cook_ids": [
              "cook-Default Cook-12"
            ],
            "cost": 2460,
            "customers_per_hour": 12,
            "description": null,
            "fridge_id": "fridge-medium-6",
            "id": "store-File-Based Store-16",
            "name": "File-Based Store",
            "oven_id": "oven-commercial-10",
            "tables_id": "tables-medium-6"
          },
          "sensitive_attributes": [],
          "identity_schema_version": 0,
          "dependencies": [
            "hw_chairs.file_chairs",
            "hw_cook.file_cook",
            "hw_fridge.file_fridge",
            "hw_oven.file_oven",
            "hw_tables.file_tables"
          ]
        }
      ]
    },
    {
      "mode": "managed",
      "type": "hw_store",
      "name": "json_store",
      "provider": "provider[\"registry.terraform.io/bevelwork/hashiwich\"]",
      "instances": [
        {
          "schema_version": 0,
          "attributes": {
            "chairs_id": "chairs-comfortable-11",
            "cook_ids": [
              "cook-Cook 1-6",
              "cook-Cook 2-6"
            ],
            "cost": 2620,
            "customers_per_hour": 20,
            "description": null,
            "fridge_id": "fridge-large-5",
            "id": "store-JSON Configured Store-21",
            "name": "JSON Configured Store",
            "oven_id": "oven-commercial-10",
            "tables_id": "tables-medium-6"
          },
          "sensitive_attributes": [],
          "identity_schema_version": 0,
          "dependencies": [
            "hw_chairs.json_store_chairs",
            "hw_cook.json_store_cooks",
            "hw_fridge.json_store_fridge",
            "hw_oven.json_store_oven",
            "hw_tables.json_store_tables"
          ]
        }
      ]
    },
    {
      "mode": "managed",
      "type": "hw_stroopwafel",
      "name": "try_map_example",
      "provider": "provider[\"registry.terraform.io/bevelwork/hashiwich\"]",
      "instances": [
        {
          "schema_version": 0,
          "attributes": {
            "description": null,
            "id": "stroopwafel-classic-7",
            "kind": "classic",
            "price": 1.75
          },
          "sensitive_attributes": [],
          "identity_schema_version": 0
        }
      ]
    },
    {
      "mode": "managed",
      "type": "hw_tables",
      "name": "balanced_tables",
      "provider": "provider[\"registry.terraform.io/bevelwork/hashiwich\"]",
      "instances": [
        {
          "schema_version": 0,
          "attributes": {
            "capacity": 20,
            "cost": 500,
            "description": "Medium tables for balanced configuration",
            "id": "tables-medium-6",
            "quantity": 5,
            "size": "medium"
          },
          "sensitive_attributes": [],
          "identity_schema_version": 0
        }
      ]
    },
    {
      "mode": "managed",
      "type": "hw_tables",
      "name": "budget_tables",
      "provider": "provider[\"registry.terraform.io/bevelwork/hashiwich\"]",
      "instances": [
        {
          "schema_version": 0,
          "attributes": {
            "capacity": 8,
            "cost": 200,
            "description": "Small tables for budget configuration",
            "id": "tables-small-5",
            "quantity": 4,
            "size": "small"
          },
          "sensitive_attributes": [],
          "identity_schema_version": 0
        }
      ]
    },
    {
      "mode": "managed",
      "type": "hw_tables",
      "name": "capacity_tables",
      "provider": "provider[\"registry.terraform.io/bevelwork/hashiwich\"]",
      "instances": [
        {
          "schema_version": 0,
          "attributes": {
            "capacity": 36,
            "cost": 900,
            "description": "Large tables for high capacity",
            "id": "tables-large-5",
            "quantity": 6,
            "size": "large"
          },
          "sensitive_attributes": [],
          "identity_schema_version": 0
        }
      ]
    },
    {
      "mode": "managed",
      "type": "hw_tables",
      "name": "file_tables",
      "provider": "provider[\"registry.terraform.io/bevelwork/hashiwich\"]",
      "instances": [
        {
          "schema_version": 0,
          "attributes": {
            "capacity": 40,
            "cost": 1000,
            "description": null,
            "id": "tables-medium-6",
            "quantity": 10,
            "size": "medium"
          },
          "sensitive_attributes": [],
          "identity_schema_version": 0
        }
      ]
    },
    {
      "mode": "managed",
      "type": "hw_tables",
      "name": "json_store_tables",
      "provider": "provider[\"registry.terraform.io/bevelwork/hashiwich\"]",
      "instances": [
        {
          "schema_version": 0,
          "attributes": {
            "capacity": 32,
            "cost": 800,
            "description": "Tables from JSON config",
            "id": "tables-medium-6",
            "quantity": 8,
            "size": "medium"
          },
          "sensitive_attributes": [],
          "identity_schema_version": 0
        }
      ]
    },
    {
      "mode": "managed",
      "type": "random_pet",
      "name": "pets",
      "provider": "provider[\"registry.terraform.io/hashicorp/random\"]",
      "instances": [
        {
          "index_key": 0,
          "schema_version": 0,
          "attributes": {
            "id": "concrete-grouper",
            "keepers": {
              "index": "0"
            },
            "length": 2,
            "prefix": null,
            "separator": "-"
          },
          "sensitive_attributes": [],
          "identity_schema_version": 0
        },
        {
          "index_key": 1,
          "schema_version": 0,
          "attributes": {
            "id": "enough-kangaroo",
            "keepers": {
              "index": "1"
            },
            "length": 2,
            "prefix": null,
            "separator": "-"
          },
          "sensitive_attributes": [],
          "identity_schema_version": 0
        },
        {
          "index_key": 2,
          "schema_version": 0,
          "attributes": {
            "id": "humble-roughy",
            "keepers": {
              "index": "2"
            },
            "length": 2,
            "prefix": null,
            "separator": "-"
          },
          "sensitive_attributes": [],
          "identity_schema_version": 0
        },
        {
          "index_key": 3,
          "schema_version": 0,
          "attributes": {
            "id": "modern-seagull",
            "keepers": {
              "index": "3"
            },
            "length": 2,
            "prefix": null,
            "separator": "-"
          },
          "sensitive_attributes": [],
          "identity_schema_version": 0
        },
        {
          "index_key": 4,
          "schema_version": 0,
          "attributes": {
            "id": "comic-buzzard",
            "keepers": {
              "index": "4"
            },
            "length": 2,
            "prefix": null,
            "separator": "-"
          },
          "sensitive_attributes": [],
          "identity_schema_version": 0
        },
        {
          "index_key": 5,
          "schema_version": 0,
          "attributes": {
            "id": "safe-sculpin",
            "keepers": {
              "index": "5"
            },
            "length": 2,
            "prefix": null,
            "separator": "-"
          },
          "sensitive_attributes": [],
          "identity_schema_version": 0
        },
        {
          "index_key": 6,
          "schema_version": 0,
          "attributes": {
            "id": "eternal-locust",
            "keepers": {
              "index": "6"
            },
            "length": 2,
            "prefix": null,
            "separator": "-"
          },
          "sensitive_attributes": [],
          "identity_schema_version": 0
        },
        {
          "index_key": 7,
          "schema_version": 0,
          "attributes": {
            "id": "wise-lionfish",
            "keepers": {
              "index": "7"
            },
            "length": 2,
            "prefix": null,
            "separator": "-"
          },
          "sensitive_attributes": [],
          "identity_schema_version": 0
        },
        {
          "index_key": 8,
          "schema_version": 0,
          "attributes": {
            "id": "equipped-weevil",
            "keepers": {
              "index": "8"
            },
            "length": 2,
            "prefix": null,
            "separator": "-"
          },
          "sensitive_attributes": [],
          "identity_schema_version": 0
        },
        {
          "index_key": 9,
          "schema_version": 0,
          "attributes": {
            "id": "enjoyed-gazelle",
            "keepers": {
              "index": "9"
            },
            "length": 2,
            "prefix": null,
            "separator": "-"
          },
          "sensitive_attributes": [],
          "identity_schema_version": 0
        },
        {
          "index_key": 10,
          "schema_version": 0,
          "attributes": {
            "id": "allowing-weevil",
            "keepers": {
              "index": "10"
            },
            "length": 2,
            "prefix": null,
            "separator": "-"
          },
          "sensitive_attributes": [],
          "identity_schema_version": 0
        },
        {
          "index_key": 11,
          "schema_version": 0,
          "attributes": {
            "id": "apparent-bee",
            "keepers": {
              "index": "11"
            },
            "length": 2,
            "prefix": null,
            "separator": "-"
          },
          "sensitive_attributes": [],
          "identity_schema_version": 0
        },
        {
          "index_key": 12,
          "schema_version": 0,
          "attributes": {
            "id": "civil-dinosaur",
            "keepers": {
              "index": "12"
            },
            "length": 2,
            "prefix": null,
            "separator": "-"
          },
          "sensitive_attributes": [],
          "identity_schema_version": 0
        },
        {
          "index_key": 13,
          "schema_version": 0,
          "attributes": {
            "id": "fancy-tarpon",
            "keepers": {
              "index": "13"
            },
            "length": 2,
            "prefix": null,
            "separator": "-"
          },
          "sensitive_attributes": [],
          "identity_schema_version": 0
        },
        {
          "index_key": 14,
          "schema_version": 0,
          "attributes": {
            "id": "liberal-bison",
            "keepers": {
              "index": "14"
            },
            "length": 2,
            "prefix": null,
            "separator": "-"
          },
          "sensitive_attributes": [],
          "identity_schema_version": 0
        },
        {
          "index_key": 15,
          "schema_version": 0,
          "attributes": {
            "id": "fitting-escargot",
            "keepers": {
              "index": "15"
            },
            "length": 2,
            "prefix": null,
            "separator": "-"
          },
          "sensitive_attributes": [],
          "identity_schema_version": 0
        },
        {
          "index_key": 16,
          "schema_version": 0,
          "attributes": {
            "id": "national-amoeba",
            "keepers": {
              "index": "16"
            },
            "length": 2,
            "prefix": null,
            "separator": "-"
          },
          "sensitive_attributes": [],
          "identity_schema_version": 0
        },
        {
          "index_key": 17,
          "schema_version": 0,
          "attributes": {
            "id": "proper-adder",
            "keepers": {
              "index": "17"
            },
            "length": 2,
            "prefix": null,
            "separator": "-"
          },
          "sensitive_attributes": [],
          "identity_schema_version": 0
        },
        {
          "index_key": 18,
          "schema_version": 0,
          "attributes": {
            "id": "equal-bug",
            "keepers": {
              "index": "18"
            },
            "length": 2,
            "prefix": null,
            "separator": "-"
          },
          "sensitive_attributes": [],
          "identity_schema_version": 0
        },
        {
          "index_key": 19,
          "schema_version": 0,
          "attributes": {
            "id": "trusted-possum",
            "keepers": {
              "index": "19"
            },
            "length": 2,
            "prefix": null,
            "separator": "-"
          },
          "sensitive_attributes": [],
          "identity_schema_version": 0
        },
        {
          "index_key": 20,
          "schema_version": 0,
          "attributes": {
            "id": "firm-sturgeon",
            "keepers": {
              "index": "20"
            },
            "length": 2,
            "prefix": null,
            "separator": "-"
          },
          "sensitive_attributes": [],
          "identity_schema_version": 0
        },
        {
          "index_key": 21,
          "schema_version": 0,
          "attributes": {
            "id": "living-gnu",
            "keepers": {
              "index": "21"
            },
            "length": 2,
            "prefix": null,
            "separator": "-"
          },
          "sensitive_attributes": [],
          "identity_schema_version": 0
        },
        {
          "index_key": 22,
          "schema_version": 0,
          "attributes": {
            "id": "glowing-sculpin",
            "keepers": {
              "index": "22"
            },
            "length": 2,
            "prefix": null,
            "separator": "-"
          },
          "sensitive_attributes": [],
          "identity_schema_version": 0
        },
        {
          "index_key": 23,
          "schema_version": 0,
          "attributes": {
            "id": "dominant-pangolin",
            "keepers": {
              "index": "23"
            },
            "length": 2,
            "prefix": null,
            "separator": "-"
          },
          "sensitive_attributes": [],
          "identity_schema_version": 0
        },
        {
          "index_key": 24,
          "schema_version": 0,
          "attributes": {
            "id": "humorous-crawdad",
            "keepers": {
              "index": "24"
            },
            "length": 2,
            "prefix": null,
            "separator": "-"
          },
          "sensitive_attributes": [],
          "identity_schema_version": 0
        },
        {
          "index_key": 25,
          "schema_version": 0,
          "attributes": {
            "id": "devoted-urchin",
            "keepers": {
              "index": "25"
            },
            "length": 2,
            "prefix": null,
            "separator": "-"
          },
          "sensitive_attributes": [],
          "identity_schema_version": 0
        },
        {
          "index_key": 26,
          "schema_version": 0,
          "attributes": {
            "id": "superb-zebra",
            "keepers": {
              "index": "26"
            },
            "length": 2,
            "prefix": null,
            "separator": "-"
          },
          "sensitive_attributes": [],
          "identity_schema_version": 0
        },
        {
          "index_key": 27,
          "schema_version": 0,
          "attributes": {
            "id": "neat-imp",
            "keepers": {
              "index": "27"
            },
            "length": 2,
            "prefix": null,
            "separator": "-"
          },
          "sensitive_attributes": [],
          "identity_schema_version": 0
        },
        {
          "index_key": 28,
          "schema_version": 0,
          "attributes": {
            "id": "brief-bullfrog",
            "keepers": {
              "index": "28"
            },
            "length": 2,
            "prefix": null,
            "separator": "-"
          },
          "sensitive_attributes": [],
          "identity_schema_version": 0
        },
        {
          "index_key": 29,
          "schema_version": 0,
          "attributes": {
            "id": "funny-kid",
            "keepers": {
              "index": "29"
            },
            "length": 2,
            "prefix": null,
            "separator": "-"
          },
          "sensitive_attributes": [],
          "identity_schema_version": 0
        },
        {
          "index_key": 30,
          "schema_version": 0,
          "attributes": {
            "id": "settling-kangaroo",
            "keepers": {
              "index": "30"
            },
            "length": 2,
            "prefix": null,
            "separator": "-"
          },
          "sensitive_attributes": [],
          "identity_schema_version": 0
        },
        {
          "index_key": 31,
          "schema_version": 0,
          "attributes": {
            "id": "faithful-tortoise",
            "keepers": {
              "index": "31"
            },
            "length": 2,
            "prefix": null,
            "separator": "-"
          },
          "sensitive_attributes": [],
          "identity_schema_version": 0
        },
        {
          "index_key": 32,
          "schema_version": 0,
          "attributes": {
            "id": "sweeping-quail",
            "keepers": {
              "index": "32"
            },
            "length": 2,
            "prefix": null,
            "separator": "-"
          },
          "sensitive_attributes": [],
          "identity_schema_version": 0
        },
        {
          "index_key": 33,
          "schema_version": 0,
          "attributes": {
            "id": "whole-mammal",
            "keepers": {
              "index": "33"
            },
            "length": 2,
            "prefix": null,
            "separator": "-"
          },
          "sensitive_attributes": [],
          "identity_schema_version": 0
        },
        {
          "index_key": 34,
          "schema_version": 0,
          "attributes": {
            "id": "sunny-pelican",
            "keepers": {
              "index": "34"
            },
            "length": 2,
            "prefix": null,
            "separator": "-"
          },
          "sensitive_attributes": [],
          "identity_schema_version": 0
        },
        {
          "index_key": 35,
          "schema_version": 0,
          "attributes": {
            "id": "topical-raccoon",
            "keepers": {
              "index": "35"
            },
            "length": 2,
            "prefix": null,
            "separator": "-"
          },
          "sensitive_attributes": [],
          "identity_schema_version": 0
        },
        {
          "index_key": 36,
          "schema_version": 0,
          "attributes": {
            "id": "hardy-sheepdog",
            "keepers": {
              "index": "36"
            },
            "length": 2,
            "prefix": null,
            "separator": "-"
          },
          "sensitive_attributes": [],
          "identity_schema_version": 0
        },
        {
          "index_key": 37,
          "schema_version": 0,
          "attributes": {
            "id": "sure-rat",
            "keepers": {
              "index": "37"
            },
            "length": 2,
            "prefix": null,
            "separator": "-"
          },
          "sensitive_attributes": [],
          "identity_schema_version": 0
        },
        {
          "index_key": 38,
          "schema_version": 0,
          "attributes": {
            "id": "pleased-dove",
            "keepers": {
              "index": "38"
            },
            "length": 2,
            "prefix": null,
            "separator": "-"
          },
          "sensitive_attributes": [],
          "identity_schema_version": 0
        },
        {
          "index_key": 39,
          "schema_version": 0,
          "attributes": {
            "id": "epic-redbird",
            "keepers": {
              "index": "39"
            },
            "length": 2,
            "prefix": null,
            "separator": "-"
          },
          "sensitive_attributes": [],
          "identity_schema_version": 0
        },
        {
          "index_key": 40,
          "schema_version": 0,
          "attributes": {
            "id": "pleased-joey",
            "keepers": {
              "index": "40"
            },
            "length": 2,
            "prefix": null,
            "separator": "-"
          },
          "sensitive_attributes": [],
          "identity_schema_version": 0
        },
        {
          "index_key": 41,
          "schema_version": 0,
          "attributes": {
            "id": "skilled-rat",
            "keepers": {
              "index": "41"
            },
            "length": 2,
            "prefix": null,
            "separator": "-"
          },
          "sensitive_attributes": [],
          "identity_schema_version": 0
        },
        {
          "index_key": 42,
          "schema_version": 0,
          "attributes": {
            "id": "crisp-aardvark",
            "keepers": {
              "index": "42"
            },
            "length": 2,
            "prefix": null,
            "separator": "-"
          },
          "sensitive_attributes": [],
          "identity_schema_version": 0
        },
        {
          "index_key": 43,
          "schema_version": 0,
          "attributes": {
            "id": "loyal-raccoon",
            "keepers": {
              "index": "43"
            },
            "length": 2,
            "prefix": null,
            "separator": "-"
          },
          "sensitive_attributes": [],
          "identity_schema_version": 0
        },
        {
          "index_key": 44,
          "schema_version": 0,
          "attributes": {
            "id": "tidy-flounder",
            "keepers": {
              "index": "44"
            },
            "length": 2,
            "prefix": null,
            "separator": "-"
          },
          "sensitive_attributes": [],
          "identity_schema_version": 0
        },
        {
          "index_key": 45,
          "schema_version": 0,
          "attributes": {
            "id": "magical-ram",
            "keepers": {
              "index": "45"
            },
            "length": 2,
            "prefix": null,
            "separator": "-"
          },
          "sensitive_attributes": [],
          "identity_schema_version": 0
        },
        {
          "index_key": 46,
          "schema_version": 0,
          "attributes": {
            "id": "hopeful-chipmunk",
            "keepers": {
              "index": "46"
            },
            "length": 2,
            "prefix": null,
            "separator": "-"
          },
          "sensitive_attributes": [],
          "identity_schema_version": 0
        },
        {
          "index_key": 47,
          "schema_version": 0,
          "attributes": {
            "id": "hot-ghoul",
            "keepers": {
              "index": "47"
            },
            "length": 2,
            "prefix": null,
            "separator": "-"
          },
          "sensitive_attributes": [],
          "identity_schema_version": 0
        },
        {
          "index_key": 48,
          "schema_version": 0,
          "attributes": {
            "id": "stirred-squirrel",
            "keepers": {
              "index": "48"
            },
            "length": 2,
            "prefix": null,
            "separator": "-"
          },
          "sensitive_attributes": [],
          "identity_schema_version": 0
        },
        {
          "index_key": 49,
          "schema_version": 0,
          "attributes": {
            "id": "neat-mule",
            "keepers": {
              "index": "49"
            },
            "length": 2,
            "prefix": null,
            "separator": "-"
          },
          "sensitive_attributes": [],
          "identity_schema_version": 0
        },
        {
          "index_key": 50,
          "schema_version": 0,
          "attributes": {
            "id": "unique-gelding",
            "keepers": {
              "index": "50"
            },
            "length": 2,
            "prefix": null,
            "separator": "-"
          },
          "sensitive_attributes": [],
          "identity_schema_version": 0
        },
        {
          "index_key": 51,
          "schema_version": 0,
          "attributes": {
            "id": "relaxing-stallion",
            "keepers": {
              "index": "51"
            },
            "length": 2,
            "prefix": null,
            "separator": "-"
          },
          "sensitive_attributes": [],
          "identity_schema_version": 0
        },
        {
          "index_key": 52,
          "schema_version": 0,
          "attributes": {
            "id": "warm-tick",
            "keepers": {
              "index": "52"
            },
            "length": 2,
            "prefix": null,
            "separator": "-"
          },
          "sensitive_attributes": [],
          "identity_schema_version": 0
        },
        {
          "index_key": 53,
          "schema_version": 0,
          "attributes": {
            "id": "needed-cardinal",
            "keepers": {
              "index": "53"
            },
            "length": 2,
            "prefix": null,
            "separator": "-"
          },
          "sensitive_attributes": [],
          "identity_schema_version": 0
        },
        {
          "index_key": 54,
          "schema_version": 0,
          "attributes": {
            "id": "sincere-ewe",
            "keepers": {
              "index": "54"
            },
            "length": 2,
            "prefix": null,
            "separator": "-"
          },
          "sensitive_attributes": [],
          "identity_schema_version": 0
        },
        {
          "index_key": 55,
          "schema_version": 0,
          "attributes": {
            "id": "sunny-lab",
            "keepers": {
              "index": "55"
            },
            "length": 2,
            "prefix": null,
            "separator": "-"
          },
          "sensitive_attributes": [],
          "identity_schema_version": 0
        },
        {
          "index_key": 56,
          "schema_version": 0,
          "attributes": {
            "id": "resolved-rhino",
            "keepers": {
              "index": "56"
            },
            "length": 2,
            "prefix": null,
            "separator": "-"
          },
          "sensitive_attributes": [],
          "identity_schema_version": 0
        },
        {
          "index_key": 57,
          "schema_version": 0,
          "attributes": {
            "id": "glorious-flounder",
            "keepers": {
              "index": "57"
            },
            "length": 2,
            "prefix": null,
            "separator": "-"
          },
          "sensitive_attributes": [],
          "identity_schema_version": 0
        },
        {
          "index_key": 58,
          "schema_version": 0,
          "attributes": {
            "id": "complete-orca",
            "keepers": {
              "index": "58"
            },
            "length": 2,
            "prefix": null,
            "separator": "-"
          },
          "sensitive_attributes": [],
          "identity_schema_version": 0
        },
        {
          "index_key": 59,
          "schema_version": 0,
          "attributes": {
            "id": "relieved-snapper",
            "keepers": {
              "index": "59"
            },
            "length": 2,
            "prefix": null,
            "separator": "-"
          },
          "sensitive_attributes": [],
          "identity_schema_version": 0
        },
        {
          "index_key": 60,
          "schema_version": 0,
          "attributes": {
            "id": "quality-lioness",
            "keepers": {
              "index": "60"
            },
            "length": 2,
            "prefix": null,
            "separator": "-"
          },
          "sensitive_attributes": [],
          "identity_schema_version": 0
        },
        {
          "index_key": 61,
          "schema_version": 0,
          "attributes": {
            "id": "top-heron",
            "keepers": {
              "index": "61"
            },
            "length": 2,
            "prefix": null,
            "separator": "-"
          },
          "sensitive_attributes": [],
          "identity_schema_version": 0
        },
        {
          "index_key": 62,
          "schema_version": 0,
          "attributes": {
            "id": "neutral-yeti",
            "keepers": {
              "index": "62"
            },
            "length": 2,
            "prefix": null,
            "separator": "-"
          },
          "sensitive_attributes": [],
          "identity_schema_version": 0
        },
        {
          "index_key": 63,
          "schema_version": 0,
          "attributes": {
            "id": "precise-ape",
            "keepers": {
              "index": "63"
            },
            "length": 2,
            "prefix": null,
            "separator": "-"
          },
          "sensitive_attributes": [],
          "identity_schema_version": 0
        },
        {
          "index_key": 64,
          "schema_version": 0,
          "attributes": {
            "id": "selected-pipefish",
            "keepers": {
              "index": "64"
            },
            "length": 2,
            "prefix": null,
            "separator": "-"
          },
          "sensitive_attributes": [],
          "identity_schema_version": 0
        },
        {
          "index_key": 65,
          "schema_version": 0,
          "attributes": {
            "id": "proven-llama",
            "keepers": {
              "index": "65"
            },
            "length": 2,
            "prefix": null,
            "separator": "-"
          },
          "sensitive_attributes": [],
          "identity_schema_version": 0
        },
        {
          "index_key": 66,
          "schema_version": 0,
          "attributes": {
            "id": "natural-platypus",
            "keepers": {
              "index": "66"
            },
            "length": 2,
            "prefix": null,
            "separator": "-"
          },
          "sensitive_attributes": [],
          "identity_schema_version": 0
        },
        {
          "index_key": 67,
          "schema_version": 0,
          "attributes": {
            "id": "knowing-gobbler",
            "keepers": {
              "index": "67"
            },
            "length": 2,
            "prefix": null,
            "separator": "-"
          },
          "sensitive_attributes": [],
          "identity_schema_version": 0
        },
        {
          "index_key": 68,
          "schema_version": 0,
          "attributes": {
            "id": "prompt-ringtail",
            "keepers": {
              "index": "68"
            },
            "length": 2,
            "prefix": null,
            "separator": "-"
          },
          "sensitive_attributes": [],
          "identity_schema_version": 0
        },
        {
          "index_key": 69,
          "schema_version": 0,
          "attributes": {
            "id": "concrete-possum",
            "keepers": {
              "index": "69"
            },
            "length": 2,
            "prefix": null,
            "separator": "-"
          },
          "sensitive_attributes": [],
          "identity_schema_version": 0
        },
        {
          "index_key": 70,
          "schema_version": 0,
          "attributes": {
            "id": "communal-badger",
            "keepers": {
              "index": "70"
            },
            "length": 2,
            "prefix": null,
            "separator": "-"
          },
          "sensitive_attributes": [],
          "identity_schema_version": 0
        },
        {
          "index_key": 71,
          "schema_version": 0,
          "attributes": {
            "id": "golden-meerkat",
            "keepers": {
              "index": "71"
            },
            "length": 2,
            "prefix": null,
            "separator": "-"
          },
          "sensitive_attributes": [],
          "identity_schema_version": 0
        },
        {
          "index_key": 72,
          "schema_version": 0,
          "attributes": {
            "id": "many-monster",
            "keepers": {
              "index": "72"
            },
            "length": 2,
            "prefix": null,
            "separator": "-"
          },
          "sensitive_attributes": [],
          "identity_schema_version": 0
        },
        {
          "index_key": 73,
          "schema_version": 0,
          "attributes": {
            "id": "witty-vulture",
            "keepers": {
              "index": "73"
            },
            "length": 2,
            "prefix": null,
            "separator": "-"
          },
          "sensitive_attributes": [],
          "identity_schema_version": 0
        },
        {
          "index_key": 74,
          "schema_version": 0,
          "attributes": {
            "id": "growing-polecat",
            "keepers": {
              "index": "74"
            },
            "length": 2,
            "prefix": null,
            "separator": "-"
          },
          "sensitive_attributes": [],
          "identity_schema_version": 0
        },
        {
          "index_key": 75,
          "schema_version": 0,
          "attributes": {
            "id": "magnetic-wildcat",
            "keepers": {
              "index": "75"
            },
            "length": 2,
            "prefix": null,
            "separator": "-"
          },
          "sensitive_attributes": [],
          "identity_schema_version": 0
        },
        {
          "index_key": 76,
          "schema_version": 0,
          "attributes": {
            "id": "legible-thrush",
            "keepers": {
              "index": "76"
            },
            "length": 2,
            "prefix": null,
            "separator": "-"
          },
          "sensitive_attributes": [],
          "identity_schema_version": 0
        },
        {
          "index_key": 77,
          "schema_version": 0,
          "attributes": {
            "id": "rich-racer",
            "keepers": {
              "index": "77"
            },
            "length": 2,
            "prefix": null,
            "separator": "-"
          },
          "sensitive_attributes": [],
          "identity_schema_version": 0
        },
        {
          "index_key": 78,
          "schema_version": 0,
          "attributes": {
            "id": "topical-minnow",
            "keepers": {
              "index": "78"
            },
            "length": 2,
            "prefix": null,
            "separator": "-"
          },
          "sensitive_attributes": [],
          "identity_schema_version": 0
        },
        {
          "index_key": 79,
          "schema_version": 0,
          "attributes": {
            "id": "growing-bobcat",
            "keepers": {
              "index": "79"
            },
            "length": 2,
            "prefix": null,
            "separator": "-"
          },
          "sensitive_attributes": [],
          "identity_schema_version": 0
        },
        {
          "index_key": 80,
          "schema_version": 0,
          "attributes": {
            "id": "careful-muskox",
            "keepers": {
              "index": "80"
            },
            "length": 2,
            "prefix": null,
            "separator": "-"
          },
          "sensitive_attributes": [],
          "identity_schema_version": 0
        },
        {
          "index_key": 81,
          "schema_version": 0,
          "attributes": {
            "id": "fluent-weasel",
            "keepers": {
              "index": "81"
            },
            "length": 2,
            "prefix": null,
            "separator": "-"
          },
          "sensitive_attributes": [],
          "identity_schema_version": 0
        },
        {
          "index_key": 82,
          "schema_version": 0,
          "attributes": {
            "id": "master-penguin",
            "keepers": {
              "index": "82"
            },
            "length": 2,
            "prefix": null,
            "separator": "-"
          },
          "sensitive_attributes": [],
          "identity_schema_version": 0
        },
        {
          "index_key": 83,
          "schema_version": 0,
          "attributes": {
            "id": "engaged-tiger",
            "keepers": {
              "index": "83"
            },
            "length": 2,
            "prefix": null,
            "separator": "-"
          },
          "sensitive_attributes": [],
          "identity_schema_version": 0
        },
        {
          "index_key": 84,
          "schema_version": 0,
          "attributes": {
            "id": "rational-dane",
            "keepers": {
              "index": "84"
            },
            "length": 2,
            "prefix": null,
            "separator": "-"
          },
          "sensitive_attributes": [],
          "identity_schema_version": 0
        },
        {
          "index_key": 85,
          "schema_version": 0,
          "attributes": {
            "id": "becoming-toad",
            "keepers": {
              "index": "85"
            },
            "length": 2,
            "prefix": null,
            "separator": "-"
          },
          "sensitive_attributes": [],
          "identity_schema_version": 0
        },
        {
          "index_key": 86,
          "schema_version": 0,
          "attributes": {
            "id": "prompt-beagle",
            "keepers": {
              "index": "86"
            },
            "length": 2,
            "prefix": null,
            "separator": "-"
          },
          "sensitive_attributes": [],
          "identity_schema_version": 0
        },
        {
          "index_key": 87,
          "schema_version": 0,
          "attributes": {
            "id": "refined-iguana",
            "keepers": {
              "index": "87"
            },
            "length": 2,
            "prefix": null,
            "separator": "-"
          },
          "sensitive_attributes": [],
          "identity_schema_version": 0
        },
        {
          "index_key": 88,
          "schema_version": 0,
          "attributes": {
            "id": "shining-gecko",
            "keepers": {
              "index": "88"
            },
            "length": 2,
            "prefix": null,
            "separator": "-"
          },
          "sensitive_attributes": [],
          "identity_schema_version": 0
        },
        {
          "index_key": 89,
          "schema_version": 0,
          "attributes": {
            "id": "grateful-goldfish",
            "keepers": {
              "index": "89"
            },
            "length": 2,
            "prefix": null,
            "separator": "-"
          },
          "sensitive_attributes": [],
          "identity_schema_version": 0
        },
        {
          "index_key": 90,
          "schema_version": 0,
          "attributes": {
            "id": "knowing-muskrat",
            "keepers": {
              "index": "90"
            },
            "length": 2,
            "prefix": null,
            "separator": "-"
          },
          "sensitive_attributes": [],
          "identity_schema_version": 0
        },
        {
          "index_key": 91,
          "schema_version": 0,
          "attributes": {
            "id": "feasible-cod",
            "keepers": {
              "index": "91"
            },
            "length": 2,
            "prefix": null,
            "separator": "-"
          },
          "sensitive_attributes": [],
          "identity_schema_version": 0
        },
        {
          "index_key": 92,
          "schema_version": 0,
          "attributes": {
            "id": "model-ant",
            "keepers": {
              "index": "92"
            },
            "length": 2,
            "prefix": null,
            "separator": "-"
          },
          "sensitive_attributes": [],
          "identity_schema_version": 0
        },
        {
          "index_key": 93,
          "schema_version": 0,
          "attributes": {
            "id": "caring-penguin",
            "keepers": {
              "index": "93"
            },
            "length": 2,
            "prefix": null,
            "separator": "-"
          },
          "sensitive_attributes": [],
          "identity_schema_version": 0
        },
        {
          "index_key": 94,
          "schema_version": 0,
          "attributes": {
            "id": "delicate-tetra",
            "keepers": {
              "index": "94"
            },
            "length": 2,
            "prefix": null,
            "separator": "-"
          },
          "sensitive_attributes": [],
          "identity_schema_version": 0
        },
        {
          "index_key": 95,
          "schema_version": 0,
          "attributes": {
            "id": "glorious-tapir",
            "keepers": {
              "index": "95"
            },
            "length": 2,
            "prefix": null,
            "separator": "-"
          },
          "sensitive_attributes": [],
          "identity_schema_version": 0
        },
        {
          "index_key": 96,
          "schema_version": 0,
          "attributes": {
            "id": "intense-guinea",
            "keepers": {
              "index": "96"
            },
            "length": 2,
            "prefix": null,
            "separator": "-"
          },
          "sensitive_attributes": [],
          "identity_schema_version": 0
        },
        {
          "index_key": 97,
          "schema_version": 0,
          "attributes": {
            "id": "stirring-bobcat",
            "keepers": {
              "index": "97"
            },
            "length": 2,
            "prefix": null,
            "separator": "-"
          },
          "sensitive_attributes": [],
          "identity_schema_version": 0
        },
        {
          "index_key": 98,
          "schema_version": 0,
          "attributes": {
            "id": "glowing-doe",
            "keepers": {
              "index": "98"
            },
            "length": 2,
            "prefix": null,
            "separator": "-"
          },
          "sensitive_attributes": [],
          "identity_schema_version": 0
        },
        {
          "index_key": 99,
          "schema_version": 0,
          "attributes": {
            "id": "star-silkworm",
            "keepers": {
              "index": "99"
            },
            "length": 2,
            "prefix": null,
            "separator": "-"
          },
          "sensitive_attributes": [],
          "identity_schema_version": 0
        }
      ]
    },
    {
      "module": "module.party_pack",
      "mode": "data",
      "type": "hw_menu",
      "name": "party_pack_menu",
      "provider": "provider[\"registry.terraform.io/bevelwork/hashiwich\"]",
      "instances": [
        {
          "schema_version": 0,
          "attributes": {
            "id": "menu",
            "prices": {
              "brownie": 2,
              "cookie": 1.5,
              "cracker": 0.5,
              "dogtreat_large": 2,
              "dogtreat_small": 1,
              "drink": 1,
              "napkin": 0.25,
              "salad": 4,
              "sandwich": 5,
              "silverware": 1,
              "soup": 2.5,
              "stroopwafel": 1.75
            }
          },
          "sensitive_attributes": [],
          "identity_schema_version": 0
        }
      ]
    },
    {
      "module": "module.party_pack",
      "mode": "managed",
      "type": "hw_bread",
      "name": "party_pack_bread",
      "provider": "provider[\"registry.terraform.io/bevelwork/hashiwich\"]",
      "instances": [
        {
          "schema_version": 0,
          "attributes": {
            "description": "Bread for party pack sandwiches",
            "id": "bread-rye-3",
            "kind": "rye"
          },
          "sensitive_attributes": [],
          "identity_schema_version": 0
        }
      ]
    },
    {
      "module": "module.party_pack",
      "mode": "managed",
      "type": "hw_brownie",
      "name": "party_pack",
      "provider": "provider[\"registry.terraform.io/bevelwork/hashiwich\"]",
      "instances": [
        {
          "index_key": "brownie",
          "schema_version": 0,
          "attributes": {
            "description": "Party pack brownie",
            "id": "brownie-fudge-5",
            "kind": "fudge",
            "price": 2
          },
          "sensitive_attributes": [],
          "identity_schema_version": 0
        }
      ]
    },
    {
      "module": "module.party_pack",
      "mode": "managed",
      "type": "hw_cookie",
      "name": "party_pack",
      "provider": "provider[\"registry.terraform.io/bevelwork/hashiwich\"]",
      "instances": [
        {
          "index_key": "cookie",
          "schema_version": 0,
          "attributes": {
            "description": "Party pack cookie",
            "id": "cookie-chocolate chip-14",
            "kind": "chocolate chip",
            "price": 1.5
          },
          "sensitive_attributes": [],
          "identity_schema_version": 0
        }
      ]
    },
    {
      "module": "module.party_pack",
      "mode": "managed",
      "type": "hw_drink",
      "name": "party_pack_drinks",
      "provider": "provider[\"registry.terraform.io/bevelwork/hashiwich\"]",
      "instances": [
        {
          "index_key": 0,
          "schema_version": 0,
          "attributes": {
            "description": "Party pack drink #1",
            "ice": [
              {
                "lots": true,
                "max": false,
                "some": false
              }
            ],
            "id": "drink-cola-4",
            "kind": "cola",
            "price": 1
          },
          "sensitive_attributes": [],
          "identity_schema_version": 0
        },
        {
          "index_key": 1,
          "schema_version": 0,
          "attributes": {
            "description": "Party pack drink #2",
            "ice": [
              {
                "lots": true,
                "max": false,
                "some": false
              }
            ],
            "id": "drink-cola-4",
            "kind": "cola",
            "price": 1
          },
          "sensitive_attributes": [],
          "identity_schema_version": 0
        },
        {
          "index_key": 2,
          "schema_version": 0,
          "attributes": {
            "description": "Party pack drink #3",
            "ice": [
              {
                "lots": true,
                "max": false,
                "some": false
              }
            ],
            "id": "drink-cola-4",
            "kind": "cola",
            "price": 1
          },
          "sensitive_attributes": [],
          "identity_schema_version": 0
        },
        {
          "index_key": 3,
          "schema_version": 0,
          "attributes": {
            "description": "Party pack drink #4",
            "ice": [
              {
                "lots": true,
                "max": false,
                "some": false
              }
            ],
            "id": "drink-cola-4",
            "kind": "cola",
            "price": 1
          },
          "sensitive_attributes": [],
          "identity_schema_version": 0
        },
        {
          "index_key": 4,
          "schema_version": 0,
          "attributes": {
            "description": "Party pack drink #5",
            "ice": [
              {
                "lots": true,
                "max": false,
                "some": false
              }
            ],
            "id": "drink-cola-4",
            "kind": "cola",
            "price": 1
          },
          "sensitive_attributes": [],
          "identity_schema_version": 0
        },
        {
          "index_key": 5,
          "schema_version": 0,
          "attributes": {
            "description": "Party pack drink #6",
            "ice": [
              {
                "lots": true,
                "max": false,
                "some": false
              }
            ],
            "id": "drink-cola-4",
            "kind": "cola",
            "price": 1
          },
          "sensitive_attributes": [],
          "identity_schema_version": 0
        },
        {
          "index_key": 6,
          "schema_version": 0,
          "attributes": {
            "description": "Party pack drink #7",
            "ice": [
              {
                "lots": true,
                "max": false,
                "some": false
              }
            ],
            "id": "drink-cola-4",
            "kind": "cola",
            "price": 1
          },
          "sensitive_attributes": [],
          "identity_schema_version": 0
        },
        {
          "index_key": 7,
          "schema_version": 0,
          "attributes": {
            "description": "Party pack drink #8",
            "ice": [
              {
                "lots": true,
                "max": false,
                "some": false
              }
            ],
            "id": "drink-cola-4",
            "kind": "cola",
            "price": 1
          },
          "sensitive_attributes": [],
          "identity_schema_version": 0
        },
        {
          "index_key": 8,
          "schema_version": 0,
          "attributes": {
            "description": "Party pack drink #9",
            "ice": [
              {
                "lots": true,
                "max": false,
                "some": false
              }
            ],
            "id": "drink-cola-4",
            "kind": "cola",
            "price": 1
          },
          "sensitive_attributes": [],
          "identity_schema_version": 0
        },
        {
          "index_key": 9,
          "schema_version": 0,
          "attributes": {
            "description": "Party pack drink #10",
            "ice": [
              {
                "lots": true,
                "max": false,
                "some": false
              }
            ],
            "id": "drink-cola-4",
            "kind": "cola",
            "price": 1
          },
          "sensitive_attributes": [],
          "identity_schema_version": 0
        }
      ]
    },
    {
      "module": "module.party_pack",
      "mode": "managed",
      "type": "hw_meat",
      "name": "party_pack_meat",
      "provider": "provider[\"registry.terraform.io/bevelwork/hashiwich\"]",
      "instances": [
        {
          "schema_version": 0,
          "attributes": {
            "description": "Meat for party pack sandwiches",
            "id": "meat-turkey-6",
            "kind": "turkey"
          },
          "sensitive_attributes": [],
          "identity_schema_version": 0
        }
      ]
    },
    {
      "module": "module.party_pack",
      "mode": "managed",
      "type": "hw_napkin",
      "name": "party_pack",
      "provider": "provider[\"registry.terraform.io/bevelwork/hashiwich\"]",
      "instances": [
        {
          "index_key": 0,
          "schema_version": 0,
          "attributes": {
            "description": "Napkins for party pack",
            "id": "napkin-qty-25",
            "price": 6.25,
            "quantity": 25
          },
          "sensitive_attributes": [],
          "identity_schema_version": 0
        }
      ]
    },
    {
      "module": "module.party_pack",
      "mode": "managed",
      "type": "hw_salad",
      "name": "party_pack",
      "provider": "provider[\"registry.terraform.io/bevelwork/hashiwich\"]",
      "instances": [
        {
          "index_key": "salad",
          "schema_version": 0,
          "attributes": {
            "description": "Party pack salad",
            "dressing": "caesar",
            "id": "salad-caesar-6",
            "kind": "caesar",
            "price": 4,
            "size": "medium"
          },
          "sensitive_attributes": [],
          "identity_schema_version": 0
        }
      ]
    },
    {
      "module": "module.party_pack",
      "mode": "managed",
      "type": "hw_sandwich",
      "name": "party_pack_sandwiches",
      "provider": "provider[\"registry.terraform.io/bevelwork/hashiwich\"]",
      "instances": [
        {
          "index_key": 0,
          "schema_version": 0,
          "attributes": {
            "bread_id": "bread-rye-3",
            "description": "Party pack sandwich #1",
            "id": "sandwich-bread-rye-3-meat-turkey-6",
            "meat_id": "meat-turkey-6",
            "name": "turkey on rye",
            "price": 5
          },
          "sensitive_attributes": [],
          "identity_schema_version": 0,
          "dependencies": [
            "module.party_pack.hw_bread.party_pack_bread",
            "module.party_pack.hw_meat.party_pack_meat"
          ]
        },
        {
          "index_key": 1,
          "schema_version": 0,
          "attributes": {
            "bread_id": "bread-rye-3",
            "description": "Party pack sandwich #2",
            "id": "sandwich-bread-rye-3-meat-turkey-6",
            "meat_id": "meat-turkey-6",
            "name": "turkey on rye",
            "price": 5
          },
          "sensitive_attributes": [],
          "identity_schema_version": 0,
          "dependencies": [
            "module.party_pack.hw_bread.party_pack_bread",
            "module.party_pack.hw_meat.party_pack_meat"
          ]
        },
        {
          "index_key": 2,
          "schema_version": 0,
          "attributes": {
            "bread_id": "bread-rye-3",
            "description": "Party pack sandwich #3",
            "id": "sandwich-bread-rye-3-meat-turkey-6",
            "meat_id": "meat-turkey-6",
            "name": "turkey on rye",
            "price": 5
          },
          "sensitive_attributes": [],
          "identity_schema_version": 0,
          "dependencies": [
            "module.party_pack.hw_bread.party_pack_bread",
            "module.party_pack.hw_meat.party_pack_meat"
          ]
        },
        {
          "index_key": 3,
          "schema_version": 0,
          "attributes": {
            "bread_id": "bread-rye-3",
            "description": "Party pack sandwich #4",
            "id": "sandwich-bread-rye-3-meat-turkey-6",
            "meat_id": "meat-turkey-6",
            "name": "turkey on rye",
            "price": 5
          },
          "sensitive_attributes": [],
          "identity_schema_version": 0,
          "dependencies": [
            "module.party_pack.hw_bread.party_pack_bread",
            "module.party_pack.hw_meat.party_pack_meat"
          ]
        },
        {
          "index_key": 4,
          "schema_version": 0,
          "attributes": {
            "bread_id": "bread-rye-3",
            "description": "Party pack sandwich #5",
            "id": "sandwich-bread-rye-3-meat-turkey-6",
            "meat_id": "meat-turkey-6",
            "name": "turkey on rye",
            "price": 5
          },
          "sensitive_attributes": [],
          "identity_schema_version": 0,
          "dependencies": [
            "module.party_pack.hw_bread.party_pack_bread",
            "module.party_pack.hw_meat.party_pack_meat"
          ]
        },
        {
          "index_key": 5,
          "schema_version": 0,
          "attributes": {
            "bread_id": "bread-rye-3",
            "description": "Party pack sandwich #6",
            "id": "sandwich-bread-rye-3-meat-turkey-6",
            "meat_id": "meat-turkey-6",
            "name": "turkey on rye",
            "price": 5
          },
          "sensitive_attributes": [],
          "identity_schema_version": 0,
          "dependencies": [
            "module.party_pack.hw_bread.party_pack_bread",
            "module.party_pack.hw_meat.party_pack_meat"
          ]
        },
        {
          "index_key": 6,
          "schema_version": 0,
          "attributes": {
            "bread_id": "bread-rye-3",
            "description": "Party pack sandwich #7",
            "id": "sandwich-bread-rye-3-meat-turkey-6",
            "meat_id": "meat-turkey-6",
            "name": "turkey on rye",
            "price": 5
          },
          "sensitive_attributes": [],
          "identity_schema_version": 0,
          "dependencies": [
            "module.party_pack.hw_bread.party_pack_bread",
            "module.party_pack.hw_meat.party_pack_meat"
          ]
        },
        {
          "index_key": 7,
          "schema_version": 0,
          "attributes": {
            "bread_id": "bread-rye-3",
            "description": "Party pack sandwich #8",
            "id": "sandwich-bread-rye-3-meat-turkey-6",
            "meat_id": "meat-turkey-6",
            "name": "turkey on rye",
            "price": 5
          },
          "sensitive_attributes": [],
          "identity_schema_version": 0,
          "dependencies": [
            "module.party_pack.hw_bread.party_pack_bread",
            "module.party_pack.hw_meat.party_pack_meat"
          ]
        },
        {
          "index_key": 8,
          "schema_version": 0,
          "attributes": {
            "bread_id": "bread-rye-3",
            "description": "Party pack sandwich #9",
            "id": "sandwich-bread-rye-3-meat-turkey-6",
            "meat_id": "meat-turkey-6",
            "name": "turkey on rye",
            "price": 5
          },
          "sensitive_attributes": [],
          "identity_schema_version": 0,
          "dependencies": [
            "module.party_pack.hw_bread.party_pack_bread",
            "module.party_pack.hw_meat.party_pack_meat"
          ]
        },
        {
          "index_key": 9,
          "schema_version": 0,
          "attributes": {
            "bread_id": "bread-rye-3",
            "description": "Party pack sandwich #10",
            "id": "sandwich-bread-rye-3-meat-turkey-6",
            "meat_id": "meat-turkey-6",
            "name": "turkey on rye",
            "price": 5
          },
          "sensitive_attributes": [],
          "identity_schema_version": 0,
          "dependencies": [
            "module.party_pack.hw_bread.party_pack_bread",
            "module.party_pack.hw_meat.party_pack_meat"
          ]
        }
      ]
    },
    {
      "module": "module.party_pack",
      "mode": "managed",
      "type": "hw_soup",
      "name": "party_pack",
      "provider": "provider[\"registry.terraform.io/bevelwork/hashiwich\"]",
      "instances": [
        {
          "index_key": "soup",
          "schema_version": 0,
          "attributes": {
            "description": "Party pack soup",
            "id": "soup-tomato-6",
            "kind": "tomato",
            "price": 2.5,
            "temperature": "hot"
          },
          "sensitive_attributes": [],
          "identity_schema_version": 0
        }
      ]
    }
  ],
  "check_results": [
    {
      "object_kind": "var",
      "config_addr": "var.sandwich_count",
      "status": "pass",
      "objects": [
        {
          "object_addr": "var.sandwich_count",
          "status": "pass"
        }
      ]
    },
    {
      "object_kind": "resource",
      "config_addr": "hw_bag.example",
      "status": "pass",
      "objects": [
        {
          "object_addr": "hw_bag.example",
          "status": "pass"
        }
      ]
    }
  ]
}
